Microsoft Visual Studio Solution File, Format Version 8.00
Project("{8BC9CEB8-8B4A-11D0-8D11-00A0C91BC942}") = "AdditionalDeveloperLibs", "ALL\AdditionalDeveloperLibs\AdditionalDeveloperLibs.vcproj", "{3E2923B7-4AC7-4EDF-B077-1A22898188A2}"
	ProjectSection(ProjectDependencies) = postProject
		{4AC360E2-02B3-4C69-A4FD-36DAEDE93E28} = {4AC360E2-02B3-4C69-A4FD-36DAEDE93E28}
		{E2460985-7AAE-44F7-8644-CE521AF46E82} = {E2460985-7AAE-44F7-8644-CE521AF46E82}
		{6753E9FA-D6A2-44FC-A6CE-19732E0B7646} = {6753E9FA-D6A2-44FC-A6CE-19732E0B7646}
		{FCFC957C-9E4A-4E73-B85C-989A7102F6B6} = {FCFC957C-9E4A-4E73-B85C-989A7102F6B6}
		{A3A6F37E-CF2C-4540-93F0-E7277D500A68} = {A3A6F37E-CF2C-4540-93F0-E7277D500A68}
		{02CE70ED-43AE-44A1-B870-345D692678A8} = {02CE70ED-43AE-44A1-B870-345D692678A8}
		{77A9B42F-158B-4846-98F4-D10A94C930C7} = {77A9B42F-158B-4846-98F4-D10A94C930C7}
		{91DFA4F9-1241-4302-940C-5FCE5B271CE1} = {91DFA4F9-1241-4302-940C-5FCE5B271CE1}
		{535E9659-A26B-433A-9D4F-6BAE2A531459} = {535E9659-A26B-433A-9D4F-6BAE2A531459}
	EndProjectSection
EndProject
Project("{8BC9CEB8-8B4A-11D0-8D11-00A0C91BC942}") = "All", "All\All.vcproj", "{FEBA469B-1232-4D2C-995B-246022A6DE2A}"
	ProjectSection(ProjectDependencies) = postProject
		{879E8E80-CB2F-4994-928D-C754F92252EB} = {879E8E80-CB2F-4994-928D-C754F92252EB}
		{91DFA4F9-1241-4302-940C-5FCE5B271CE1} = {91DFA4F9-1241-4302-940C-5FCE5B271CE1}
		{535E9659-A26B-433A-9D4F-6BAE2A531459} = {535E9659-A26B-433A-9D4F-6BAE2A531459}
		{4C5F20B4-EA34-40FE-9513-36443A290F9D} = {4C5F20B4-EA34-40FE-9513-36443A290F9D}
		{11802888-1A40-410C-BE07-8AB791CA844C} = {11802888-1A40-410C-BE07-8AB791CA844C}
		{B10CA403-004B-4C25-989E-D5E855DF167B} = {B10CA403-004B-4C25-989E-D5E855DF167B}
		{6753E9FA-D6A2-44FC-A6CE-19732E0B7646} = {6753E9FA-D6A2-44FC-A6CE-19732E0B7646}
		{FCFC957C-9E4A-4E73-B85C-989A7102F6B6} = {FCFC957C-9E4A-4E73-B85C-989A7102F6B6}
		{05F2D8C8-6308-4AE7-994C-AEE4E4C12145} = {05F2D8C8-6308-4AE7-994C-AEE4E4C12145}
		{4AC360E2-02B3-4C69-A4FD-36DAEDE93E28} = {4AC360E2-02B3-4C69-A4FD-36DAEDE93E28}
		{F08171B8-A7F6-4249-8494-C7FCFEF44A01} = {F08171B8-A7F6-4249-8494-C7FCFEF44A01}
		{5CF846E7-2B72-4F41-9B0F-12BA395D1393} = {5CF846E7-2B72-4F41-9B0F-12BA395D1393}
		{2066C649-4612-4551-9136-FF39C07D5968} = {2066C649-4612-4551-9136-FF39C07D5968}
		{8899C0A3-A97C-4F41-9910-4D0C518BBF2D} = {8899C0A3-A97C-4F41-9910-4D0C518BBF2D}
		{D70517C2-DB02-4B73-927E-70607E73F0AE} = {D70517C2-DB02-4B73-927E-70607E73F0AE}
		{77A9B42F-158B-4846-98F4-D10A94C930C7} = {77A9B42F-158B-4846-98F4-D10A94C930C7}
		{E82882EA-1F07-454A-ABE7-7229B0DD8870} = {E82882EA-1F07-454A-ABE7-7229B0DD8870}
		{FFBD46F1-19E3-4496-8DF3-186FB2F6B9A7} = {FFBD46F1-19E3-4496-8DF3-186FB2F6B9A7}
		{AAD0812A-7B9C-4B89-9FFB-96418CBFC14B} = {AAD0812A-7B9C-4B89-9FFB-96418CBFC14B}
		{4AF1A3D8-7660-4A80-A124-3CDD3BB2996E} = {4AF1A3D8-7660-4A80-A124-3CDD3BB2996E}
		{F537EC4E-41C9-4506-A0CD-C49FA0B579DE} = {F537EC4E-41C9-4506-A0CD-C49FA0B579DE}
		{A900E575-1565-45E8-A0E1-1DFCD2D47E05} = {A900E575-1565-45E8-A0E1-1DFCD2D47E05}
		{A3A6F37E-CF2C-4540-93F0-E7277D500A68} = {A3A6F37E-CF2C-4540-93F0-E7277D500A68}
		{02CE70ED-43AE-44A1-B870-345D692678A8} = {02CE70ED-43AE-44A1-B870-345D692678A8}
		{E2460985-7AAE-44F7-8644-CE521AF46E82} = {E2460985-7AAE-44F7-8644-CE521AF46E82}
		{8A1F1952-565C-47C7-A661-CBFBD2CD936A} = {8A1F1952-565C-47C7-A661-CBFBD2CD936A}
	EndProjectSection
EndProject
Project("{8BC9CEB8-8B4A-11D0-8D11-00A0C91BC942}") = "Shaders", "Shaders\shaders.vcproj", "{A900E575-1565-45E8-A0E1-1DFCD2D47E05}"
	ProjectSection(ProjectDependencies) = postProject
		{11802888-1A40-410C-BE07-8AB791CA844C} = {11802888-1A40-410C-BE07-8AB791CA844C}
		{F537EC4E-41C9-4506-A0CD-C49FA0B579DE} = {F537EC4E-41C9-4506-A0CD-C49FA0B579DE}
	EndProjectSection
EndProject
Project("{8BC9CEB8-8B4A-11D0-8D11-00A0C91BC942}") = "aqsis", "aqsis\aqsis.vcproj", "{8A1F1952-565C-47C7-A661-CBFBD2CD936A}"
	ProjectSection(ProjectDependencies) = postProject
		{34365DA4-8275-474A-A216-E3775B6681AD} = {34365DA4-8275-474A-A216-E3775B6681AD}
		{98771100-D18A-44E4-B690-76D1352F4EFD} = {98771100-D18A-44E4-B690-76D1352F4EFD}
		{91DFA4F9-1241-4302-940C-5FCE5B271CE1} = {91DFA4F9-1241-4302-940C-5FCE5B271CE1}
		{4AF1A3D8-7660-4A80-A124-3CDD3BB2996E} = {4AF1A3D8-7660-4A80-A124-3CDD3BB2996E}
	EndProjectSection
EndProject
Project("{8BC9CEB8-8B4A-11D0-8D11-00A0C91BC942}") = "aqsl", "aqsl\aqsl.vcproj", "{11802888-1A40-410C-BE07-8AB791CA844C}"
	ProjectSection(ProjectDependencies) = postProject
		{535E9659-A26B-433A-9D4F-6BAE2A531459} = {535E9659-A26B-433A-9D4F-6BAE2A531459}
		{91DFA4F9-1241-4302-940C-5FCE5B271CE1} = {91DFA4F9-1241-4302-940C-5FCE5B271CE1}
		{879E8E80-CB2F-4994-928D-C754F92252EB} = {879E8E80-CB2F-4994-928D-C754F92252EB}
		{E2460985-7AAE-44F7-8644-CE521AF46E82} = {E2460985-7AAE-44F7-8644-CE521AF46E82}
		{AAD0812A-7B9C-4B89-9FFB-96418CBFC14B} = {AAD0812A-7B9C-4B89-9FFB-96418CBFC14B}
		{F537EC4E-41C9-4506-A0CD-C49FA0B579DE} = {F537EC4E-41C9-4506-A0CD-C49FA0B579DE}
	EndProjectSection
EndProject
Project("{8BC9CEB8-8B4A-11D0-8D11-00A0C91BC942}") = "aqsltell", "aqsltell\aqsltell.vcproj", "{05F2D8C8-6308-4AE7-994C-AEE4E4C12145}"
	ProjectSection(ProjectDependencies) = postProject
		{6753E9FA-D6A2-44FC-A6CE-19732E0B7646} = {6753E9FA-D6A2-44FC-A6CE-19732E0B7646}
		{FCFC957C-9E4A-4E73-B85C-989A7102F6B6} = {FCFC957C-9E4A-4E73-B85C-989A7102F6B6}
		{535E9659-A26B-433A-9D4F-6BAE2A531459} = {535E9659-A26B-433A-9D4F-6BAE2A531459}
		{91DFA4F9-1241-4302-940C-5FCE5B271CE1} = {91DFA4F9-1241-4302-940C-5FCE5B271CE1}
		{4AC360E2-02B3-4C69-A4FD-36DAEDE93E28} = {4AC360E2-02B3-4C69-A4FD-36DAEDE93E28}
	EndProjectSection
EndProject
Project("{8BC9CEB8-8B4A-11D0-8D11-00A0C91BC942}") = "bake2tif", "PLUGINS\bake2tif\bake2tif.vcproj", "{B10CA403-004B-4C25-989E-D5E855DF167B}"
	ProjectSection(ProjectDependencies) = postProject
	EndProjectSection
EndProject
Project("{8BC9CEB8-8B4A-11D0-8D11-00A0C91BC942}") = "display", "display\display.vcproj", "{34365DA4-8275-474A-A216-E3775B6681AD}"
	ProjectSection(ProjectDependencies) = postProject
	EndProjectSection
EndProject
Project("{8BC9CEB8-8B4A-11D0-8D11-00A0C91BC942}") = "dsotest", "dsotest\dsotest.vcproj", "{4C5F20B4-EA34-40FE-9513-36443A290F9D}"
	ProjectSection(ProjectDependencies) = postProject
		{F537EC4E-41C9-4506-A0CD-C49FA0B579DE} = {F537EC4E-41C9-4506-A0CD-C49FA0B579DE}
		{E2460985-7AAE-44F7-8644-CE521AF46E82} = {E2460985-7AAE-44F7-8644-CE521AF46E82}
		{6753E9FA-D6A2-44FC-A6CE-19732E0B7646} = {6753E9FA-D6A2-44FC-A6CE-19732E0B7646}
		{FCFC957C-9E4A-4E73-B85C-989A7102F6B6} = {FCFC957C-9E4A-4E73-B85C-989A7102F6B6}
		{8A1F1952-565C-47C7-A661-CBFBD2CD936A} = {8A1F1952-565C-47C7-A661-CBFBD2CD936A}
	EndProjectSection
EndProject
Project("{8BC9CEB8-8B4A-11D0-8D11-00A0C91BC942}") = "gif2tif", "plugins\gif2tif\gif2tif.vcproj", "{D70517C2-DB02-4B73-927E-70607E73F0AE}"
	ProjectSection(ProjectDependencies) = postProject
	EndProjectSection
EndProject
Project("{8BC9CEB8-8B4A-11D0-8D11-00A0C91BC942}") = "inline", "RENDER\inline.vcproj", "{98771100-D18A-44E4-B690-76D1352F4EFD}"
	ProjectSection(ProjectDependencies) = postProject
	EndProjectSection
EndProject
Project("{8BC9CEB8-8B4A-11D0-8D11-00A0C91BC942}") = "jpg2tif", "plugins\jpg2tif\jpg2tif.vcproj", "{8899C0A3-A97C-4F41-9910-4D0C518BBF2D}"
	ProjectSection(ProjectDependencies) = postProject
	EndProjectSection
EndProject
Project("{8BC9CEB8-8B4A-11D0-8D11-00A0C91BC942}") = "libaqsis", "render\libaqsis.vcproj", "{4AF1A3D8-7660-4A80-A124-3CDD3BB2996E}"
	ProjectSection(ProjectDependencies) = postProject
		{91BDFC2B-6547-41D3-927E-F4821AB98CF3} = {91BDFC2B-6547-41D3-927E-F4821AB98CF3}
		{56F1C5FD-1442-4860-9B6C-EC4B6780C36D} = {56F1C5FD-1442-4860-9B6C-EC4B6780C36D}
		{98771100-D18A-44E4-B690-76D1352F4EFD} = {98771100-D18A-44E4-B690-76D1352F4EFD}
		{535E9659-A26B-433A-9D4F-6BAE2A531459} = {535E9659-A26B-433A-9D4F-6BAE2A531459}
		{02CE70ED-43AE-44A1-B870-345D692678A8} = {02CE70ED-43AE-44A1-B870-345D692678A8}
		{A3A6F37E-CF2C-4540-93F0-E7277D500A68} = {A3A6F37E-CF2C-4540-93F0-E7277D500A68}
		{6753E9FA-D6A2-44FC-A6CE-19732E0B7646} = {6753E9FA-D6A2-44FC-A6CE-19732E0B7646}
		{FCFC957C-9E4A-4E73-B85C-989A7102F6B6} = {FCFC957C-9E4A-4E73-B85C-989A7102F6B6}
	EndProjectSection
EndProject
Project("{8BC9CEB8-8B4A-11D0-8D11-00A0C91BC942}") = "libaqsistypes", "libaqsistypes\libaqsistypes.vcproj", "{535E9659-A26B-433A-9D4F-6BAE2A531459}"
	ProjectSection(ProjectDependencies) = postProject
		{98771100-D18A-44E4-B690-76D1352F4EFD} = {98771100-D18A-44E4-B690-76D1352F4EFD}
	EndProjectSection
EndProject
Project("{8BC9CEB8-8B4A-11D0-8D11-00A0C91BC942}") = "libargparse", "libargparse\libargparse.vcproj", "{91DFA4F9-1241-4302-940C-5FCE5B271CE1}"
	ProjectSection(ProjectDependencies) = postProject
	EndProjectSection
EndProject
Project("{8BC9CEB8-8B4A-11D0-8D11-00A0C91BC942}") = "libcodegenvm", "libcodegenvm\libcodegenvm.vcproj", "{AAD0812A-7B9C-4B89-9FFB-96418CBFC14B}"
	ProjectSection(ProjectDependencies) = postProject
	EndProjectSection
EndProject
Project("{8BC9CEB8-8B4A-11D0-8D11-00A0C91BC942}") = "libddmanager", "libddmanager\libddmanager.vcproj", "{91BDFC2B-6547-41D3-927E-F4821AB98CF3}"
	ProjectSection(ProjectDependencies) = postProject
	EndProjectSection
EndProject
Project("{8BC9CEB8-8B4A-11D0-8D11-00A0C91BC942}") = "libraytrace", "libraytrace\libraytrace.vcproj", "{56F1C5FD-1442-4860-9B6C-EC4B6780C36D}"
	ProjectSection(ProjectDependencies) = postProject
	EndProjectSection
EndProject
Project("{8BC9CEB8-8B4A-11D0-8D11-00A0C91BC942}") = "libri2rib", "libri2rib\libri2rib.vcproj", "{77A9B42F-158B-4846-98F4-D10A94C930C7}"
	ProjectSection(ProjectDependencies) = postProject
		{98771100-D18A-44E4-B690-76D1352F4EFD} = {98771100-D18A-44E4-B690-76D1352F4EFD}
	EndProjectSection
EndProject
Project("{8BC9CEB8-8B4A-11D0-8D11-00A0C91BC942}") = "librib2", "librib2\librib2.vcproj", "{02CE70ED-43AE-44A1-B870-345D692678A8}"
	ProjectSection(ProjectDependencies) = postProject
		{98771100-D18A-44E4-B690-76D1352F4EFD} = {98771100-D18A-44E4-B690-76D1352F4EFD}
	EndProjectSection
EndProject
Project("{8BC9CEB8-8B4A-11D0-8D11-00A0C91BC942}") = "librib2ri", "librib2ri\librib2ri.vcproj", "{A3A6F37E-CF2C-4540-93F0-E7277D500A68}"
	ProjectSection(ProjectDependencies) = postProject
		{98771100-D18A-44E4-B690-76D1352F4EFD} = {98771100-D18A-44E4-B690-76D1352F4EFD}
	EndProjectSection
EndProject
Project("{8BC9CEB8-8B4A-11D0-8D11-00A0C91BC942}") = "librib2stream", "librib2stream\librib2stream.vcproj", "{FFBD46F1-19E3-4496-8DF3-186FB2F6B9A7}"
	ProjectSection(ProjectDependencies) = postProject
	EndProjectSection
EndProject
Project("{8BC9CEB8-8B4A-11D0-8D11-00A0C91BC942}") = "libshaderexecenv", "libshaderexecenv\libshaderexecenv.vcproj", "{FCFC957C-9E4A-4E73-B85C-989A7102F6B6}"
	ProjectSection(ProjectDependencies) = postProject
		{98771100-D18A-44E4-B690-76D1352F4EFD} = {98771100-D18A-44E4-B690-76D1352F4EFD}
	EndProjectSection
EndProject
Project("{8BC9CEB8-8B4A-11D0-8D11-00A0C91BC942}") = "libshadervm", "libshadervm\libshadervm.vcproj", "{6753E9FA-D6A2-44FC-A6CE-19732E0B7646}"
	ProjectSection(ProjectDependencies) = postProject
		{535E9659-A26B-433A-9D4F-6BAE2A531459} = {535E9659-A26B-433A-9D4F-6BAE2A531459}
	EndProjectSection
EndProject
Project("{8BC9CEB8-8B4A-11D0-8D11-00A0C91BC942}") = "libslparse", "libslparse\libslparse.vcproj", "{E2460985-7AAE-44F7-8644-CE521AF46E82}"
	ProjectSection(ProjectDependencies) = postProject
	EndProjectSection
EndProject
Project("{8BC9CEB8-8B4A-11D0-8D11-00A0C91BC942}") = "libslpp", "slpp\libslpp.vcproj", "{879E8E80-CB2F-4994-928D-C754F92252EB}"
	ProjectSection(ProjectDependencies) = postProject
	EndProjectSection
EndProject
Project("{8BC9CEB8-8B4A-11D0-8D11-00A0C91BC942}") = "libslxargs", "libslxargs\libslxargs.vcproj", "{4AC360E2-02B3-4C69-A4FD-36DAEDE93E28}"
	ProjectSection(ProjectDependencies) = postProject
		{98771100-D18A-44E4-B690-76D1352F4EFD} = {98771100-D18A-44E4-B690-76D1352F4EFD}
	EndProjectSection
EndProject
Project("{8BC9CEB8-8B4A-11D0-8D11-00A0C91BC942}") = "pcx2tif", "plugins\pcx2tif\pcx2tif.vcproj", "{5CF846E7-2B72-4F41-9B0F-12BA395D1393}"
	ProjectSection(ProjectDependencies) = postProject
	EndProjectSection
EndProject
Project("{8BC9CEB8-8B4A-11D0-8D11-00A0C91BC942}") = "ppm2tif", "plugins\ppm2tif\ppm2tif.vcproj", "{2066C649-4612-4551-9136-FF39C07D5968}"
	ProjectSection(ProjectDependencies) = postProject
	EndProjectSection
EndProject
Project("{8BC9CEB8-8B4A-11D0-8D11-00A0C91BC942}") = "slpp", "slpp\slpp.vcproj", "{F537EC4E-41C9-4506-A0CD-C49FA0B579DE}"
	ProjectSection(ProjectDependencies) = postProject
	EndProjectSection
EndProject
Project("{8BC9CEB8-8B4A-11D0-8D11-00A0C91BC942}") = "teqser", "teqser\teqser.vcproj", "{E82882EA-1F07-454A-ABE7-7229B0DD8870}"
	ProjectSection(ProjectDependencies) = postProject
		{98771100-D18A-44E4-B690-76D1352F4EFD} = {98771100-D18A-44E4-B690-76D1352F4EFD}
		{91DFA4F9-1241-4302-940C-5FCE5B271CE1} = {91DFA4F9-1241-4302-940C-5FCE5B271CE1}
		{4AF1A3D8-7660-4A80-A124-3CDD3BB2996E} = {4AF1A3D8-7660-4A80-A124-3CDD3BB2996E}
	EndProjectSection
EndProject
Project("{8BC9CEB8-8B4A-11D0-8D11-00A0C91BC942}") = "tga2tif", "plugins\tga2tif\tga2tif.vcproj", "{F08171B8-A7F6-4249-8494-C7FCFEF44A01}"
	ProjectSection(ProjectDependencies) = postProject
	EndProjectSection
EndProject
Global
	GlobalSection(SolutionConfiguration) = preSolution
		Debug = Debug
		Debug_Static_MT = Debug_Static_MT
		Debug_Static_ST = Debug_Static_ST
		Profile = Profile
		Release = Release
		Release_Static_MT = Release_Static_MT
		Release_Static_ST = Release_Static_ST
	EndGlobalSection
	GlobalSection(ProjectConfiguration) = postSolution
		{3E2923B7-4AC7-4EDF-B077-1A22898188A2}.Debug.ActiveCfg = Debug_Static_MT|Win32
		{3E2923B7-4AC7-4EDF-B077-1A22898188A2}.Debug.Build.0 = Debug_Static_MT|Win32
		{3E2923B7-4AC7-4EDF-B077-1A22898188A2}.Debug_Static_MT.ActiveCfg = Debug_Static_MT|Win32
		{3E2923B7-4AC7-4EDF-B077-1A22898188A2}.Debug_Static_MT.Build.0 = Debug_Static_MT|Win32
		{3E2923B7-4AC7-4EDF-B077-1A22898188A2}.Debug_Static_ST.ActiveCfg = Debug_Static_ST|Win32
		{3E2923B7-4AC7-4EDF-B077-1A22898188A2}.Debug_Static_ST.Build.0 = Debug_Static_ST|Win32
		{3E2923B7-4AC7-4EDF-B077-1A22898188A2}.Profile.ActiveCfg = Release_Static_ST|Win32
		{3E2923B7-4AC7-4EDF-B077-1A22898188A2}.Profile.Build.0 = Release_Static_ST|Win32
		{3E2923B7-4AC7-4EDF-B077-1A22898188A2}.Release.ActiveCfg = Release_Static_ST|Win32
		{3E2923B7-4AC7-4EDF-B077-1A22898188A2}.Release.Build.0 = Release_Static_ST|Win32
		{3E2923B7-4AC7-4EDF-B077-1A22898188A2}.Release_Static_MT.ActiveCfg = Release_Static_MT|Win32
		{3E2923B7-4AC7-4EDF-B077-1A22898188A2}.Release_Static_MT.Build.0 = Release_Static_MT|Win32
		{3E2923B7-4AC7-4EDF-B077-1A22898188A2}.Release_Static_ST.ActiveCfg = Release_Static_ST|Win32
		{3E2923B7-4AC7-4EDF-B077-1A22898188A2}.Release_Static_ST.Build.0 = Release_Static_ST|Win32
		{FEBA469B-1232-4D2C-995B-246022A6DE2A}.Debug.ActiveCfg = Debug|Win32
		{FEBA469B-1232-4D2C-995B-246022A6DE2A}.Debug.Build.0 = Debug|Win32
		{FEBA469B-1232-4D2C-995B-246022A6DE2A}.Debug_Static_MT.ActiveCfg = Debug|Win32
		{FEBA469B-1232-4D2C-995B-246022A6DE2A}.Debug_Static_MT.Build.0 = Debug|Win32
		{FEBA469B-1232-4D2C-995B-246022A6DE2A}.Debug_Static_ST.ActiveCfg = Debug|Win32
		{FEBA469B-1232-4D2C-995B-246022A6DE2A}.Debug_Static_ST.Build.0 = Debug|Win32
		{FEBA469B-1232-4D2C-995B-246022A6DE2A}.Profile.ActiveCfg = Profile|Win32
		{FEBA469B-1232-4D2C-995B-246022A6DE2A}.Profile.Build.0 = Profile|Win32
		{FEBA469B-1232-4D2C-995B-246022A6DE2A}.Release.ActiveCfg = Release|Win32
		{FEBA469B-1232-4D2C-995B-246022A6DE2A}.Release.Build.0 = Release|Win32
		{FEBA469B-1232-4D2C-995B-246022A6DE2A}.Release_Static_MT.ActiveCfg = Release|Win32
		{FEBA469B-1232-4D2C-995B-246022A6DE2A}.Release_Static_MT.Build.0 = Release|Win32
		{FEBA469B-1232-4D2C-995B-246022A6DE2A}.Release_Static_ST.ActiveCfg = Release|Win32
		{FEBA469B-1232-4D2C-995B-246022A6DE2A}.Release_Static_ST.Build.0 = Release|Win32
		{A900E575-1565-45E8-A0E1-1DFCD2D47E05}.Debug.ActiveCfg = Debug|Win32
		{A900E575-1565-45E8-A0E1-1DFCD2D47E05}.Debug.Build.0 = Debug|Win32
		{A900E575-1565-45E8-A0E1-1DFCD2D47E05}.Debug_Static_MT.ActiveCfg = Debug|Win32
		{A900E575-1565-45E8-A0E1-1DFCD2D47E05}.Debug_Static_MT.Build.0 = Debug|Win32
		{A900E575-1565-45E8-A0E1-1DFCD2D47E05}.Debug_Static_ST.ActiveCfg = Debug|Win32
		{A900E575-1565-45E8-A0E1-1DFCD2D47E05}.Debug_Static_ST.Build.0 = Debug|Win32
		{A900E575-1565-45E8-A0E1-1DFCD2D47E05}.Profile.ActiveCfg = Profile|Win32
		{A900E575-1565-45E8-A0E1-1DFCD2D47E05}.Profile.Build.0 = Profile|Win32
		{A900E575-1565-45E8-A0E1-1DFCD2D47E05}.Release.ActiveCfg = Release|Win32
		{A900E575-1565-45E8-A0E1-1DFCD2D47E05}.Release.Build.0 = Release|Win32
		{A900E575-1565-45E8-A0E1-1DFCD2D47E05}.Release_Static_MT.ActiveCfg = Release|Win32
		{A900E575-1565-45E8-A0E1-1DFCD2D47E05}.Release_Static_MT.Build.0 = Release|Win32
		{A900E575-1565-45E8-A0E1-1DFCD2D47E05}.Release_Static_ST.ActiveCfg = Release|Win32
		{A900E575-1565-45E8-A0E1-1DFCD2D47E05}.Release_Static_ST.Build.0 = Release|Win32
		{8A1F1952-565C-47C7-A661-CBFBD2CD936A}.Debug.ActiveCfg = Debug|Win32
		{8A1F1952-565C-47C7-A661-CBFBD2CD936A}.Debug.Build.0 = Debug|Win32
		{8A1F1952-565C-47C7-A661-CBFBD2CD936A}.Debug_Static_MT.ActiveCfg = Debug|Win32
		{8A1F1952-565C-47C7-A661-CBFBD2CD936A}.Debug_Static_MT.Build.0 = Debug|Win32
		{8A1F1952-565C-47C7-A661-CBFBD2CD936A}.Debug_Static_ST.ActiveCfg = Debug|Win32
		{8A1F1952-565C-47C7-A661-CBFBD2CD936A}.Debug_Static_ST.Build.0 = Debug|Win32
		{8A1F1952-565C-47C7-A661-CBFBD2CD936A}.Profile.ActiveCfg = Profile|Win32
		{8A1F1952-565C-47C7-A661-CBFBD2CD936A}.Profile.Build.0 = Profile|Win32
		{8A1F1952-565C-47C7-A661-CBFBD2CD936A}.Release.ActiveCfg = Release|Win32
		{8A1F1952-565C-47C7-A661-CBFBD2CD936A}.Release.Build.0 = Release|Win32
		{8A1F1952-565C-47C7-A661-CBFBD2CD936A}.Release_Static_MT.ActiveCfg = Release|Win32
		{8A1F1952-565C-47C7-A661-CBFBD2CD936A}.Release_Static_MT.Build.0 = Release|Win32
		{8A1F1952-565C-47C7-A661-CBFBD2CD936A}.Release_Static_ST.ActiveCfg = Release|Win32
		{8A1F1952-565C-47C7-A661-CBFBD2CD936A}.Release_Static_ST.Build.0 = Release|Win32
		{11802888-1A40-410C-BE07-8AB791CA844C}.Debug.ActiveCfg = Debug|Win32
		{11802888-1A40-410C-BE07-8AB791CA844C}.Debug.Build.0 = Debug|Win32
		{11802888-1A40-410C-BE07-8AB791CA844C}.Debug_Static_MT.ActiveCfg = Debug|Win32
		{11802888-1A40-410C-BE07-8AB791CA844C}.Debug_Static_MT.Build.0 = Debug|Win32
		{11802888-1A40-410C-BE07-8AB791CA844C}.Debug_Static_ST.ActiveCfg = Debug|Win32
		{11802888-1A40-410C-BE07-8AB791CA844C}.Debug_Static_ST.Build.0 = Debug|Win32
		{11802888-1A40-410C-BE07-8AB791CA844C}.Profile.ActiveCfg = Profile|Win32
		{11802888-1A40-410C-BE07-8AB791CA844C}.Profile.Build.0 = Profile|Win32
		{11802888-1A40-410C-BE07-8AB791CA844C}.Release.ActiveCfg = Release|Win32
		{11802888-1A40-410C-BE07-8AB791CA844C}.Release.Build.0 = Release|Win32
		{11802888-1A40-410C-BE07-8AB791CA844C}.Release_Static_MT.ActiveCfg = Release|Win32
		{11802888-1A40-410C-BE07-8AB791CA844C}.Release_Static_MT.Build.0 = Release|Win32
		{11802888-1A40-410C-BE07-8AB791CA844C}.Release_Static_ST.ActiveCfg = Release|Win32
		{11802888-1A40-410C-BE07-8AB791CA844C}.Release_Static_ST.Build.0 = Release|Win32
		{05F2D8C8-6308-4AE7-994C-AEE4E4C12145}.Debug.ActiveCfg = Debug|Win32
		{05F2D8C8-6308-4AE7-994C-AEE4E4C12145}.Debug.Build.0 = Debug|Win32
		{05F2D8C8-6308-4AE7-994C-AEE4E4C12145}.Debug_Static_MT.ActiveCfg = Debug|Win32
		{05F2D8C8-6308-4AE7-994C-AEE4E4C12145}.Debug_Static_MT.Build.0 = Debug|Win32
		{05F2D8C8-6308-4AE7-994C-AEE4E4C12145}.Debug_Static_ST.ActiveCfg = Debug|Win32
		{05F2D8C8-6308-4AE7-994C-AEE4E4C12145}.Debug_Static_ST.Build.0 = Debug|Win32
		{05F2D8C8-6308-4AE7-994C-AEE4E4C12145}.Profile.ActiveCfg = Profile|Win32
		{05F2D8C8-6308-4AE7-994C-AEE4E4C12145}.Profile.Build.0 = Profile|Win32
		{05F2D8C8-6308-4AE7-994C-AEE4E4C12145}.Release.ActiveCfg = Release|Win32
		{05F2D8C8-6308-4AE7-994C-AEE4E4C12145}.Release.Build.0 = Release|Win32
		{05F2D8C8-6308-4AE7-994C-AEE4E4C12145}.Release_Static_MT.ActiveCfg = Release|Win32
		{05F2D8C8-6308-4AE7-994C-AEE4E4C12145}.Release_Static_MT.Build.0 = Release|Win32
		{05F2D8C8-6308-4AE7-994C-AEE4E4C12145}.Release_Static_ST.ActiveCfg = Release|Win32
		{05F2D8C8-6308-4AE7-994C-AEE4E4C12145}.Release_Static_ST.Build.0 = Release|Win32
		{B10CA403-004B-4C25-989E-D5E855DF167B}.Debug.ActiveCfg = Debug|Win32
		{B10CA403-004B-4C25-989E-D5E855DF167B}.Debug.Build.0 = Debug|Win32
		{B10CA403-004B-4C25-989E-D5E855DF167B}.Debug_Static_MT.ActiveCfg = Debug|Win32
		{B10CA403-004B-4C25-989E-D5E855DF167B}.Debug_Static_MT.Build.0 = Debug|Win32
		{B10CA403-004B-4C25-989E-D5E855DF167B}.Debug_Static_ST.ActiveCfg = Debug|Win32
		{B10CA403-004B-4C25-989E-D5E855DF167B}.Debug_Static_ST.Build.0 = Debug|Win32
		{B10CA403-004B-4C25-989E-D5E855DF167B}.Profile.ActiveCfg = Profile|Win32
		{B10CA403-004B-4C25-989E-D5E855DF167B}.Profile.Build.0 = Profile|Win32
		{B10CA403-004B-4C25-989E-D5E855DF167B}.Release.ActiveCfg = Release|Win32
		{B10CA403-004B-4C25-989E-D5E855DF167B}.Release.Build.0 = Release|Win32
		{B10CA403-004B-4C25-989E-D5E855DF167B}.Release_Static_MT.ActiveCfg = Release|Win32
		{B10CA403-004B-4C25-989E-D5E855DF167B}.Release_Static_MT.Build.0 = Release|Win32
		{B10CA403-004B-4C25-989E-D5E855DF167B}.Release_Static_ST.ActiveCfg = Release|Win32
		{B10CA403-004B-4C25-989E-D5E855DF167B}.Release_Static_ST.Build.0 = Release|Win32
		{34365DA4-8275-474A-A216-E3775B6681AD}.Debug.ActiveCfg = Debug|Win32
		{34365DA4-8275-474A-A216-E3775B6681AD}.Debug.Build.0 = Debug|Win32
		{34365DA4-8275-474A-A216-E3775B6681AD}.Debug_Static_MT.ActiveCfg = Debug|Win32
		{34365DA4-8275-474A-A216-E3775B6681AD}.Debug_Static_MT.Build.0 = Debug|Win32
		{34365DA4-8275-474A-A216-E3775B6681AD}.Debug_Static_ST.ActiveCfg = Debug|Win32
		{34365DA4-8275-474A-A216-E3775B6681AD}.Debug_Static_ST.Build.0 = Debug|Win32
		{34365DA4-8275-474A-A216-E3775B6681AD}.Profile.ActiveCfg = Release|Win32
		{34365DA4-8275-474A-A216-E3775B6681AD}.Profile.Build.0 = Release|Win32
		{34365DA4-8275-474A-A216-E3775B6681AD}.Release.ActiveCfg = Release|Win32
		{34365DA4-8275-474A-A216-E3775B6681AD}.Release.Build.0 = Release|Win32
		{34365DA4-8275-474A-A216-E3775B6681AD}.Release_Static_MT.ActiveCfg = Release|Win32
		{34365DA4-8275-474A-A216-E3775B6681AD}.Release_Static_MT.Build.0 = Release|Win32
		{34365DA4-8275-474A-A216-E3775B6681AD}.Release_Static_ST.ActiveCfg = Release|Win32
		{34365DA4-8275-474A-A216-E3775B6681AD}.Release_Static_ST.Build.0 = Release|Win32
		{4C5F20B4-EA34-40FE-9513-36443A290F9D}.Debug.ActiveCfg = Debug|Win32
		{4C5F20B4-EA34-40FE-9513-36443A290F9D}.Debug.Build.0 = Debug|Win32
		{4C5F20B4-EA34-40FE-9513-36443A290F9D}.Debug_Static_MT.ActiveCfg = Debug|Win32
		{4C5F20B4-EA34-40FE-9513-36443A290F9D}.Debug_Static_MT.Build.0 = Debug|Win32
		{4C5F20B4-EA34-40FE-9513-36443A290F9D}.Debug_Static_ST.ActiveCfg = Debug|Win32
		{4C5F20B4-EA34-40FE-9513-36443A290F9D}.Debug_Static_ST.Build.0 = Debug|Win32
		{4C5F20B4-EA34-40FE-9513-36443A290F9D}.Profile.ActiveCfg = Profile|Win32
		{4C5F20B4-EA34-40FE-9513-36443A290F9D}.Profile.Build.0 = Profile|Win32
		{4C5F20B4-EA34-40FE-9513-36443A290F9D}.Release.ActiveCfg = Release|Win32
		{4C5F20B4-EA34-40FE-9513-36443A290F9D}.Release.Build.0 = Release|Win32
		{4C5F20B4-EA34-40FE-9513-36443A290F9D}.Release_Static_MT.ActiveCfg = Release|Win32
		{4C5F20B4-EA34-40FE-9513-36443A290F9D}.Release_Static_MT.Build.0 = Release|Win32
		{4C5F20B4-EA34-40FE-9513-36443A290F9D}.Release_Static_ST.ActiveCfg = Release|Win32
		{4C5F20B4-EA34-40FE-9513-36443A290F9D}.Release_Static_ST.Build.0 = Release|Win32
		{D70517C2-DB02-4B73-927E-70607E73F0AE}.Debug.ActiveCfg = Debug|Win32
		{D70517C2-DB02-4B73-927E-70607E73F0AE}.Debug.Build.0 = Debug|Win32
		{D70517C2-DB02-4B73-927E-70607E73F0AE}.Debug_Static_MT.ActiveCfg = Debug|Win32
		{D70517C2-DB02-4B73-927E-70607E73F0AE}.Debug_Static_MT.Build.0 = Debug|Win32
		{D70517C2-DB02-4B73-927E-70607E73F0AE}.Debug_Static_ST.ActiveCfg = Debug|Win32
		{D70517C2-DB02-4B73-927E-70607E73F0AE}.Debug_Static_ST.Build.0 = Debug|Win32
		{D70517C2-DB02-4B73-927E-70607E73F0AE}.Profile.ActiveCfg = Profile|Win32
		{D70517C2-DB02-4B73-927E-70607E73F0AE}.Profile.Build.0 = Profile|Win32
		{D70517C2-DB02-4B73-927E-70607E73F0AE}.Release.ActiveCfg = Release|Win32
		{D70517C2-DB02-4B73-927E-70607E73F0AE}.Release.Build.0 = Release|Win32
		{D70517C2-DB02-4B73-927E-70607E73F0AE}.Release_Static_MT.ActiveCfg = Release|Win32
		{D70517C2-DB02-4B73-927E-70607E73F0AE}.Release_Static_MT.Build.0 = Release|Win32
		{D70517C2-DB02-4B73-927E-70607E73F0AE}.Release_Static_ST.ActiveCfg = Release|Win32
		{D70517C2-DB02-4B73-927E-70607E73F0AE}.Release_Static_ST.Build.0 = Release|Win32
		{98771100-D18A-44E4-B690-76D1352F4EFD}.Debug.ActiveCfg = Debug|Win32
		{98771100-D18A-44E4-B690-76D1352F4EFD}.Debug.Build.0 = Debug|Win32
		{98771100-D18A-44E4-B690-76D1352F4EFD}.Debug_Static_MT.ActiveCfg = Debug|Win32
		{98771100-D18A-44E4-B690-76D1352F4EFD}.Debug_Static_MT.Build.0 = Debug|Win32
		{98771100-D18A-44E4-B690-76D1352F4EFD}.Debug_Static_ST.ActiveCfg = Debug|Win32
		{98771100-D18A-44E4-B690-76D1352F4EFD}.Debug_Static_ST.Build.0 = Debug|Win32
		{98771100-D18A-44E4-B690-76D1352F4EFD}.Profile.ActiveCfg = Debug|Win32
		{98771100-D18A-44E4-B690-76D1352F4EFD}.Profile.Build.0 = Debug|Win32
		{98771100-D18A-44E4-B690-76D1352F4EFD}.Release.ActiveCfg = Release|Win32
		{98771100-D18A-44E4-B690-76D1352F4EFD}.Release.Build.0 = Release|Win32
		{98771100-D18A-44E4-B690-76D1352F4EFD}.Release_Static_MT.ActiveCfg = Release|Win32
		{98771100-D18A-44E4-B690-76D1352F4EFD}.Release_Static_MT.Build.0 = Release|Win32
		{98771100-D18A-44E4-B690-76D1352F4EFD}.Release_Static_ST.ActiveCfg = Release|Win32
		{98771100-D18A-44E4-B690-76D1352F4EFD}.Release_Static_ST.Build.0 = Release|Win32
		{8899C0A3-A97C-4F41-9910-4D0C518BBF2D}.Debug.ActiveCfg = Debug|Win32
		{8899C0A3-A97C-4F41-9910-4D0C518BBF2D}.Debug.Build.0 = Debug|Win32
		{8899C0A3-A97C-4F41-9910-4D0C518BBF2D}.Debug_Static_MT.ActiveCfg = Debug|Win32
		{8899C0A3-A97C-4F41-9910-4D0C518BBF2D}.Debug_Static_MT.Build.0 = Debug|Win32
		{8899C0A3-A97C-4F41-9910-4D0C518BBF2D}.Debug_Static_ST.ActiveCfg = Debug|Win32
		{8899C0A3-A97C-4F41-9910-4D0C518BBF2D}.Debug_Static_ST.Build.0 = Debug|Win32
		{8899C0A3-A97C-4F41-9910-4D0C518BBF2D}.Profile.ActiveCfg = Profile|Win32
		{8899C0A3-A97C-4F41-9910-4D0C518BBF2D}.Profile.Build.0 = Profile|Win32
		{8899C0A3-A97C-4F41-9910-4D0C518BBF2D}.Release.ActiveCfg = Release|Win32
		{8899C0A3-A97C-4F41-9910-4D0C518BBF2D}.Release.Build.0 = Release|Win32
		{8899C0A3-A97C-4F41-9910-4D0C518BBF2D}.Release_Static_MT.ActiveCfg = Release|Win32
		{8899C0A3-A97C-4F41-9910-4D0C518BBF2D}.Release_Static_MT.Build.0 = Release|Win32
		{8899C0A3-A97C-4F41-9910-4D0C518BBF2D}.Release_Static_ST.ActiveCfg = Release|Win32
		{8899C0A3-A97C-4F41-9910-4D0C518BBF2D}.Release_Static_ST.Build.0 = Release|Win32
		{4AF1A3D8-7660-4A80-A124-3CDD3BB2996E}.Debug.ActiveCfg = Debug|Win32
		{4AF1A3D8-7660-4A80-A124-3CDD3BB2996E}.Debug.Build.0 = Debug|Win32
		{4AF1A3D8-7660-4A80-A124-3CDD3BB2996E}.Debug_Static_MT.ActiveCfg = Debug|Win32
		{4AF1A3D8-7660-4A80-A124-3CDD3BB2996E}.Debug_Static_MT.Build.0 = Debug|Win32
		{4AF1A3D8-7660-4A80-A124-3CDD3BB2996E}.Debug_Static_ST.ActiveCfg = Debug|Win32
		{4AF1A3D8-7660-4A80-A124-3CDD3BB2996E}.Debug_Static_ST.Build.0 = Debug|Win32
		{4AF1A3D8-7660-4A80-A124-3CDD3BB2996E}.Profile.ActiveCfg = Profile|Win32
		{4AF1A3D8-7660-4A80-A124-3CDD3BB2996E}.Profile.Build.0 = Profile|Win32
		{4AF1A3D8-7660-4A80-A124-3CDD3BB2996E}.Release.ActiveCfg = Release|Win32
		{4AF1A3D8-7660-4A80-A124-3CDD3BB2996E}.Release.Build.0 = Release|Win32
		{4AF1A3D8-7660-4A80-A124-3CDD3BB2996E}.Release_Static_MT.ActiveCfg = Release|Win32
		{4AF1A3D8-7660-4A80-A124-3CDD3BB2996E}.Release_Static_MT.Build.0 = Release|Win32
		{4AF1A3D8-7660-4A80-A124-3CDD3BB2996E}.Release_Static_ST.ActiveCfg = Release|Win32
		{4AF1A3D8-7660-4A80-A124-3CDD3BB2996E}.Release_Static_ST.Build.0 = Release|Win32
		{535E9659-A26B-433A-9D4F-6BAE2A531459}.Debug.ActiveCfg = Debug|Win32
		{535E9659-A26B-433A-9D4F-6BAE2A531459}.Debug.Build.0 = Debug|Win32
		{535E9659-A26B-433A-9D4F-6BAE2A531459}.Debug_Static_MT.ActiveCfg = Debug_Static_MT|Win32
		{535E9659-A26B-433A-9D4F-6BAE2A531459}.Debug_Static_MT.Build.0 = Debug_Static_MT|Win32
		{535E9659-A26B-433A-9D4F-6BAE2A531459}.Debug_Static_ST.ActiveCfg = Debug_Static_ST|Win32
		{535E9659-A26B-433A-9D4F-6BAE2A531459}.Debug_Static_ST.Build.0 = Debug_Static_ST|Win32
		{535E9659-A26B-433A-9D4F-6BAE2A531459}.Profile.ActiveCfg = Profile|Win32
		{535E9659-A26B-433A-9D4F-6BAE2A531459}.Profile.Build.0 = Profile|Win32
		{535E9659-A26B-433A-9D4F-6BAE2A531459}.Release.ActiveCfg = Release|Win32
		{535E9659-A26B-433A-9D4F-6BAE2A531459}.Release.Build.0 = Release|Win32
		{535E9659-A26B-433A-9D4F-6BAE2A531459}.Release_Static_MT.ActiveCfg = Release_Static_MT|Win32
		{535E9659-A26B-433A-9D4F-6BAE2A531459}.Release_Static_MT.Build.0 = Release_Static_MT|Win32
		{535E9659-A26B-433A-9D4F-6BAE2A531459}.Release_Static_ST.ActiveCfg = Release_Static_ST|Win32
		{535E9659-A26B-433A-9D4F-6BAE2A531459}.Release_Static_ST.Build.0 = Release_Static_ST|Win32
		{91DFA4F9-1241-4302-940C-5FCE5B271CE1}.Debug.ActiveCfg = Debug|Win32
		{91DFA4F9-1241-4302-940C-5FCE5B271CE1}.Debug.Build.0 = Debug|Win32
		{91DFA4F9-1241-4302-940C-5FCE5B271CE1}.Debug_Static_MT.ActiveCfg = Debug_Static_MT|Win32
		{91DFA4F9-1241-4302-940C-5FCE5B271CE1}.Debug_Static_MT.Build.0 = Debug_Static_MT|Win32
		{91DFA4F9-1241-4302-940C-5FCE5B271CE1}.Debug_Static_ST.ActiveCfg = Debug_Static_ST|Win32
		{91DFA4F9-1241-4302-940C-5FCE5B271CE1}.Debug_Static_ST.Build.0 = Debug_Static_ST|Win32
		{91DFA4F9-1241-4302-940C-5FCE5B271CE1}.Profile.ActiveCfg = Profile|Win32
		{91DFA4F9-1241-4302-940C-5FCE5B271CE1}.Profile.Build.0 = Profile|Win32
		{91DFA4F9-1241-4302-940C-5FCE5B271CE1}.Release.ActiveCfg = Release|Win32
		{91DFA4F9-1241-4302-940C-5FCE5B271CE1}.Release.Build.0 = Release|Win32
		{91DFA4F9-1241-4302-940C-5FCE5B271CE1}.Release_Static_MT.ActiveCfg = Release_Static_MT|Win32
		{91DFA4F9-1241-4302-940C-5FCE5B271CE1}.Release_Static_MT.Build.0 = Release_Static_MT|Win32
		{91DFA4F9-1241-4302-940C-5FCE5B271CE1}.Release_Static_ST.ActiveCfg = Release_Static_ST|Win32
		{91DFA4F9-1241-4302-940C-5FCE5B271CE1}.Release_Static_ST.Build.0 = Release_Static_ST|Win32
		{AAD0812A-7B9C-4B89-9FFB-96418CBFC14B}.Debug.ActiveCfg = Debug|Win32
		{AAD0812A-7B9C-4B89-9FFB-96418CBFC14B}.Debug.Build.0 = Debug|Win32
		{AAD0812A-7B9C-4B89-9FFB-96418CBFC14B}.Debug_Static_MT.ActiveCfg = Debug|Win32
		{AAD0812A-7B9C-4B89-9FFB-96418CBFC14B}.Debug_Static_MT.Build.0 = Debug|Win32
		{AAD0812A-7B9C-4B89-9FFB-96418CBFC14B}.Debug_Static_ST.ActiveCfg = Debug|Win32
		{AAD0812A-7B9C-4B89-9FFB-96418CBFC14B}.Debug_Static_ST.Build.0 = Debug|Win32
		{AAD0812A-7B9C-4B89-9FFB-96418CBFC14B}.Profile.ActiveCfg = Profile|Win32
		{AAD0812A-7B9C-4B89-9FFB-96418CBFC14B}.Profile.Build.0 = Profile|Win32
		{AAD0812A-7B9C-4B89-9FFB-96418CBFC14B}.Release.ActiveCfg = Release|Win32
		{AAD0812A-7B9C-4B89-9FFB-96418CBFC14B}.Release.Build.0 = Release|Win32
		{AAD0812A-7B9C-4B89-9FFB-96418CBFC14B}.Release_Static_MT.ActiveCfg = Release|Win32
		{AAD0812A-7B9C-4B89-9FFB-96418CBFC14B}.Release_Static_MT.Build.0 = Release|Win32
		{AAD0812A-7B9C-4B89-9FFB-96418CBFC14B}.Release_Static_ST.ActiveCfg = Release|Win32
		{AAD0812A-7B9C-4B89-9FFB-96418CBFC14B}.Release_Static_ST.Build.0 = Release|Win32
		{91BDFC2B-6547-41D3-927E-F4821AB98CF3}.Debug.ActiveCfg = Debug|Win32
		{91BDFC2B-6547-41D3-927E-F4821AB98CF3}.Debug.Build.0 = Debug|Win32
		{91BDFC2B-6547-41D3-927E-F4821AB98CF3}.Debug_Static_MT.ActiveCfg = Debug|Win32
		{91BDFC2B-6547-41D3-927E-F4821AB98CF3}.Debug_Static_MT.Build.0 = Debug|Win32
		{91BDFC2B-6547-41D3-927E-F4821AB98CF3}.Debug_Static_ST.ActiveCfg = Debug|Win32
		{91BDFC2B-6547-41D3-927E-F4821AB98CF3}.Debug_Static_ST.Build.0 = Debug|Win32
		{91BDFC2B-6547-41D3-927E-F4821AB98CF3}.Profile.ActiveCfg = Release|Win32
		{91BDFC2B-6547-41D3-927E-F4821AB98CF3}.Profile.Build.0 = Release|Win32
		{91BDFC2B-6547-41D3-927E-F4821AB98CF3}.Release.ActiveCfg = Release|Win32
		{91BDFC2B-6547-41D3-927E-F4821AB98CF3}.Release.Build.0 = Release|Win32
		{91BDFC2B-6547-41D3-927E-F4821AB98CF3}.Release_Static_MT.ActiveCfg = Release|Win32
		{91BDFC2B-6547-41D3-927E-F4821AB98CF3}.Release_Static_MT.Build.0 = Release|Win32
		{91BDFC2B-6547-41D3-927E-F4821AB98CF3}.Release_Static_ST.ActiveCfg = Release|Win32
		{91BDFC2B-6547-41D3-927E-F4821AB98CF3}.Release_Static_ST.Build.0 = Release|Win32
		{56F1C5FD-1442-4860-9B6C-EC4B6780C36D}.Debug.ActiveCfg = Debug|Win32
		{56F1C5FD-1442-4860-9B6C-EC4B6780C36D}.Debug.Build.0 = Debug|Win32
		{56F1C5FD-1442-4860-9B6C-EC4B6780C36D}.Debug_Static_MT.ActiveCfg = Debug|Win32
		{56F1C5FD-1442-4860-9B6C-EC4B6780C36D}.Debug_Static_MT.Build.0 = Debug|Win32
		{56F1C5FD-1442-4860-9B6C-EC4B6780C36D}.Debug_Static_ST.ActiveCfg = Debug|Win32
		{56F1C5FD-1442-4860-9B6C-EC4B6780C36D}.Debug_Static_ST.Build.0 = Debug|Win32
		{56F1C5FD-1442-4860-9B6C-EC4B6780C36D}.Profile.ActiveCfg = Profile|Win32
		{56F1C5FD-1442-4860-9B6C-EC4B6780C36D}.Profile.Build.0 = Profile|Win32
		{56F1C5FD-1442-4860-9B6C-EC4B6780C36D}.Release.ActiveCfg = Release|Win32
		{56F1C5FD-1442-4860-9B6C-EC4B6780C36D}.Release.Build.0 = Release|Win32
		{56F1C5FD-1442-4860-9B6C-EC4B6780C36D}.Release_Static_MT.ActiveCfg = Release|Win32
		{56F1C5FD-1442-4860-9B6C-EC4B6780C36D}.Release_Static_MT.Build.0 = Release|Win32
		{56F1C5FD-1442-4860-9B6C-EC4B6780C36D}.Release_Static_ST.ActiveCfg = Release|Win32
		{56F1C5FD-1442-4860-9B6C-EC4B6780C36D}.Release_Static_ST.Build.0 = Release|Win32
		{77A9B42F-158B-4846-98F4-D10A94C930C7}.Debug.ActiveCfg = Debug|Win32
		{77A9B42F-158B-4846-98F4-D10A94C930C7}.Debug.Build.0 = Debug|Win32
		{77A9B42F-158B-4846-98F4-D10A94C930C7}.Debug_Static_MT.ActiveCfg = Debug_Static_MT|Win32
		{77A9B42F-158B-4846-98F4-D10A94C930C7}.Debug_Static_MT.Build.0 = Debug_Static_MT|Win32
		{77A9B42F-158B-4846-98F4-D10A94C930C7}.Debug_Static_ST.ActiveCfg = Debug_Static_ST|Win32
		{77A9B42F-158B-4846-98F4-D10A94C930C7}.Debug_Static_ST.Build.0 = Debug_Static_ST|Win32
		{77A9B42F-158B-4846-98F4-D10A94C930C7}.Profile.ActiveCfg = Profile|Win32
		{77A9B42F-158B-4846-98F4-D10A94C930C7}.Profile.Build.0 = Profile|Win32
		{77A9B42F-158B-4846-98F4-D10A94C930C7}.Release.ActiveCfg = Release|Win32
		{77A9B42F-158B-4846-98F4-D10A94C930C7}.Release.Build.0 = Release|Win32
		{77A9B42F-158B-4846-98F4-D10A94C930C7}.Release_Static_MT.ActiveCfg = Release_Static_MT|Win32
		{77A9B42F-158B-4846-98F4-D10A94C930C7}.Release_Static_MT.Build.0 = Release_Static_MT|Win32
		{77A9B42F-158B-4846-98F4-D10A94C930C7}.Release_Static_ST.ActiveCfg = Release_Static_ST|Win32
		{77A9B42F-158B-4846-98F4-D10A94C930C7}.Release_Static_ST.Build.0 = Release_Static_ST|Win32
		{02CE70ED-43AE-44A1-B870-345D692678A8}.Debug.ActiveCfg = Debug|Win32
		{02CE70ED-43AE-44A1-B870-345D692678A8}.Debug.Build.0 = Debug|Win32
		{02CE70ED-43AE-44A1-B870-345D692678A8}.Debug_Static_MT.ActiveCfg = Debug_Static_MT|Win32
		{02CE70ED-43AE-44A1-B870-345D692678A8}.Debug_Static_MT.Build.0 = Debug_Static_MT|Win32
		{02CE70ED-43AE-44A1-B870-345D692678A8}.Debug_Static_ST.ActiveCfg = Debug_Static_ST|Win32
		{02CE70ED-43AE-44A1-B870-345D692678A8}.Debug_Static_ST.Build.0 = Debug_Static_ST|Win32
		{02CE70ED-43AE-44A1-B870-345D692678A8}.Profile.ActiveCfg = Profile|Win32
		{02CE70ED-43AE-44A1-B870-345D692678A8}.Profile.Build.0 = Profile|Win32
		{02CE70ED-43AE-44A1-B870-345D692678A8}.Release.ActiveCfg = Release|Win32
		{02CE70ED-43AE-44A1-B870-345D692678A8}.Release.Build.0 = Release|Win32
		{02CE70ED-43AE-44A1-B870-345D692678A8}.Release_Static_MT.ActiveCfg = Release_Static_MT|Win32
		{02CE70ED-43AE-44A1-B870-345D692678A8}.Release_Static_MT.Build.0 = Release_Static_MT|Win32
		{02CE70ED-43AE-44A1-B870-345D692678A8}.Release_Static_ST.ActiveCfg = Release_Static_ST|Win32
		{02CE70ED-43AE-44A1-B870-345D692678A8}.Release_Static_ST.Build.0 = Release_Static_ST|Win32
		{A3A6F37E-CF2C-4540-93F0-E7277D500A68}.Debug.ActiveCfg = Debug|Win32
		{A3A6F37E-CF2C-4540-93F0-E7277D500A68}.Debug.Build.0 = Debug|Win32
		{A3A6F37E-CF2C-4540-93F0-E7277D500A68}.Debug_Static_MT.ActiveCfg = Debug_Static_MT|Win32
		{A3A6F37E-CF2C-4540-93F0-E7277D500A68}.Debug_Static_MT.Build.0 = Debug_Static_MT|Win32
		{A3A6F37E-CF2C-4540-93F0-E7277D500A68}.Debug_Static_ST.ActiveCfg = Debug_Static_ST|Win32
		{A3A6F37E-CF2C-4540-93F0-E7277D500A68}.Debug_Static_ST.Build.0 = Debug_Static_ST|Win32
		{A3A6F37E-CF2C-4540-93F0-E7277D500A68}.Profile.ActiveCfg = Profile|Win32
		{A3A6F37E-CF2C-4540-93F0-E7277D500A68}.Profile.Build.0 = Profile|Win32
		{A3A6F37E-CF2C-4540-93F0-E7277D500A68}.Release.ActiveCfg = Release|Win32
		{A3A6F37E-CF2C-4540-93F0-E7277D500A68}.Release.Build.0 = Release|Win32
		{A3A6F37E-CF2C-4540-93F0-E7277D500A68}.Release_Static_MT.ActiveCfg = Release_Static_MT|Win32
		{A3A6F37E-CF2C-4540-93F0-E7277D500A68}.Release_Static_MT.Build.0 = Release_Static_MT|Win32
		{A3A6F37E-CF2C-4540-93F0-E7277D500A68}.Release_Static_ST.ActiveCfg = Release_Static_ST|Win32
		{A3A6F37E-CF2C-4540-93F0-E7277D500A68}.Release_Static_ST.Build.0 = Release_Static_ST|Win32
		{FFBD46F1-19E3-4496-8DF3-186FB2F6B9A7}.Debug.ActiveCfg = Debug|Win32
		{FFBD46F1-19E3-4496-8DF3-186FB2F6B9A7}.Debug.Build.0 = Debug|Win32
		{FFBD46F1-19E3-4496-8DF3-186FB2F6B9A7}.Debug_Static_MT.ActiveCfg = Debug|Win32
		{FFBD46F1-19E3-4496-8DF3-186FB2F6B9A7}.Debug_Static_MT.Build.0 = Debug|Win32
		{FFBD46F1-19E3-4496-8DF3-186FB2F6B9A7}.Debug_Static_ST.ActiveCfg = Debug|Win32
		{FFBD46F1-19E3-4496-8DF3-186FB2F6B9A7}.Debug_Static_ST.Build.0 = Debug|Win32
		{FFBD46F1-19E3-4496-8DF3-186FB2F6B9A7}.Profile.ActiveCfg = Profile|Win32
		{FFBD46F1-19E3-4496-8DF3-186FB2F6B9A7}.Profile.Build.0 = Profile|Win32
		{FFBD46F1-19E3-4496-8DF3-186FB2F6B9A7}.Release.ActiveCfg = Release|Win32
		{FFBD46F1-19E3-4496-8DF3-186FB2F6B9A7}.Release.Build.0 = Release|Win32
		{FFBD46F1-19E3-4496-8DF3-186FB2F6B9A7}.Release_Static_MT.ActiveCfg = Release|Win32
		{FFBD46F1-19E3-4496-8DF3-186FB2F6B9A7}.Release_Static_MT.Build.0 = Release|Win32
		{FFBD46F1-19E3-4496-8DF3-186FB2F6B9A7}.Release_Static_ST.ActiveCfg = Release|Win32
		{FFBD46F1-19E3-4496-8DF3-186FB2F6B9A7}.Release_Static_ST.Build.0 = Release|Win32
		{FCFC957C-9E4A-4E73-B85C-989A7102F6B6}.Debug.ActiveCfg = Debug|Win32
		{FCFC957C-9E4A-4E73-B85C-989A7102F6B6}.Debug.Build.0 = Debug|Win32
		{FCFC957C-9E4A-4E73-B85C-989A7102F6B6}.Debug_Static_MT.ActiveCfg = Debug_Static_MT|Win32
		{FCFC957C-9E4A-4E73-B85C-989A7102F6B6}.Debug_Static_MT.Build.0 = Debug_Static_MT|Win32
		{FCFC957C-9E4A-4E73-B85C-989A7102F6B6}.Debug_Static_ST.ActiveCfg = Debug_Static_ST|Win32
		{FCFC957C-9E4A-4E73-B85C-989A7102F6B6}.Debug_Static_ST.Build.0 = Debug_Static_ST|Win32
		{FCFC957C-9E4A-4E73-B85C-989A7102F6B6}.Profile.ActiveCfg = Profile|Win32
		{FCFC957C-9E4A-4E73-B85C-989A7102F6B6}.Profile.Build.0 = Profile|Win32
		{FCFC957C-9E4A-4E73-B85C-989A7102F6B6}.Release.ActiveCfg = Release|Win32
		{FCFC957C-9E4A-4E73-B85C-989A7102F6B6}.Release.Build.0 = Release|Win32
		{FCFC957C-9E4A-4E73-B85C-989A7102F6B6}.Release_Static_MT.ActiveCfg = Release_Static_MT|Win32
		{FCFC957C-9E4A-4E73-B85C-989A7102F6B6}.Release_Static_MT.Build.0 = Release_Static_MT|Win32
		{FCFC957C-9E4A-4E73-B85C-989A7102F6B6}.Release_Static_ST.ActiveCfg = Release_Static_ST|Win32
		{FCFC957C-9E4A-4E73-B85C-989A7102F6B6}.Release_Static_ST.Build.0 = Release_Static_ST|Win32
		{6753E9FA-D6A2-44FC-A6CE-19732E0B7646}.Debug.ActiveCfg = Debug|Win32
		{6753E9FA-D6A2-44FC-A6CE-19732E0B7646}.Debug.Build.0 = Debug|Win32
		{6753E9FA-D6A2-44FC-A6CE-19732E0B7646}.Debug_Static_MT.ActiveCfg = Debug_Static_MT|Win32
		{6753E9FA-D6A2-44FC-A6CE-19732E0B7646}.Debug_Static_MT.Build.0 = Debug_Static_MT|Win32
		{6753E9FA-D6A2-44FC-A6CE-19732E0B7646}.Debug_Static_ST.ActiveCfg = Debug_Static_ST|Win32
		{6753E9FA-D6A2-44FC-A6CE-19732E0B7646}.Debug_Static_ST.Build.0 = Debug_Static_ST|Win32
		{6753E9FA-D6A2-44FC-A6CE-19732E0B7646}.Profile.ActiveCfg = Profile|Win32
		{6753E9FA-D6A2-44FC-A6CE-19732E0B7646}.Profile.Build.0 = Profile|Win32
		{6753E9FA-D6A2-44FC-A6CE-19732E0B7646}.Release.ActiveCfg = Release|Win32
		{6753E9FA-D6A2-44FC-A6CE-19732E0B7646}.Release.Build.0 = Release|Win32
		{6753E9FA-D6A2-44FC-A6CE-19732E0B7646}.Release_Static_MT.ActiveCfg = Release_Static_MT|Win32
		{6753E9FA-D6A2-44FC-A6CE-19732E0B7646}.Release_Static_MT.Build.0 = Release_Static_MT|Win32
		{6753E9FA-D6A2-44FC-A6CE-19732E0B7646}.Release_Static_ST.ActiveCfg = Release_Static_ST|Win32
		{6753E9FA-D6A2-44FC-A6CE-19732E0B7646}.Release_Static_ST.Build.0 = Release_Static_ST|Win32
		{E2460985-7AAE-44F7-8644-CE521AF46E82}.Debug.ActiveCfg = Debug|Win32
		{E2460985-7AAE-44F7-8644-CE521AF46E82}.Debug.Build.0 = Debug|Win32
		{E2460985-7AAE-44F7-8644-CE521AF46E82}.Debug_Static_MT.ActiveCfg = Debug_Static_MT|Win32
		{E2460985-7AAE-44F7-8644-CE521AF46E82}.Debug_Static_MT.Build.0 = Debug_Static_MT|Win32
		{E2460985-7AAE-44F7-8644-CE521AF46E82}.Debug_Static_ST.ActiveCfg = Debug_Static_ST|Win32
		{E2460985-7AAE-44F7-8644-CE521AF46E82}.Debug_Static_ST.Build.0 = Debug_Static_ST|Win32
		{E2460985-7AAE-44F7-8644-CE521AF46E82}.Profile.ActiveCfg = Profile|Win32
		{E2460985-7AAE-44F7-8644-CE521AF46E82}.Profile.Build.0 = Profile|Win32
		{E2460985-7AAE-44F7-8644-CE521AF46E82}.Release.ActiveCfg = Release|Win32
		{E2460985-7AAE-44F7-8644-CE521AF46E82}.Release.Build.0 = Release|Win32
		{E2460985-7AAE-44F7-8644-CE521AF46E82}.Release_Static_MT.ActiveCfg = Release_Static_MT|Win32
		{E2460985-7AAE-44F7-8644-CE521AF46E82}.Release_Static_MT.Build.0 = Release_Static_MT|Win32
		{E2460985-7AAE-44F7-8644-CE521AF46E82}.Release_Static_ST.ActiveCfg = Release_Static_ST|Win32
		{E2460985-7AAE-44F7-8644-CE521AF46E82}.Release_Static_ST.Build.0 = Release_Static_ST|Win32
		{879E8E80-CB2F-4994-928D-C754F92252EB}.Debug.ActiveCfg = Debug|Win32
		{879E8E80-CB2F-4994-928D-C754F92252EB}.Debug.Build.0 = Debug|Win32
		{879E8E80-CB2F-4994-928D-C754F92252EB}.Debug_Static_MT.ActiveCfg = Debug|Win32
		{879E8E80-CB2F-4994-928D-C754F92252EB}.Debug_Static_MT.Build.0 = Debug|Win32
		{879E8E80-CB2F-4994-928D-C754F92252EB}.Debug_Static_ST.ActiveCfg = Debug|Win32
		{879E8E80-CB2F-4994-928D-C754F92252EB}.Debug_Static_ST.Build.0 = Debug|Win32
		{879E8E80-CB2F-4994-928D-C754F92252EB}.Profile.ActiveCfg = Profile|Win32
		{879E8E80-CB2F-4994-928D-C754F92252EB}.Profile.Build.0 = Profile|Win32
		{879E8E80-CB2F-4994-928D-C754F92252EB}.Release.ActiveCfg = Release|Win32
		{879E8E80-CB2F-4994-928D-C754F92252EB}.Release.Build.0 = Release|Win32
		{879E8E80-CB2F-4994-928D-C754F92252EB}.Release_Static_MT.ActiveCfg = Release|Win32
		{879E8E80-CB2F-4994-928D-C754F92252EB}.Release_Static_MT.Build.0 = Release|Win32
		{879E8E80-CB2F-4994-928D-C754F92252EB}.Release_Static_ST.ActiveCfg = Release|Win32
		{879E8E80-CB2F-4994-928D-C754F92252EB}.Release_Static_ST.Build.0 = Release|Win32
		{4AC360E2-02B3-4C69-A4FD-36DAEDE93E28}.Debug.ActiveCfg = Debug|Win32
		{4AC360E2-02B3-4C69-A4FD-36DAEDE93E28}.Debug.Build.0 = Debug|Win32
		{4AC360E2-02B3-4C69-A4FD-36DAEDE93E28}.Debug_Static_MT.ActiveCfg = Debug_Static_MT|Win32
		{4AC360E2-02B3-4C69-A4FD-36DAEDE93E28}.Debug_Static_MT.Build.0 = Debug_Static_MT|Win32
		{4AC360E2-02B3-4C69-A4FD-36DAEDE93E28}.Debug_Static_ST.ActiveCfg = Debug_Static_ST|Win32
		{4AC360E2-02B3-4C69-A4FD-36DAEDE93E28}.Debug_Static_ST.Build.0 = Debug_Static_ST|Win32
		{4AC360E2-02B3-4C69-A4FD-36DAEDE93E28}.Profile.ActiveCfg = Profile|Win32
		{4AC360E2-02B3-4C69-A4FD-36DAEDE93E28}.Profile.Build.0 = Profile|Win32
		{4AC360E2-02B3-4C69-A4FD-36DAEDE93E28}.Release.ActiveCfg = Release|Win32
		{4AC360E2-02B3-4C69-A4FD-36DAEDE93E28}.Release.Build.0 = Release|Win32
		{4AC360E2-02B3-4C69-A4FD-36DAEDE93E28}.Release_Static_MT.ActiveCfg = Release_Static_MT|Win32
		{4AC360E2-02B3-4C69-A4FD-36DAEDE93E28}.Release_Static_MT.Build.0 = Release_Static_MT|Win32
		{4AC360E2-02B3-4C69-A4FD-36DAEDE93E28}.Release_Static_ST.ActiveCfg = Release_Static_ST|Win32
		{4AC360E2-02B3-4C69-A4FD-36DAEDE93E28}.Release_Static_ST.Build.0 = Release_Static_ST|Win32
		{5CF846E7-2B72-4F41-9B0F-12BA395D1393}.Debug.ActiveCfg = Debug|Win32
		{5CF846E7-2B72-4F41-9B0F-12BA395D1393}.Debug.Build.0 = Debug|Win32
		{5CF846E7-2B72-4F41-9B0F-12BA395D1393}.Debug_Static_MT.ActiveCfg = Debug|Win32
		{5CF846E7-2B72-4F41-9B0F-12BA395D1393}.Debug_Static_MT.Build.0 = Debug|Win32
		{5CF846E7-2B72-4F41-9B0F-12BA395D1393}.Debug_Static_ST.ActiveCfg = Debug|Win32
		{5CF846E7-2B72-4F41-9B0F-12BA395D1393}.Debug_Static_ST.Build.0 = Debug|Win32
		{5CF846E7-2B72-4F41-9B0F-12BA395D1393}.Profile.ActiveCfg = Profile|Win32
		{5CF846E7-2B72-4F41-9B0F-12BA395D1393}.Profile.Build.0 = Profile|Win32
		{5CF846E7-2B72-4F41-9B0F-12BA395D1393}.Release.ActiveCfg = Release|Win32
		{5CF846E7-2B72-4F41-9B0F-12BA395D1393}.Release.Build.0 = Release|Win32
		{5CF846E7-2B72-4F41-9B0F-12BA395D1393}.Release_Static_MT.ActiveCfg = Release|Win32
		{5CF846E7-2B72-4F41-9B0F-12BA395D1393}.Release_Static_MT.Build.0 = Release|Win32
		{5CF846E7-2B72-4F41-9B0F-12BA395D1393}.Release_Static_ST.ActiveCfg = Release|Win32
		{5CF846E7-2B72-4F41-9B0F-12BA395D1393}.Release_Static_ST.Build.0 = Release|Win32
		{2066C649-4612-4551-9136-FF39C07D5968}.Debug.ActiveCfg = Debug|Win32
		{2066C649-4612-4551-9136-FF39C07D5968}.Debug.Build.0 = Debug|Win32
		{2066C649-4612-4551-9136-FF39C07D5968}.Debug_Static_MT.ActiveCfg = Debug|Win32
		{2066C649-4612-4551-9136-FF39C07D5968}.Debug_Static_MT.Build.0 = Debug|Win32
		{2066C649-4612-4551-9136-FF39C07D5968}.Debug_Static_ST.ActiveCfg = Debug|Win32
		{2066C649-4612-4551-9136-FF39C07D5968}.Debug_Static_ST.Build.0 = Debug|Win32
		{2066C649-4612-4551-9136-FF39C07D5968}.Profile.ActiveCfg = Profile|Win32
		{2066C649-4612-4551-9136-FF39C07D5968}.Profile.Build.0 = Profile|Win32
		{2066C649-4612-4551-9136-FF39C07D5968}.Release.ActiveCfg = Release|Win32
		{2066C649-4612-4551-9136-FF39C07D5968}.Release.Build.0 = Release|Win32
		{2066C649-4612-4551-9136-FF39C07D5968}.Release_Static_MT.ActiveCfg = Release|Win32
		{2066C649-4612-4551-9136-FF39C07D5968}.Release_Static_MT.Build.0 = Release|Win32
		{2066C649-4612-4551-9136-FF39C07D5968}.Release_Static_ST.ActiveCfg = Release|Win32
		{2066C649-4612-4551-9136-FF39C07D5968}.Release_Static_ST.Build.0 = Release|Win32
		{F537EC4E-41C9-4506-A0CD-C49FA0B579DE}.Debug.ActiveCfg = Debug|Win32
		{F537EC4E-41C9-4506-A0CD-C49FA0B579DE}.Debug.Build.0 = Debug|Win32
		{F537EC4E-41C9-4506-A0CD-C49FA0B579DE}.Debug_Static_MT.ActiveCfg = Debug|Win32
		{F537EC4E-41C9-4506-A0CD-C49FA0B579DE}.Debug_Static_MT.Build.0 = Debug|Win32
		{F537EC4E-41C9-4506-A0CD-C49FA0B579DE}.Debug_Static_ST.ActiveCfg = Debug|Win32
		{F537EC4E-41C9-4506-A0CD-C49FA0B579DE}.Debug_Static_ST.Build.0 = Debug|Win32
		{F537EC4E-41C9-4506-A0CD-C49FA0B579DE}.Profile.ActiveCfg = Profile|Win32
		{F537EC4E-41C9-4506-A0CD-C49FA0B579DE}.Profile.Build.0 = Profile|Win32
		{F537EC4E-41C9-4506-A0CD-C49FA0B579DE}.Release.ActiveCfg = Release|Win32
		{F537EC4E-41C9-4506-A0CD-C49FA0B579DE}.Release.Build.0 = Release|Win32
		{F537EC4E-41C9-4506-A0CD-C49FA0B579DE}.Release_Static_MT.ActiveCfg = Release|Win32
		{F537EC4E-41C9-4506-A0CD-C49FA0B579DE}.Release_Static_MT.Build.0 = Release|Win32
		{F537EC4E-41C9-4506-A0CD-C49FA0B579DE}.Release_Static_ST.ActiveCfg = Release|Win32
		{F537EC4E-41C9-4506-A0CD-C49FA0B579DE}.Release_Static_ST.Build.0 = Release|Win32
		{E82882EA-1F07-454A-ABE7-7229B0DD8870}.Debug.ActiveCfg = Debug|Win32
		{E82882EA-1F07-454A-ABE7-7229B0DD8870}.Debug.Build.0 = Debug|Win32
		{E82882EA-1F07-454A-ABE7-7229B0DD8870}.Debug_Static_MT.ActiveCfg = Debug|Win32
		{E82882EA-1F07-454A-ABE7-7229B0DD8870}.Debug_Static_MT.Build.0 = Debug|Win32
		{E82882EA-1F07-454A-ABE7-7229B0DD8870}.Debug_Static_ST.ActiveCfg = Debug|Win32
		{E82882EA-1F07-454A-ABE7-7229B0DD8870}.Debug_Static_ST.Build.0 = Debug|Win32
		{E82882EA-1F07-454A-ABE7-7229B0DD8870}.Profile.ActiveCfg = Profile|Win32
		{E82882EA-1F07-454A-ABE7-7229B0DD8870}.Profile.Build.0 = Profile|Win32
		{E82882EA-1F07-454A-ABE7-7229B0DD8870}.Release.ActiveCfg = Release|Win32
		{E82882EA-1F07-454A-ABE7-7229B0DD8870}.Release.Build.0 = Release|Win32
		{E82882EA-1F07-454A-ABE7-7229B0DD8870}.Release_Static_MT.ActiveCfg = Release|Win32
		{E82882EA-1F07-454A-ABE7-7229B0DD8870}.Release_Static_MT.Build.0 = Release|Win32
		{E82882EA-1F07-454A-ABE7-7229B0DD8870}.Release_Static_ST.ActiveCfg = Release|Win32
		{E82882EA-1F07-454A-ABE7-7229B0DD8870}.Release_Static_ST.Build.0 = Release|Win32
		{F08171B8-A7F6-4249-8494-C7FCFEF44A01}.Debug.ActiveCfg = Debug|Win32
		{F08171B8-A7F6-4249-8494-C7FCFEF44A01}.Debug.Build.0 = Debug|Win32
		{F08171B8-A7F6-4249-8494-C7FCFEF44A01}.Debug_Static_MT.ActiveCfg = Debug|Win32
		{F08171B8-A7F6-4249-8494-C7FCFEF44A01}.Debug_Static_MT.Build.0 = Debug|Win32
		{F08171B8-A7F6-4249-8494-C7FCFEF44A01}.Debug_Static_ST.ActiveCfg = Debug|Win32
		{F08171B8-A7F6-4249-8494-C7FCFEF44A01}.Debug_Static_ST.Build.0 = Debug|Win32
		{F08171B8-A7F6-4249-8494-C7FCFEF44A01}.Profile.ActiveCfg = Profile|Win32
		{F08171B8-A7F6-4249-8494-C7FCFEF44A01}.Profile.Build.0 = Profile|Win32
		{F08171B8-A7F6-4249-8494-C7FCFEF44A01}.Release.ActiveCfg = Release|Win32
		{F08171B8-A7F6-4249-8494-C7FCFEF44A01}.Release.Build.0 = Release|Win32
		{F08171B8-A7F6-4249-8494-C7FCFEF44A01}.Release_Static_MT.ActiveCfg = Release|Win32
		{F08171B8-A7F6-4249-8494-C7FCFEF44A01}.Release_Static_MT.Build.0 = Release|Win32
		{F08171B8-A7F6-4249-8494-C7FCFEF44A01}.Release_Static_ST.ActiveCfg = Release|Win32
		{F08171B8-A7F6-4249-8494-C7FCFEF44A01}.Release_Static_ST.Build.0 = Release|Win32
	EndGlobalSection
	GlobalSection(ExtensibilityGlobals) = postSolution
	EndGlobalSection
	GlobalSection(ExtensibilityAddIns) = postSolution
	EndGlobalSection
EndGlobal
