Microsoft Visual Studio Solution File, Format Version 8.00
Project("{8BC9CEB8-8B4A-11D0-8D11-00A0C91BC942}") = "AdditionalDeveloperLibs", "ALL\AdditionalDeveloperLibs\AdditionalDeveloperLibs.vcproj", "{61A19CCF-7FAD-43BC-A4F1-7928817096F3}"
	ProjectSection(ProjectDependencies) = postProject
		{8C334179-3604-408B-A0EF-B24B7A62BA2A} = {8C334179-3604-408B-A0EF-B24B7A62BA2A}
		{1B06BFA7-1033-40C5-97CA-0D1312178306} = {1B06BFA7-1033-40C5-97CA-0D1312178306}
		{27E3A878-A364-4460-BBFE-ED836464FF87} = {27E3A878-A364-4460-BBFE-ED836464FF87}
		{FC3C23B4-DABA-483A-996E-7B89CF3EBAC3} = {FC3C23B4-DABA-483A-996E-7B89CF3EBAC3}
		{12B40787-E356-4FAB-9824-39AD9E62C674} = {12B40787-E356-4FAB-9824-39AD9E62C674}
		{15169295-443B-4DF9-AB76-F0EBEFC38D4F} = {15169295-443B-4DF9-AB76-F0EBEFC38D4F}
		{0F9B239F-DA97-4A9A-B389-FD1293438884} = {0F9B239F-DA97-4A9A-B389-FD1293438884}
		{FE685DC4-1D9E-4A21-A167-19F67283988A} = {FE685DC4-1D9E-4A21-A167-19F67283988A}
		{009FD919-A0ED-49AA-9EFD-EBE859AE6AA0} = {009FD919-A0ED-49AA-9EFD-EBE859AE6AA0}
	EndProjectSection
EndProject
Project("{8BC9CEB8-8B4A-11D0-8D11-00A0C91BC942}") = "All", "All\All.vcproj", "{6E35FDE0-8D91-49BE-8898-0AD9DA7942D3}"
	ProjectSection(ProjectDependencies) = postProject
		{BA6D4CCD-CDB5-41C2-BD23-AE4CF5CB26A8} = {BA6D4CCD-CDB5-41C2-BD23-AE4CF5CB26A8}
		{FE685DC4-1D9E-4A21-A167-19F67283988A} = {FE685DC4-1D9E-4A21-A167-19F67283988A}
		{009FD919-A0ED-49AA-9EFD-EBE859AE6AA0} = {009FD919-A0ED-49AA-9EFD-EBE859AE6AA0}
		{C8F5F67C-9A7D-4F51-9C92-0BE72566EE26} = {C8F5F67C-9A7D-4F51-9C92-0BE72566EE26}
		{6BCBB860-3743-4C8A-A319-0D11F58C5D27} = {6BCBB860-3743-4C8A-A319-0D11F58C5D27}
		{B7FE98CF-BE49-4E86-9D28-708B468A339E} = {B7FE98CF-BE49-4E86-9D28-708B468A339E}
		{27E3A878-A364-4460-BBFE-ED836464FF87} = {27E3A878-A364-4460-BBFE-ED836464FF87}
		{FC3C23B4-DABA-483A-996E-7B89CF3EBAC3} = {FC3C23B4-DABA-483A-996E-7B89CF3EBAC3}
		{CCAA4CD9-7F48-46EF-B491-9645AE649172} = {CCAA4CD9-7F48-46EF-B491-9645AE649172}
		{8C334179-3604-408B-A0EF-B24B7A62BA2A} = {8C334179-3604-408B-A0EF-B24B7A62BA2A}
		{ACCD073E-34A3-416C-8D7A-73BBE2AEDA15} = {ACCD073E-34A3-416C-8D7A-73BBE2AEDA15}
		{A7C676FA-0EEC-4896-8036-BDDE4430EA46} = {A7C676FA-0EEC-4896-8036-BDDE4430EA46}
		{BC75BD20-FF43-42DA-B952-8504837F138D} = {BC75BD20-FF43-42DA-B952-8504837F138D}
		{A2AB12D2-BA44-4247-91FD-E64D9E6615C8} = {A2AB12D2-BA44-4247-91FD-E64D9E6615C8}
		{E083FCA8-3121-4C2F-BF4D-E3FD1289E1FF} = {E083FCA8-3121-4C2F-BF4D-E3FD1289E1FF}
		{0F9B239F-DA97-4A9A-B389-FD1293438884} = {0F9B239F-DA97-4A9A-B389-FD1293438884}
		{41A4732D-10DC-4388-9E05-1ABEBA294B7C} = {41A4732D-10DC-4388-9E05-1ABEBA294B7C}
		{BAF0BE73-D56F-4F12-9E12-6C55FDED5703} = {BAF0BE73-D56F-4F12-9E12-6C55FDED5703}
		{1ACD735A-B666-4B52-9459-7F5FFC8FF0E2} = {1ACD735A-B666-4B52-9459-7F5FFC8FF0E2}
		{DBEA2BC2-3516-424B-A61F-01A8BDEE3024} = {DBEA2BC2-3516-424B-A61F-01A8BDEE3024}
		{8E51C50D-8DC3-40B4-BF28-CC5EE7A9F7D6} = {8E51C50D-8DC3-40B4-BF28-CC5EE7A9F7D6}
		{B9898979-FC15-4371-A66E-A12E2ABB42CF} = {B9898979-FC15-4371-A66E-A12E2ABB42CF}
		{12B40787-E356-4FAB-9824-39AD9E62C674} = {12B40787-E356-4FAB-9824-39AD9E62C674}
		{15169295-443B-4DF9-AB76-F0EBEFC38D4F} = {15169295-443B-4DF9-AB76-F0EBEFC38D4F}
		{1B06BFA7-1033-40C5-97CA-0D1312178306} = {1B06BFA7-1033-40C5-97CA-0D1312178306}
		{ABD1D16E-6383-46FB-80AF-42874DDE495C} = {ABD1D16E-6383-46FB-80AF-42874DDE495C}
	EndProjectSection
EndProject
Project("{8BC9CEB8-8B4A-11D0-8D11-00A0C91BC942}") = "Shaders", "Shaders\shaders.vcproj", "{B9898979-FC15-4371-A66E-A12E2ABB42CF}"
	ProjectSection(ProjectDependencies) = postProject
		{6BCBB860-3743-4C8A-A319-0D11F58C5D27} = {6BCBB860-3743-4C8A-A319-0D11F58C5D27}
		{8E51C50D-8DC3-40B4-BF28-CC5EE7A9F7D6} = {8E51C50D-8DC3-40B4-BF28-CC5EE7A9F7D6}
	EndProjectSection
EndProject
Project("{8BC9CEB8-8B4A-11D0-8D11-00A0C91BC942}") = "aqsis", "aqsis\aqsis.vcproj", "{ABD1D16E-6383-46FB-80AF-42874DDE495C}"
	ProjectSection(ProjectDependencies) = postProject
		{7E663568-7C8E-441D-B1C5-B09905E6FE67} = {7E663568-7C8E-441D-B1C5-B09905E6FE67}
		{0D7AA9F2-7A9D-48C0-B339-E546000FF9E1} = {0D7AA9F2-7A9D-48C0-B339-E546000FF9E1}
		{FE685DC4-1D9E-4A21-A167-19F67283988A} = {FE685DC4-1D9E-4A21-A167-19F67283988A}
		{DBEA2BC2-3516-424B-A61F-01A8BDEE3024} = {DBEA2BC2-3516-424B-A61F-01A8BDEE3024}
	EndProjectSection
EndProject
Project("{8BC9CEB8-8B4A-11D0-8D11-00A0C91BC942}") = "aqsl", "aqsl\aqsl.vcproj", "{6BCBB860-3743-4C8A-A319-0D11F58C5D27}"
	ProjectSection(ProjectDependencies) = postProject
		{009FD919-A0ED-49AA-9EFD-EBE859AE6AA0} = {009FD919-A0ED-49AA-9EFD-EBE859AE6AA0}
		{FE685DC4-1D9E-4A21-A167-19F67283988A} = {FE685DC4-1D9E-4A21-A167-19F67283988A}
		{BA6D4CCD-CDB5-41C2-BD23-AE4CF5CB26A8} = {BA6D4CCD-CDB5-41C2-BD23-AE4CF5CB26A8}
		{1B06BFA7-1033-40C5-97CA-0D1312178306} = {1B06BFA7-1033-40C5-97CA-0D1312178306}
		{1ACD735A-B666-4B52-9459-7F5FFC8FF0E2} = {1ACD735A-B666-4B52-9459-7F5FFC8FF0E2}
		{8E51C50D-8DC3-40B4-BF28-CC5EE7A9F7D6} = {8E51C50D-8DC3-40B4-BF28-CC5EE7A9F7D6}
	EndProjectSection
EndProject
Project("{8BC9CEB8-8B4A-11D0-8D11-00A0C91BC942}") = "aqsltell", "aqsltell\aqsltell.vcproj", "{CCAA4CD9-7F48-46EF-B491-9645AE649172}"
	ProjectSection(ProjectDependencies) = postProject
		{27E3A878-A364-4460-BBFE-ED836464FF87} = {27E3A878-A364-4460-BBFE-ED836464FF87}
		{FC3C23B4-DABA-483A-996E-7B89CF3EBAC3} = {FC3C23B4-DABA-483A-996E-7B89CF3EBAC3}
		{009FD919-A0ED-49AA-9EFD-EBE859AE6AA0} = {009FD919-A0ED-49AA-9EFD-EBE859AE6AA0}
		{FE685DC4-1D9E-4A21-A167-19F67283988A} = {FE685DC4-1D9E-4A21-A167-19F67283988A}
		{8C334179-3604-408B-A0EF-B24B7A62BA2A} = {8C334179-3604-408B-A0EF-B24B7A62BA2A}
	EndProjectSection
EndProject
Project("{8BC9CEB8-8B4A-11D0-8D11-00A0C91BC942}") = "bake2tif", "PLUGINS\bake2tif\bake2tif.vcproj", "{B7FE98CF-BE49-4E86-9D28-708B468A339E}"
	ProjectSection(ProjectDependencies) = postProject
	EndProjectSection
EndProject
Project("{8BC9CEB8-8B4A-11D0-8D11-00A0C91BC942}") = "display", "display\display.vcproj", "{7E663568-7C8E-441D-B1C5-B09905E6FE67}"
	ProjectSection(ProjectDependencies) = postProject
	EndProjectSection
EndProject
Project("{8BC9CEB8-8B4A-11D0-8D11-00A0C91BC942}") = "dsotest", "dsotest\dsotest.vcproj", "{C8F5F67C-9A7D-4F51-9C92-0BE72566EE26}"
	ProjectSection(ProjectDependencies) = postProject
		{8E51C50D-8DC3-40B4-BF28-CC5EE7A9F7D6} = {8E51C50D-8DC3-40B4-BF28-CC5EE7A9F7D6}
		{1B06BFA7-1033-40C5-97CA-0D1312178306} = {1B06BFA7-1033-40C5-97CA-0D1312178306}
		{27E3A878-A364-4460-BBFE-ED836464FF87} = {27E3A878-A364-4460-BBFE-ED836464FF87}
		{FC3C23B4-DABA-483A-996E-7B89CF3EBAC3} = {FC3C23B4-DABA-483A-996E-7B89CF3EBAC3}
		{ABD1D16E-6383-46FB-80AF-42874DDE495C} = {ABD1D16E-6383-46FB-80AF-42874DDE495C}
	EndProjectSection
EndProject
Project("{8BC9CEB8-8B4A-11D0-8D11-00A0C91BC942}") = "gif2tif", "plugins\gif2tif\gif2tif.vcproj", "{E083FCA8-3121-4C2F-BF4D-E3FD1289E1FF}"
	ProjectSection(ProjectDependencies) = postProject
	EndProjectSection
EndProject
Project("{8BC9CEB8-8B4A-11D0-8D11-00A0C91BC942}") = "inline", "RENDER\inline.vcproj", "{0D7AA9F2-7A9D-48C0-B339-E546000FF9E1}"
	ProjectSection(ProjectDependencies) = postProject
	EndProjectSection
EndProject
Project("{8BC9CEB8-8B4A-11D0-8D11-00A0C91BC942}") = "jpg2tif", "plugins\jpg2tif\jpg2tif.vcproj", "{A2AB12D2-BA44-4247-91FD-E64D9E6615C8}"
	ProjectSection(ProjectDependencies) = postProject
	EndProjectSection
EndProject
Project("{8BC9CEB8-8B4A-11D0-8D11-00A0C91BC942}") = "libaqsis", "render\libaqsis.vcproj", "{DBEA2BC2-3516-424B-A61F-01A8BDEE3024}"
	ProjectSection(ProjectDependencies) = postProject
		{0BB936BF-8422-4E82-B065-9DEE86122C77} = {0BB936BF-8422-4E82-B065-9DEE86122C77}
		{9D32EF49-636E-4211-B1F9-7F71581BAC2B} = {9D32EF49-636E-4211-B1F9-7F71581BAC2B}
		{0D7AA9F2-7A9D-48C0-B339-E546000FF9E1} = {0D7AA9F2-7A9D-48C0-B339-E546000FF9E1}
		{009FD919-A0ED-49AA-9EFD-EBE859AE6AA0} = {009FD919-A0ED-49AA-9EFD-EBE859AE6AA0}
		{15169295-443B-4DF9-AB76-F0EBEFC38D4F} = {15169295-443B-4DF9-AB76-F0EBEFC38D4F}
		{12B40787-E356-4FAB-9824-39AD9E62C674} = {12B40787-E356-4FAB-9824-39AD9E62C674}
		{27E3A878-A364-4460-BBFE-ED836464FF87} = {27E3A878-A364-4460-BBFE-ED836464FF87}
		{FC3C23B4-DABA-483A-996E-7B89CF3EBAC3} = {FC3C23B4-DABA-483A-996E-7B89CF3EBAC3}
	EndProjectSection
EndProject
Project("{8BC9CEB8-8B4A-11D0-8D11-00A0C91BC942}") = "libaqsistypes", "libaqsistypes\libaqsistypes.vcproj", "{009FD919-A0ED-49AA-9EFD-EBE859AE6AA0}"
	ProjectSection(ProjectDependencies) = postProject
		{0D7AA9F2-7A9D-48C0-B339-E546000FF9E1} = {0D7AA9F2-7A9D-48C0-B339-E546000FF9E1}
	EndProjectSection
EndProject
Project("{8BC9CEB8-8B4A-11D0-8D11-00A0C91BC942}") = "libargparse", "libargparse\libargparse.vcproj", "{FE685DC4-1D9E-4A21-A167-19F67283988A}"
	ProjectSection(ProjectDependencies) = postProject
	EndProjectSection
EndProject
Project("{8BC9CEB8-8B4A-11D0-8D11-00A0C91BC942}") = "libcodegenvm", "libcodegenvm\libcodegenvm.vcproj", "{1ACD735A-B666-4B52-9459-7F5FFC8FF0E2}"
	ProjectSection(ProjectDependencies) = postProject
	EndProjectSection
EndProject
Project("{8BC9CEB8-8B4A-11D0-8D11-00A0C91BC942}") = "libddmanager", "libddmanager\libddmanager.vcproj", "{0BB936BF-8422-4E82-B065-9DEE86122C77}"
	ProjectSection(ProjectDependencies) = postProject
	EndProjectSection
EndProject
Project("{8BC9CEB8-8B4A-11D0-8D11-00A0C91BC942}") = "libraytrace", "libraytrace\libraytrace.vcproj", "{9D32EF49-636E-4211-B1F9-7F71581BAC2B}"
	ProjectSection(ProjectDependencies) = postProject
	EndProjectSection
EndProject
Project("{8BC9CEB8-8B4A-11D0-8D11-00A0C91BC942}") = "libri2rib", "libri2rib\libri2rib.vcproj", "{0F9B239F-DA97-4A9A-B389-FD1293438884}"
	ProjectSection(ProjectDependencies) = postProject
		{0D7AA9F2-7A9D-48C0-B339-E546000FF9E1} = {0D7AA9F2-7A9D-48C0-B339-E546000FF9E1}
	EndProjectSection
EndProject
Project("{8BC9CEB8-8B4A-11D0-8D11-00A0C91BC942}") = "librib2", "librib2\librib2.vcproj", "{15169295-443B-4DF9-AB76-F0EBEFC38D4F}"
	ProjectSection(ProjectDependencies) = postProject
		{0D7AA9F2-7A9D-48C0-B339-E546000FF9E1} = {0D7AA9F2-7A9D-48C0-B339-E546000FF9E1}
	EndProjectSection
EndProject
Project("{8BC9CEB8-8B4A-11D0-8D11-00A0C91BC942}") = "librib2ri", "librib2ri\librib2ri.vcproj", "{12B40787-E356-4FAB-9824-39AD9E62C674}"
	ProjectSection(ProjectDependencies) = postProject
		{0D7AA9F2-7A9D-48C0-B339-E546000FF9E1} = {0D7AA9F2-7A9D-48C0-B339-E546000FF9E1}
	EndProjectSection
EndProject
Project("{8BC9CEB8-8B4A-11D0-8D11-00A0C91BC942}") = "librib2stream", "librib2stream\librib2stream.vcproj", "{BAF0BE73-D56F-4F12-9E12-6C55FDED5703}"
	ProjectSection(ProjectDependencies) = postProject
	EndProjectSection
EndProject
Project("{8BC9CEB8-8B4A-11D0-8D11-00A0C91BC942}") = "libshaderexecenv", "libshaderexecenv\libshaderexecenv.vcproj", "{FC3C23B4-DABA-483A-996E-7B89CF3EBAC3}"
	ProjectSection(ProjectDependencies) = postProject
		{0D7AA9F2-7A9D-48C0-B339-E546000FF9E1} = {0D7AA9F2-7A9D-48C0-B339-E546000FF9E1}
	EndProjectSection
EndProject
Project("{8BC9CEB8-8B4A-11D0-8D11-00A0C91BC942}") = "libshadervm", "libshadervm\libshadervm.vcproj", "{27E3A878-A364-4460-BBFE-ED836464FF87}"
	ProjectSection(ProjectDependencies) = postProject
		{009FD919-A0ED-49AA-9EFD-EBE859AE6AA0} = {009FD919-A0ED-49AA-9EFD-EBE859AE6AA0}
	EndProjectSection
EndProject
Project("{8BC9CEB8-8B4A-11D0-8D11-00A0C91BC942}") = "libslparse", "libslparse\libslparse.vcproj", "{1B06BFA7-1033-40C5-97CA-0D1312178306}"
	ProjectSection(ProjectDependencies) = postProject
	EndProjectSection
EndProject
Project("{8BC9CEB8-8B4A-11D0-8D11-00A0C91BC942}") = "libslpp", "slpp\libslpp.vcproj", "{BA6D4CCD-CDB5-41C2-BD23-AE4CF5CB26A8}"
	ProjectSection(ProjectDependencies) = postProject
	EndProjectSection
EndProject
Project("{8BC9CEB8-8B4A-11D0-8D11-00A0C91BC942}") = "libslxargs", "libslxargs\libslxargs.vcproj", "{8C334179-3604-408B-A0EF-B24B7A62BA2A}"
	ProjectSection(ProjectDependencies) = postProject
		{0D7AA9F2-7A9D-48C0-B339-E546000FF9E1} = {0D7AA9F2-7A9D-48C0-B339-E546000FF9E1}
	EndProjectSection
EndProject
Project("{8BC9CEB8-8B4A-11D0-8D11-00A0C91BC942}") = "pcx2tif", "plugins\pcx2tif\pcx2tif.vcproj", "{A7C676FA-0EEC-4896-8036-BDDE4430EA46}"
	ProjectSection(ProjectDependencies) = postProject
	EndProjectSection
EndProject
Project("{8BC9CEB8-8B4A-11D0-8D11-00A0C91BC942}") = "ppm2tif", "plugins\ppm2tif\ppm2tif.vcproj", "{BC75BD20-FF43-42DA-B952-8504837F138D}"
	ProjectSection(ProjectDependencies) = postProject
	EndProjectSection
EndProject
Project("{8BC9CEB8-8B4A-11D0-8D11-00A0C91BC942}") = "slpp", "slpp\slpp.vcproj", "{8E51C50D-8DC3-40B4-BF28-CC5EE7A9F7D6}"
	ProjectSection(ProjectDependencies) = postProject
	EndProjectSection
EndProject
Project("{8BC9CEB8-8B4A-11D0-8D11-00A0C91BC942}") = "teqser", "teqser\teqser.vcproj", "{41A4732D-10DC-4388-9E05-1ABEBA294B7C}"
	ProjectSection(ProjectDependencies) = postProject
		{0D7AA9F2-7A9D-48C0-B339-E546000FF9E1} = {0D7AA9F2-7A9D-48C0-B339-E546000FF9E1}
		{FE685DC4-1D9E-4A21-A167-19F67283988A} = {FE685DC4-1D9E-4A21-A167-19F67283988A}
		{DBEA2BC2-3516-424B-A61F-01A8BDEE3024} = {DBEA2BC2-3516-424B-A61F-01A8BDEE3024}
	EndProjectSection
EndProject
Project("{8BC9CEB8-8B4A-11D0-8D11-00A0C91BC942}") = "tga2tif", "plugins\tga2tif\tga2tif.vcproj", "{ACCD073E-34A3-416C-8D7A-73BBE2AEDA15}"
	ProjectSection(ProjectDependencies) = postProject
	EndProjectSection
EndProject
Global
	GlobalSection(SolutionConfiguration) = preSolution
		Debug = Debug
		Debug_Static_MT = Debug_Static_MT
		Debug_Static_ST = Debug_Static_ST
		Profile = Profile
		Release = Release
		Release_Static_MT = Release_Static_MT
		Release_Static_ST = Release_Static_ST
	EndGlobalSection
	GlobalSection(ProjectConfiguration) = postSolution
		{61A19CCF-7FAD-43BC-A4F1-7928817096F3}.Debug.ActiveCfg = Debug_Static_MT|Win32
		{61A19CCF-7FAD-43BC-A4F1-7928817096F3}.Debug.Build.0 = Debug_Static_MT|Win32
		{61A19CCF-7FAD-43BC-A4F1-7928817096F3}.Debug_Static_MT.ActiveCfg = Debug_Static_MT|Win32
		{61A19CCF-7FAD-43BC-A4F1-7928817096F3}.Debug_Static_MT.Build.0 = Debug_Static_MT|Win32
		{61A19CCF-7FAD-43BC-A4F1-7928817096F3}.Debug_Static_ST.ActiveCfg = Debug_Static_ST|Win32
		{61A19CCF-7FAD-43BC-A4F1-7928817096F3}.Debug_Static_ST.Build.0 = Debug_Static_ST|Win32
		{61A19CCF-7FAD-43BC-A4F1-7928817096F3}.Profile.ActiveCfg = Release_Static_ST|Win32
		{61A19CCF-7FAD-43BC-A4F1-7928817096F3}.Profile.Build.0 = Release_Static_ST|Win32
		{61A19CCF-7FAD-43BC-A4F1-7928817096F3}.Release.ActiveCfg = Release_Static_ST|Win32
		{61A19CCF-7FAD-43BC-A4F1-7928817096F3}.Release.Build.0 = Release_Static_ST|Win32
		{61A19CCF-7FAD-43BC-A4F1-7928817096F3}.Release_Static_MT.ActiveCfg = Release_Static_MT|Win32
		{61A19CCF-7FAD-43BC-A4F1-7928817096F3}.Release_Static_MT.Build.0 = Release_Static_MT|Win32
		{61A19CCF-7FAD-43BC-A4F1-7928817096F3}.Release_Static_ST.ActiveCfg = Release_Static_ST|Win32
		{61A19CCF-7FAD-43BC-A4F1-7928817096F3}.Release_Static_ST.Build.0 = Release_Static_ST|Win32
		{6E35FDE0-8D91-49BE-8898-0AD9DA7942D3}.Debug.ActiveCfg = Debug|Win32
		{6E35FDE0-8D91-49BE-8898-0AD9DA7942D3}.Debug.Build.0 = Debug|Win32
		{6E35FDE0-8D91-49BE-8898-0AD9DA7942D3}.Debug_Static_MT.ActiveCfg = Debug|Win32
		{6E35FDE0-8D91-49BE-8898-0AD9DA7942D3}.Debug_Static_MT.Build.0 = Debug|Win32
		{6E35FDE0-8D91-49BE-8898-0AD9DA7942D3}.Debug_Static_ST.ActiveCfg = Debug|Win32
		{6E35FDE0-8D91-49BE-8898-0AD9DA7942D3}.Debug_Static_ST.Build.0 = Debug|Win32
		{6E35FDE0-8D91-49BE-8898-0AD9DA7942D3}.Profile.ActiveCfg = Profile|Win32
		{6E35FDE0-8D91-49BE-8898-0AD9DA7942D3}.Profile.Build.0 = Profile|Win32
		{6E35FDE0-8D91-49BE-8898-0AD9DA7942D3}.Release.ActiveCfg = Release|Win32
		{6E35FDE0-8D91-49BE-8898-0AD9DA7942D3}.Release.Build.0 = Release|Win32
		{6E35FDE0-8D91-49BE-8898-0AD9DA7942D3}.Release_Static_MT.ActiveCfg = Release|Win32
		{6E35FDE0-8D91-49BE-8898-0AD9DA7942D3}.Release_Static_MT.Build.0 = Release|Win32
		{6E35FDE0-8D91-49BE-8898-0AD9DA7942D3}.Release_Static_ST.ActiveCfg = Release|Win32
		{6E35FDE0-8D91-49BE-8898-0AD9DA7942D3}.Release_Static_ST.Build.0 = Release|Win32
		{B9898979-FC15-4371-A66E-A12E2ABB42CF}.Debug.ActiveCfg = Debug|Win32
		{B9898979-FC15-4371-A66E-A12E2ABB42CF}.Debug.Build.0 = Debug|Win32
		{B9898979-FC15-4371-A66E-A12E2ABB42CF}.Debug_Static_MT.ActiveCfg = Debug|Win32
		{B9898979-FC15-4371-A66E-A12E2ABB42CF}.Debug_Static_MT.Build.0 = Debug|Win32
		{B9898979-FC15-4371-A66E-A12E2ABB42CF}.Debug_Static_ST.ActiveCfg = Debug|Win32
		{B9898979-FC15-4371-A66E-A12E2ABB42CF}.Debug_Static_ST.Build.0 = Debug|Win32
		{B9898979-FC15-4371-A66E-A12E2ABB42CF}.Profile.ActiveCfg = Profile|Win32
		{B9898979-FC15-4371-A66E-A12E2ABB42CF}.Profile.Build.0 = Profile|Win32
		{B9898979-FC15-4371-A66E-A12E2ABB42CF}.Release.ActiveCfg = Release|Win32
		{B9898979-FC15-4371-A66E-A12E2ABB42CF}.Release.Build.0 = Release|Win32
		{B9898979-FC15-4371-A66E-A12E2ABB42CF}.Release_Static_MT.ActiveCfg = Release|Win32
		{B9898979-FC15-4371-A66E-A12E2ABB42CF}.Release_Static_MT.Build.0 = Release|Win32
		{B9898979-FC15-4371-A66E-A12E2ABB42CF}.Release_Static_ST.ActiveCfg = Release|Win32
		{B9898979-FC15-4371-A66E-A12E2ABB42CF}.Release_Static_ST.Build.0 = Release|Win32
		{ABD1D16E-6383-46FB-80AF-42874DDE495C}.Debug.ActiveCfg = Debug|Win32
		{ABD1D16E-6383-46FB-80AF-42874DDE495C}.Debug.Build.0 = Debug|Win32
		{ABD1D16E-6383-46FB-80AF-42874DDE495C}.Debug_Static_MT.ActiveCfg = Debug|Win32
		{ABD1D16E-6383-46FB-80AF-42874DDE495C}.Debug_Static_MT.Build.0 = Debug|Win32
		{ABD1D16E-6383-46FB-80AF-42874DDE495C}.Debug_Static_ST.ActiveCfg = Debug|Win32
		{ABD1D16E-6383-46FB-80AF-42874DDE495C}.Debug_Static_ST.Build.0 = Debug|Win32
		{ABD1D16E-6383-46FB-80AF-42874DDE495C}.Profile.ActiveCfg = Profile|Win32
		{ABD1D16E-6383-46FB-80AF-42874DDE495C}.Profile.Build.0 = Profile|Win32
		{ABD1D16E-6383-46FB-80AF-42874DDE495C}.Release.ActiveCfg = Release|Win32
		{ABD1D16E-6383-46FB-80AF-42874DDE495C}.Release.Build.0 = Release|Win32
		{ABD1D16E-6383-46FB-80AF-42874DDE495C}.Release_Static_MT.ActiveCfg = Release|Win32
		{ABD1D16E-6383-46FB-80AF-42874DDE495C}.Release_Static_MT.Build.0 = Release|Win32
		{ABD1D16E-6383-46FB-80AF-42874DDE495C}.Release_Static_ST.ActiveCfg = Release|Win32
		{ABD1D16E-6383-46FB-80AF-42874DDE495C}.Release_Static_ST.Build.0 = Release|Win32
		{6BCBB860-3743-4C8A-A319-0D11F58C5D27}.Debug.ActiveCfg = Debug|Win32
		{6BCBB860-3743-4C8A-A319-0D11F58C5D27}.Debug.Build.0 = Debug|Win32
		{6BCBB860-3743-4C8A-A319-0D11F58C5D27}.Debug_Static_MT.ActiveCfg = Debug|Win32
		{6BCBB860-3743-4C8A-A319-0D11F58C5D27}.Debug_Static_MT.Build.0 = Debug|Win32
		{6BCBB860-3743-4C8A-A319-0D11F58C5D27}.Debug_Static_ST.ActiveCfg = Debug|Win32
		{6BCBB860-3743-4C8A-A319-0D11F58C5D27}.Debug_Static_ST.Build.0 = Debug|Win32
		{6BCBB860-3743-4C8A-A319-0D11F58C5D27}.Profile.ActiveCfg = Profile|Win32
		{6BCBB860-3743-4C8A-A319-0D11F58C5D27}.Profile.Build.0 = Profile|Win32
		{6BCBB860-3743-4C8A-A319-0D11F58C5D27}.Release.ActiveCfg = Release|Win32
		{6BCBB860-3743-4C8A-A319-0D11F58C5D27}.Release.Build.0 = Release|Win32
		{6BCBB860-3743-4C8A-A319-0D11F58C5D27}.Release_Static_MT.ActiveCfg = Release|Win32
		{6BCBB860-3743-4C8A-A319-0D11F58C5D27}.Release_Static_MT.Build.0 = Release|Win32
		{6BCBB860-3743-4C8A-A319-0D11F58C5D27}.Release_Static_ST.ActiveCfg = Release|Win32
		{6BCBB860-3743-4C8A-A319-0D11F58C5D27}.Release_Static_ST.Build.0 = Release|Win32
		{CCAA4CD9-7F48-46EF-B491-9645AE649172}.Debug.ActiveCfg = Debug|Win32
		{CCAA4CD9-7F48-46EF-B491-9645AE649172}.Debug.Build.0 = Debug|Win32
		{CCAA4CD9-7F48-46EF-B491-9645AE649172}.Debug_Static_MT.ActiveCfg = Debug|Win32
		{CCAA4CD9-7F48-46EF-B491-9645AE649172}.Debug_Static_MT.Build.0 = Debug|Win32
		{CCAA4CD9-7F48-46EF-B491-9645AE649172}.Debug_Static_ST.ActiveCfg = Debug|Win32
		{CCAA4CD9-7F48-46EF-B491-9645AE649172}.Debug_Static_ST.Build.0 = Debug|Win32
		{CCAA4CD9-7F48-46EF-B491-9645AE649172}.Profile.ActiveCfg = Profile|Win32
		{CCAA4CD9-7F48-46EF-B491-9645AE649172}.Profile.Build.0 = Profile|Win32
		{CCAA4CD9-7F48-46EF-B491-9645AE649172}.Release.ActiveCfg = Release|Win32
		{CCAA4CD9-7F48-46EF-B491-9645AE649172}.Release.Build.0 = Release|Win32
		{CCAA4CD9-7F48-46EF-B491-9645AE649172}.Release_Static_MT.ActiveCfg = Release|Win32
		{CCAA4CD9-7F48-46EF-B491-9645AE649172}.Release_Static_MT.Build.0 = Release|Win32
		{CCAA4CD9-7F48-46EF-B491-9645AE649172}.Release_Static_ST.ActiveCfg = Release|Win32
		{CCAA4CD9-7F48-46EF-B491-9645AE649172}.Release_Static_ST.Build.0 = Release|Win32
		{B7FE98CF-BE49-4E86-9D28-708B468A339E}.Debug.ActiveCfg = Debug|Win32
		{B7FE98CF-BE49-4E86-9D28-708B468A339E}.Debug.Build.0 = Debug|Win32
		{B7FE98CF-BE49-4E86-9D28-708B468A339E}.Debug_Static_MT.ActiveCfg = Debug|Win32
		{B7FE98CF-BE49-4E86-9D28-708B468A339E}.Debug_Static_MT.Build.0 = Debug|Win32
		{B7FE98CF-BE49-4E86-9D28-708B468A339E}.Debug_Static_ST.ActiveCfg = Debug|Win32
		{B7FE98CF-BE49-4E86-9D28-708B468A339E}.Debug_Static_ST.Build.0 = Debug|Win32
		{B7FE98CF-BE49-4E86-9D28-708B468A339E}.Profile.ActiveCfg = Profile|Win32
		{B7FE98CF-BE49-4E86-9D28-708B468A339E}.Profile.Build.0 = Profile|Win32
		{B7FE98CF-BE49-4E86-9D28-708B468A339E}.Release.ActiveCfg = Release|Win32
		{B7FE98CF-BE49-4E86-9D28-708B468A339E}.Release.Build.0 = Release|Win32
		{B7FE98CF-BE49-4E86-9D28-708B468A339E}.Release_Static_MT.ActiveCfg = Release|Win32
		{B7FE98CF-BE49-4E86-9D28-708B468A339E}.Release_Static_MT.Build.0 = Release|Win32
		{B7FE98CF-BE49-4E86-9D28-708B468A339E}.Release_Static_ST.ActiveCfg = Release|Win32
		{B7FE98CF-BE49-4E86-9D28-708B468A339E}.Release_Static_ST.Build.0 = Release|Win32
		{7E663568-7C8E-441D-B1C5-B09905E6FE67}.Debug.ActiveCfg = Debug|Win32
		{7E663568-7C8E-441D-B1C5-B09905E6FE67}.Debug.Build.0 = Debug|Win32
		{7E663568-7C8E-441D-B1C5-B09905E6FE67}.Debug_Static_MT.ActiveCfg = Debug|Win32
		{7E663568-7C8E-441D-B1C5-B09905E6FE67}.Debug_Static_MT.Build.0 = Debug|Win32
		{7E663568-7C8E-441D-B1C5-B09905E6FE67}.Debug_Static_ST.ActiveCfg = Debug|Win32
		{7E663568-7C8E-441D-B1C5-B09905E6FE67}.Debug_Static_ST.Build.0 = Debug|Win32
		{7E663568-7C8E-441D-B1C5-B09905E6FE67}.Profile.ActiveCfg = Release|Win32
		{7E663568-7C8E-441D-B1C5-B09905E6FE67}.Profile.Build.0 = Release|Win32
		{7E663568-7C8E-441D-B1C5-B09905E6FE67}.Release.ActiveCfg = Release|Win32
		{7E663568-7C8E-441D-B1C5-B09905E6FE67}.Release.Build.0 = Release|Win32
		{7E663568-7C8E-441D-B1C5-B09905E6FE67}.Release_Static_MT.ActiveCfg = Release|Win32
		{7E663568-7C8E-441D-B1C5-B09905E6FE67}.Release_Static_MT.Build.0 = Release|Win32
		{7E663568-7C8E-441D-B1C5-B09905E6FE67}.Release_Static_ST.ActiveCfg = Release|Win32
		{7E663568-7C8E-441D-B1C5-B09905E6FE67}.Release_Static_ST.Build.0 = Release|Win32
		{C8F5F67C-9A7D-4F51-9C92-0BE72566EE26}.Debug.ActiveCfg = Debug|Win32
		{C8F5F67C-9A7D-4F51-9C92-0BE72566EE26}.Debug.Build.0 = Debug|Win32
		{C8F5F67C-9A7D-4F51-9C92-0BE72566EE26}.Debug_Static_MT.ActiveCfg = Debug|Win32
		{C8F5F67C-9A7D-4F51-9C92-0BE72566EE26}.Debug_Static_MT.Build.0 = Debug|Win32
		{C8F5F67C-9A7D-4F51-9C92-0BE72566EE26}.Debug_Static_ST.ActiveCfg = Debug|Win32
		{C8F5F67C-9A7D-4F51-9C92-0BE72566EE26}.Debug_Static_ST.Build.0 = Debug|Win32
		{C8F5F67C-9A7D-4F51-9C92-0BE72566EE26}.Profile.ActiveCfg = Profile|Win32
		{C8F5F67C-9A7D-4F51-9C92-0BE72566EE26}.Profile.Build.0 = Profile|Win32
		{C8F5F67C-9A7D-4F51-9C92-0BE72566EE26}.Release.ActiveCfg = Release|Win32
		{C8F5F67C-9A7D-4F51-9C92-0BE72566EE26}.Release.Build.0 = Release|Win32
		{C8F5F67C-9A7D-4F51-9C92-0BE72566EE26}.Release_Static_MT.ActiveCfg = Release|Win32
		{C8F5F67C-9A7D-4F51-9C92-0BE72566EE26}.Release_Static_MT.Build.0 = Release|Win32
		{C8F5F67C-9A7D-4F51-9C92-0BE72566EE26}.Release_Static_ST.ActiveCfg = Release|Win32
		{C8F5F67C-9A7D-4F51-9C92-0BE72566EE26}.Release_Static_ST.Build.0 = Release|Win32
		{E083FCA8-3121-4C2F-BF4D-E3FD1289E1FF}.Debug.ActiveCfg = Debug|Win32
		{E083FCA8-3121-4C2F-BF4D-E3FD1289E1FF}.Debug.Build.0 = Debug|Win32
		{E083FCA8-3121-4C2F-BF4D-E3FD1289E1FF}.Debug_Static_MT.ActiveCfg = Debug|Win32
		{E083FCA8-3121-4C2F-BF4D-E3FD1289E1FF}.Debug_Static_MT.Build.0 = Debug|Win32
		{E083FCA8-3121-4C2F-BF4D-E3FD1289E1FF}.Debug_Static_ST.ActiveCfg = Debug|Win32
		{E083FCA8-3121-4C2F-BF4D-E3FD1289E1FF}.Debug_Static_ST.Build.0 = Debug|Win32
		{E083FCA8-3121-4C2F-BF4D-E3FD1289E1FF}.Profile.ActiveCfg = Profile|Win32
		{E083FCA8-3121-4C2F-BF4D-E3FD1289E1FF}.Profile.Build.0 = Profile|Win32
		{E083FCA8-3121-4C2F-BF4D-E3FD1289E1FF}.Release.ActiveCfg = Release|Win32
		{E083FCA8-3121-4C2F-BF4D-E3FD1289E1FF}.Release.Build.0 = Release|Win32
		{E083FCA8-3121-4C2F-BF4D-E3FD1289E1FF}.Release_Static_MT.ActiveCfg = Release|Win32
		{E083FCA8-3121-4C2F-BF4D-E3FD1289E1FF}.Release_Static_MT.Build.0 = Release|Win32
		{E083FCA8-3121-4C2F-BF4D-E3FD1289E1FF}.Release_Static_ST.ActiveCfg = Release|Win32
		{E083FCA8-3121-4C2F-BF4D-E3FD1289E1FF}.Release_Static_ST.Build.0 = Release|Win32
		{0D7AA9F2-7A9D-48C0-B339-E546000FF9E1}.Debug.ActiveCfg = Debug|Win32
		{0D7AA9F2-7A9D-48C0-B339-E546000FF9E1}.Debug.Build.0 = Debug|Win32
		{0D7AA9F2-7A9D-48C0-B339-E546000FF9E1}.Debug_Static_MT.ActiveCfg = Debug|Win32
		{0D7AA9F2-7A9D-48C0-B339-E546000FF9E1}.Debug_Static_MT.Build.0 = Debug|Win32
		{0D7AA9F2-7A9D-48C0-B339-E546000FF9E1}.Debug_Static_ST.ActiveCfg = Debug|Win32
		{0D7AA9F2-7A9D-48C0-B339-E546000FF9E1}.Debug_Static_ST.Build.0 = Debug|Win32
		{0D7AA9F2-7A9D-48C0-B339-E546000FF9E1}.Profile.ActiveCfg = Debug|Win32
		{0D7AA9F2-7A9D-48C0-B339-E546000FF9E1}.Profile.Build.0 = Debug|Win32
		{0D7AA9F2-7A9D-48C0-B339-E546000FF9E1}.Release.ActiveCfg = Release|Win32
		{0D7AA9F2-7A9D-48C0-B339-E546000FF9E1}.Release.Build.0 = Release|Win32
		{0D7AA9F2-7A9D-48C0-B339-E546000FF9E1}.Release_Static_MT.ActiveCfg = Release|Win32
		{0D7AA9F2-7A9D-48C0-B339-E546000FF9E1}.Release_Static_MT.Build.0 = Release|Win32
		{0D7AA9F2-7A9D-48C0-B339-E546000FF9E1}.Release_Static_ST.ActiveCfg = Release|Win32
		{0D7AA9F2-7A9D-48C0-B339-E546000FF9E1}.Release_Static_ST.Build.0 = Release|Win32
		{A2AB12D2-BA44-4247-91FD-E64D9E6615C8}.Debug.ActiveCfg = Debug|Win32
		{A2AB12D2-BA44-4247-91FD-E64D9E6615C8}.Debug.Build.0 = Debug|Win32
		{A2AB12D2-BA44-4247-91FD-E64D9E6615C8}.Debug_Static_MT.ActiveCfg = Debug|Win32
		{A2AB12D2-BA44-4247-91FD-E64D9E6615C8}.Debug_Static_MT.Build.0 = Debug|Win32
		{A2AB12D2-BA44-4247-91FD-E64D9E6615C8}.Debug_Static_ST.ActiveCfg = Debug|Win32
		{A2AB12D2-BA44-4247-91FD-E64D9E6615C8}.Debug_Static_ST.Build.0 = Debug|Win32
		{A2AB12D2-BA44-4247-91FD-E64D9E6615C8}.Profile.ActiveCfg = Profile|Win32
		{A2AB12D2-BA44-4247-91FD-E64D9E6615C8}.Profile.Build.0 = Profile|Win32
		{A2AB12D2-BA44-4247-91FD-E64D9E6615C8}.Release.ActiveCfg = Release|Win32
		{A2AB12D2-BA44-4247-91FD-E64D9E6615C8}.Release.Build.0 = Release|Win32
		{A2AB12D2-BA44-4247-91FD-E64D9E6615C8}.Release_Static_MT.ActiveCfg = Release|Win32
		{A2AB12D2-BA44-4247-91FD-E64D9E6615C8}.Release_Static_MT.Build.0 = Release|Win32
		{A2AB12D2-BA44-4247-91FD-E64D9E6615C8}.Release_Static_ST.ActiveCfg = Release|Win32
		{A2AB12D2-BA44-4247-91FD-E64D9E6615C8}.Release_Static_ST.Build.0 = Release|Win32
		{DBEA2BC2-3516-424B-A61F-01A8BDEE3024}.Debug.ActiveCfg = Debug|Win32
		{DBEA2BC2-3516-424B-A61F-01A8BDEE3024}.Debug.Build.0 = Debug|Win32
		{DBEA2BC2-3516-424B-A61F-01A8BDEE3024}.Debug_Static_MT.ActiveCfg = Debug|Win32
		{DBEA2BC2-3516-424B-A61F-01A8BDEE3024}.Debug_Static_MT.Build.0 = Debug|Win32
		{DBEA2BC2-3516-424B-A61F-01A8BDEE3024}.Debug_Static_ST.ActiveCfg = Debug|Win32
		{DBEA2BC2-3516-424B-A61F-01A8BDEE3024}.Debug_Static_ST.Build.0 = Debug|Win32
		{DBEA2BC2-3516-424B-A61F-01A8BDEE3024}.Profile.ActiveCfg = Profile|Win32
		{DBEA2BC2-3516-424B-A61F-01A8BDEE3024}.Profile.Build.0 = Profile|Win32
		{DBEA2BC2-3516-424B-A61F-01A8BDEE3024}.Release.ActiveCfg = Release|Win32
		{DBEA2BC2-3516-424B-A61F-01A8BDEE3024}.Release.Build.0 = Release|Win32
		{DBEA2BC2-3516-424B-A61F-01A8BDEE3024}.Release_Static_MT.ActiveCfg = Release|Win32
		{DBEA2BC2-3516-424B-A61F-01A8BDEE3024}.Release_Static_MT.Build.0 = Release|Win32
		{DBEA2BC2-3516-424B-A61F-01A8BDEE3024}.Release_Static_ST.ActiveCfg = Release|Win32
		{DBEA2BC2-3516-424B-A61F-01A8BDEE3024}.Release_Static_ST.Build.0 = Release|Win32
		{009FD919-A0ED-49AA-9EFD-EBE859AE6AA0}.Debug.ActiveCfg = Debug|Win32
		{009FD919-A0ED-49AA-9EFD-EBE859AE6AA0}.Debug.Build.0 = Debug|Win32
		{009FD919-A0ED-49AA-9EFD-EBE859AE6AA0}.Debug_Static_MT.ActiveCfg = Debug_Static_MT|Win32
		{009FD919-A0ED-49AA-9EFD-EBE859AE6AA0}.Debug_Static_MT.Build.0 = Debug_Static_MT|Win32
		{009FD919-A0ED-49AA-9EFD-EBE859AE6AA0}.Debug_Static_ST.ActiveCfg = Debug_Static_ST|Win32
		{009FD919-A0ED-49AA-9EFD-EBE859AE6AA0}.Debug_Static_ST.Build.0 = Debug_Static_ST|Win32
		{009FD919-A0ED-49AA-9EFD-EBE859AE6AA0}.Profile.ActiveCfg = Profile|Win32
		{009FD919-A0ED-49AA-9EFD-EBE859AE6AA0}.Profile.Build.0 = Profile|Win32
		{009FD919-A0ED-49AA-9EFD-EBE859AE6AA0}.Release.ActiveCfg = Release|Win32
		{009FD919-A0ED-49AA-9EFD-EBE859AE6AA0}.Release.Build.0 = Release|Win32
		{009FD919-A0ED-49AA-9EFD-EBE859AE6AA0}.Release_Static_MT.ActiveCfg = Release_Static_MT|Win32
		{009FD919-A0ED-49AA-9EFD-EBE859AE6AA0}.Release_Static_MT.Build.0 = Release_Static_MT|Win32
		{009FD919-A0ED-49AA-9EFD-EBE859AE6AA0}.Release_Static_ST.ActiveCfg = Release_Static_ST|Win32
		{009FD919-A0ED-49AA-9EFD-EBE859AE6AA0}.Release_Static_ST.Build.0 = Release_Static_ST|Win32
		{FE685DC4-1D9E-4A21-A167-19F67283988A}.Debug.ActiveCfg = Debug|Win32
		{FE685DC4-1D9E-4A21-A167-19F67283988A}.Debug.Build.0 = Debug|Win32
		{FE685DC4-1D9E-4A21-A167-19F67283988A}.Debug_Static_MT.ActiveCfg = Debug_Static_MT|Win32
		{FE685DC4-1D9E-4A21-A167-19F67283988A}.Debug_Static_MT.Build.0 = Debug_Static_MT|Win32
		{FE685DC4-1D9E-4A21-A167-19F67283988A}.Debug_Static_ST.ActiveCfg = Debug_Static_ST|Win32
		{FE685DC4-1D9E-4A21-A167-19F67283988A}.Debug_Static_ST.Build.0 = Debug_Static_ST|Win32
		{FE685DC4-1D9E-4A21-A167-19F67283988A}.Profile.ActiveCfg = Profile|Win32
		{FE685DC4-1D9E-4A21-A167-19F67283988A}.Profile.Build.0 = Profile|Win32
		{FE685DC4-1D9E-4A21-A167-19F67283988A}.Release.ActiveCfg = Release|Win32
		{FE685DC4-1D9E-4A21-A167-19F67283988A}.Release.Build.0 = Release|Win32
		{FE685DC4-1D9E-4A21-A167-19F67283988A}.Release_Static_MT.ActiveCfg = Release_Static_MT|Win32
		{FE685DC4-1D9E-4A21-A167-19F67283988A}.Release_Static_MT.Build.0 = Release_Static_MT|Win32
		{FE685DC4-1D9E-4A21-A167-19F67283988A}.Release_Static_ST.ActiveCfg = Release_Static_ST|Win32
		{FE685DC4-1D9E-4A21-A167-19F67283988A}.Release_Static_ST.Build.0 = Release_Static_ST|Win32
		{1ACD735A-B666-4B52-9459-7F5FFC8FF0E2}.Debug.ActiveCfg = Debug|Win32
		{1ACD735A-B666-4B52-9459-7F5FFC8FF0E2}.Debug.Build.0 = Debug|Win32
		{1ACD735A-B666-4B52-9459-7F5FFC8FF0E2}.Debug_Static_MT.ActiveCfg = Debug|Win32
		{1ACD735A-B666-4B52-9459-7F5FFC8FF0E2}.Debug_Static_MT.Build.0 = Debug|Win32
		{1ACD735A-B666-4B52-9459-7F5FFC8FF0E2}.Debug_Static_ST.ActiveCfg = Debug|Win32
		{1ACD735A-B666-4B52-9459-7F5FFC8FF0E2}.Debug_Static_ST.Build.0 = Debug|Win32
		{1ACD735A-B666-4B52-9459-7F5FFC8FF0E2}.Profile.ActiveCfg = Profile|Win32
		{1ACD735A-B666-4B52-9459-7F5FFC8FF0E2}.Profile.Build.0 = Profile|Win32
		{1ACD735A-B666-4B52-9459-7F5FFC8FF0E2}.Release.ActiveCfg = Release|Win32
		{1ACD735A-B666-4B52-9459-7F5FFC8FF0E2}.Release.Build.0 = Release|Win32
		{1ACD735A-B666-4B52-9459-7F5FFC8FF0E2}.Release_Static_MT.ActiveCfg = Release|Win32
		{1ACD735A-B666-4B52-9459-7F5FFC8FF0E2}.Release_Static_MT.Build.0 = Release|Win32
		{1ACD735A-B666-4B52-9459-7F5FFC8FF0E2}.Release_Static_ST.ActiveCfg = Release|Win32
		{1ACD735A-B666-4B52-9459-7F5FFC8FF0E2}.Release_Static_ST.Build.0 = Release|Win32
		{0BB936BF-8422-4E82-B065-9DEE86122C77}.Debug.ActiveCfg = Debug|Win32
		{0BB936BF-8422-4E82-B065-9DEE86122C77}.Debug.Build.0 = Debug|Win32
		{0BB936BF-8422-4E82-B065-9DEE86122C77}.Debug_Static_MT.ActiveCfg = Debug|Win32
		{0BB936BF-8422-4E82-B065-9DEE86122C77}.Debug_Static_MT.Build.0 = Debug|Win32
		{0BB936BF-8422-4E82-B065-9DEE86122C77}.Debug_Static_ST.ActiveCfg = Debug|Win32
		{0BB936BF-8422-4E82-B065-9DEE86122C77}.Debug_Static_ST.Build.0 = Debug|Win32
		{0BB936BF-8422-4E82-B065-9DEE86122C77}.Profile.ActiveCfg = Release|Win32
		{0BB936BF-8422-4E82-B065-9DEE86122C77}.Profile.Build.0 = Release|Win32
		{0BB936BF-8422-4E82-B065-9DEE86122C77}.Release.ActiveCfg = Release|Win32
		{0BB936BF-8422-4E82-B065-9DEE86122C77}.Release.Build.0 = Release|Win32
		{0BB936BF-8422-4E82-B065-9DEE86122C77}.Release_Static_MT.ActiveCfg = Release|Win32
		{0BB936BF-8422-4E82-B065-9DEE86122C77}.Release_Static_MT.Build.0 = Release|Win32
		{0BB936BF-8422-4E82-B065-9DEE86122C77}.Release_Static_ST.ActiveCfg = Release|Win32
		{0BB936BF-8422-4E82-B065-9DEE86122C77}.Release_Static_ST.Build.0 = Release|Win32
		{9D32EF49-636E-4211-B1F9-7F71581BAC2B}.Debug.ActiveCfg = Debug|Win32
		{9D32EF49-636E-4211-B1F9-7F71581BAC2B}.Debug.Build.0 = Debug|Win32
		{9D32EF49-636E-4211-B1F9-7F71581BAC2B}.Debug_Static_MT.ActiveCfg = Debug|Win32
		{9D32EF49-636E-4211-B1F9-7F71581BAC2B}.Debug_Static_MT.Build.0 = Debug|Win32
		{9D32EF49-636E-4211-B1F9-7F71581BAC2B}.Debug_Static_ST.ActiveCfg = Debug|Win32
		{9D32EF49-636E-4211-B1F9-7F71581BAC2B}.Debug_Static_ST.Build.0 = Debug|Win32
		{9D32EF49-636E-4211-B1F9-7F71581BAC2B}.Profile.ActiveCfg = Profile|Win32
		{9D32EF49-636E-4211-B1F9-7F71581BAC2B}.Profile.Build.0 = Profile|Win32
		{9D32EF49-636E-4211-B1F9-7F71581BAC2B}.Release.ActiveCfg = Release|Win32
		{9D32EF49-636E-4211-B1F9-7F71581BAC2B}.Release.Build.0 = Release|Win32
		{9D32EF49-636E-4211-B1F9-7F71581BAC2B}.Release_Static_MT.ActiveCfg = Release|Win32
		{9D32EF49-636E-4211-B1F9-7F71581BAC2B}.Release_Static_MT.Build.0 = Release|Win32
		{9D32EF49-636E-4211-B1F9-7F71581BAC2B}.Release_Static_ST.ActiveCfg = Release|Win32
		{9D32EF49-636E-4211-B1F9-7F71581BAC2B}.Release_Static_ST.Build.0 = Release|Win32
		{0F9B239F-DA97-4A9A-B389-FD1293438884}.Debug.ActiveCfg = Debug|Win32
		{0F9B239F-DA97-4A9A-B389-FD1293438884}.Debug.Build.0 = Debug|Win32
		{0F9B239F-DA97-4A9A-B389-FD1293438884}.Debug_Static_MT.ActiveCfg = Debug_Static_MT|Win32
		{0F9B239F-DA97-4A9A-B389-FD1293438884}.Debug_Static_MT.Build.0 = Debug_Static_MT|Win32
		{0F9B239F-DA97-4A9A-B389-FD1293438884}.Debug_Static_ST.ActiveCfg = Debug_Static_ST|Win32
		{0F9B239F-DA97-4A9A-B389-FD1293438884}.Debug_Static_ST.Build.0 = Debug_Static_ST|Win32
		{0F9B239F-DA97-4A9A-B389-FD1293438884}.Profile.ActiveCfg = Profile|Win32
		{0F9B239F-DA97-4A9A-B389-FD1293438884}.Profile.Build.0 = Profile|Win32
		{0F9B239F-DA97-4A9A-B389-FD1293438884}.Release.ActiveCfg = Release|Win32
		{0F9B239F-DA97-4A9A-B389-FD1293438884}.Release.Build.0 = Release|Win32
		{0F9B239F-DA97-4A9A-B389-FD1293438884}.Release_Static_MT.ActiveCfg = Release_Static_MT|Win32
		{0F9B239F-DA97-4A9A-B389-FD1293438884}.Release_Static_MT.Build.0 = Release_Static_MT|Win32
		{0F9B239F-DA97-4A9A-B389-FD1293438884}.Release_Static_ST.ActiveCfg = Release_Static_ST|Win32
		{0F9B239F-DA97-4A9A-B389-FD1293438884}.Release_Static_ST.Build.0 = Release_Static_ST|Win32
		{15169295-443B-4DF9-AB76-F0EBEFC38D4F}.Debug.ActiveCfg = Debug|Win32
		{15169295-443B-4DF9-AB76-F0EBEFC38D4F}.Debug.Build.0 = Debug|Win32
		{15169295-443B-4DF9-AB76-F0EBEFC38D4F}.Debug_Static_MT.ActiveCfg = Debug_Static_MT|Win32
		{15169295-443B-4DF9-AB76-F0EBEFC38D4F}.Debug_Static_MT.Build.0 = Debug_Static_MT|Win32
		{15169295-443B-4DF9-AB76-F0EBEFC38D4F}.Debug_Static_ST.ActiveCfg = Debug_Static_ST|Win32
		{15169295-443B-4DF9-AB76-F0EBEFC38D4F}.Debug_Static_ST.Build.0 = Debug_Static_ST|Win32
		{15169295-443B-4DF9-AB76-F0EBEFC38D4F}.Profile.ActiveCfg = Profile|Win32
		{15169295-443B-4DF9-AB76-F0EBEFC38D4F}.Profile.Build.0 = Profile|Win32
		{15169295-443B-4DF9-AB76-F0EBEFC38D4F}.Release.ActiveCfg = Release|Win32
		{15169295-443B-4DF9-AB76-F0EBEFC38D4F}.Release.Build.0 = Release|Win32
		{15169295-443B-4DF9-AB76-F0EBEFC38D4F}.Release_Static_MT.ActiveCfg = Release_Static_MT|Win32
		{15169295-443B-4DF9-AB76-F0EBEFC38D4F}.Release_Static_MT.Build.0 = Release_Static_MT|Win32
		{15169295-443B-4DF9-AB76-F0EBEFC38D4F}.Release_Static_ST.ActiveCfg = Release_Static_ST|Win32
		{15169295-443B-4DF9-AB76-F0EBEFC38D4F}.Release_Static_ST.Build.0 = Release_Static_ST|Win32
		{12B40787-E356-4FAB-9824-39AD9E62C674}.Debug.ActiveCfg = Debug|Win32
		{12B40787-E356-4FAB-9824-39AD9E62C674}.Debug.Build.0 = Debug|Win32
		{12B40787-E356-4FAB-9824-39AD9E62C674}.Debug_Static_MT.ActiveCfg = Debug_Static_MT|Win32
		{12B40787-E356-4FAB-9824-39AD9E62C674}.Debug_Static_MT.Build.0 = Debug_Static_MT|Win32
		{12B40787-E356-4FAB-9824-39AD9E62C674}.Debug_Static_ST.ActiveCfg = Debug_Static_ST|Win32
		{12B40787-E356-4FAB-9824-39AD9E62C674}.Debug_Static_ST.Build.0 = Debug_Static_ST|Win32
		{12B40787-E356-4FAB-9824-39AD9E62C674}.Profile.ActiveCfg = Profile|Win32
		{12B40787-E356-4FAB-9824-39AD9E62C674}.Profile.Build.0 = Profile|Win32
		{12B40787-E356-4FAB-9824-39AD9E62C674}.Release.ActiveCfg = Release|Win32
		{12B40787-E356-4FAB-9824-39AD9E62C674}.Release.Build.0 = Release|Win32
		{12B40787-E356-4FAB-9824-39AD9E62C674}.Release_Static_MT.ActiveCfg = Release_Static_MT|Win32
		{12B40787-E356-4FAB-9824-39AD9E62C674}.Release_Static_MT.Build.0 = Release_Static_MT|Win32
		{12B40787-E356-4FAB-9824-39AD9E62C674}.Release_Static_ST.ActiveCfg = Release_Static_ST|Win32
		{12B40787-E356-4FAB-9824-39AD9E62C674}.Release_Static_ST.Build.0 = Release_Static_ST|Win32
		{BAF0BE73-D56F-4F12-9E12-6C55FDED5703}.Debug.ActiveCfg = Debug|Win32
		{BAF0BE73-D56F-4F12-9E12-6C55FDED5703}.Debug.Build.0 = Debug|Win32
		{BAF0BE73-D56F-4F12-9E12-6C55FDED5703}.Debug_Static_MT.ActiveCfg = Debug|Win32
		{BAF0BE73-D56F-4F12-9E12-6C55FDED5703}.Debug_Static_MT.Build.0 = Debug|Win32
		{BAF0BE73-D56F-4F12-9E12-6C55FDED5703}.Debug_Static_ST.ActiveCfg = Debug|Win32
		{BAF0BE73-D56F-4F12-9E12-6C55FDED5703}.Debug_Static_ST.Build.0 = Debug|Win32
		{BAF0BE73-D56F-4F12-9E12-6C55FDED5703}.Profile.ActiveCfg = Profile|Win32
		{BAF0BE73-D56F-4F12-9E12-6C55FDED5703}.Profile.Build.0 = Profile|Win32
		{BAF0BE73-D56F-4F12-9E12-6C55FDED5703}.Release.ActiveCfg = Release|Win32
		{BAF0BE73-D56F-4F12-9E12-6C55FDED5703}.Release.Build.0 = Release|Win32
		{BAF0BE73-D56F-4F12-9E12-6C55FDED5703}.Release_Static_MT.ActiveCfg = Release|Win32
		{BAF0BE73-D56F-4F12-9E12-6C55FDED5703}.Release_Static_MT.Build.0 = Release|Win32
		{BAF0BE73-D56F-4F12-9E12-6C55FDED5703}.Release_Static_ST.ActiveCfg = Release|Win32
		{BAF0BE73-D56F-4F12-9E12-6C55FDED5703}.Release_Static_ST.Build.0 = Release|Win32
		{FC3C23B4-DABA-483A-996E-7B89CF3EBAC3}.Debug.ActiveCfg = Debug|Win32
		{FC3C23B4-DABA-483A-996E-7B89CF3EBAC3}.Debug.Build.0 = Debug|Win32
		{FC3C23B4-DABA-483A-996E-7B89CF3EBAC3}.Debug_Static_MT.ActiveCfg = Debug_Static_MT|Win32
		{FC3C23B4-DABA-483A-996E-7B89CF3EBAC3}.Debug_Static_MT.Build.0 = Debug_Static_MT|Win32
		{FC3C23B4-DABA-483A-996E-7B89CF3EBAC3}.Debug_Static_ST.ActiveCfg = Debug_Static_ST|Win32
		{FC3C23B4-DABA-483A-996E-7B89CF3EBAC3}.Debug_Static_ST.Build.0 = Debug_Static_ST|Win32
		{FC3C23B4-DABA-483A-996E-7B89CF3EBAC3}.Profile.ActiveCfg = Profile|Win32
		{FC3C23B4-DABA-483A-996E-7B89CF3EBAC3}.Profile.Build.0 = Profile|Win32
		{FC3C23B4-DABA-483A-996E-7B89CF3EBAC3}.Release.ActiveCfg = Release|Win32
		{FC3C23B4-DABA-483A-996E-7B89CF3EBAC3}.Release.Build.0 = Release|Win32
		{FC3C23B4-DABA-483A-996E-7B89CF3EBAC3}.Release_Static_MT.ActiveCfg = Release_Static_MT|Win32
		{FC3C23B4-DABA-483A-996E-7B89CF3EBAC3}.Release_Static_MT.Build.0 = Release_Static_MT|Win32
		{FC3C23B4-DABA-483A-996E-7B89CF3EBAC3}.Release_Static_ST.ActiveCfg = Release_Static_ST|Win32
		{FC3C23B4-DABA-483A-996E-7B89CF3EBAC3}.Release_Static_ST.Build.0 = Release_Static_ST|Win32
		{27E3A878-A364-4460-BBFE-ED836464FF87}.Debug.ActiveCfg = Debug|Win32
		{27E3A878-A364-4460-BBFE-ED836464FF87}.Debug.Build.0 = Debug|Win32
		{27E3A878-A364-4460-BBFE-ED836464FF87}.Debug_Static_MT.ActiveCfg = Debug_Static_MT|Win32
		{27E3A878-A364-4460-BBFE-ED836464FF87}.Debug_Static_MT.Build.0 = Debug_Static_MT|Win32
		{27E3A878-A364-4460-BBFE-ED836464FF87}.Debug_Static_ST.ActiveCfg = Debug_Static_ST|Win32
		{27E3A878-A364-4460-BBFE-ED836464FF87}.Debug_Static_ST.Build.0 = Debug_Static_ST|Win32
		{27E3A878-A364-4460-BBFE-ED836464FF87}.Profile.ActiveCfg = Profile|Win32
		{27E3A878-A364-4460-BBFE-ED836464FF87}.Profile.Build.0 = Profile|Win32
		{27E3A878-A364-4460-BBFE-ED836464FF87}.Release.ActiveCfg = Release|Win32
		{27E3A878-A364-4460-BBFE-ED836464FF87}.Release.Build.0 = Release|Win32
		{27E3A878-A364-4460-BBFE-ED836464FF87}.Release_Static_MT.ActiveCfg = Release_Static_MT|Win32
		{27E3A878-A364-4460-BBFE-ED836464FF87}.Release_Static_MT.Build.0 = Release_Static_MT|Win32
		{27E3A878-A364-4460-BBFE-ED836464FF87}.Release_Static_ST.ActiveCfg = Release_Static_ST|Win32
		{27E3A878-A364-4460-BBFE-ED836464FF87}.Release_Static_ST.Build.0 = Release_Static_ST|Win32
		{1B06BFA7-1033-40C5-97CA-0D1312178306}.Debug.ActiveCfg = Debug|Win32
		{1B06BFA7-1033-40C5-97CA-0D1312178306}.Debug.Build.0 = Debug|Win32
		{1B06BFA7-1033-40C5-97CA-0D1312178306}.Debug_Static_MT.ActiveCfg = Debug_Static_MT|Win32
		{1B06BFA7-1033-40C5-97CA-0D1312178306}.Debug_Static_MT.Build.0 = Debug_Static_MT|Win32
		{1B06BFA7-1033-40C5-97CA-0D1312178306}.Debug_Static_ST.ActiveCfg = Debug_Static_ST|Win32
		{1B06BFA7-1033-40C5-97CA-0D1312178306}.Debug_Static_ST.Build.0 = Debug_Static_ST|Win32
		{1B06BFA7-1033-40C5-97CA-0D1312178306}.Profile.ActiveCfg = Profile|Win32
		{1B06BFA7-1033-40C5-97CA-0D1312178306}.Profile.Build.0 = Profile|Win32
		{1B06BFA7-1033-40C5-97CA-0D1312178306}.Release.ActiveCfg = Release|Win32
		{1B06BFA7-1033-40C5-97CA-0D1312178306}.Release.Build.0 = Release|Win32
		{1B06BFA7-1033-40C5-97CA-0D1312178306}.Release_Static_MT.ActiveCfg = Release_Static_MT|Win32
		{1B06BFA7-1033-40C5-97CA-0D1312178306}.Release_Static_MT.Build.0 = Release_Static_MT|Win32
		{1B06BFA7-1033-40C5-97CA-0D1312178306}.Release_Static_ST.ActiveCfg = Release_Static_ST|Win32
		{1B06BFA7-1033-40C5-97CA-0D1312178306}.Release_Static_ST.Build.0 = Release_Static_ST|Win32
		{BA6D4CCD-CDB5-41C2-BD23-AE4CF5CB26A8}.Debug.ActiveCfg = Debug|Win32
		{BA6D4CCD-CDB5-41C2-BD23-AE4CF5CB26A8}.Debug.Build.0 = Debug|Win32
		{BA6D4CCD-CDB5-41C2-BD23-AE4CF5CB26A8}.Debug_Static_MT.ActiveCfg = Debug|Win32
		{BA6D4CCD-CDB5-41C2-BD23-AE4CF5CB26A8}.Debug_Static_MT.Build.0 = Debug|Win32
		{BA6D4CCD-CDB5-41C2-BD23-AE4CF5CB26A8}.Debug_Static_ST.ActiveCfg = Debug|Win32
		{BA6D4CCD-CDB5-41C2-BD23-AE4CF5CB26A8}.Debug_Static_ST.Build.0 = Debug|Win32
		{BA6D4CCD-CDB5-41C2-BD23-AE4CF5CB26A8}.Profile.ActiveCfg = Profile|Win32
		{BA6D4CCD-CDB5-41C2-BD23-AE4CF5CB26A8}.Profile.Build.0 = Profile|Win32
		{BA6D4CCD-CDB5-41C2-BD23-AE4CF5CB26A8}.Release.ActiveCfg = Release|Win32
		{BA6D4CCD-CDB5-41C2-BD23-AE4CF5CB26A8}.Release.Build.0 = Release|Win32
		{BA6D4CCD-CDB5-41C2-BD23-AE4CF5CB26A8}.Release_Static_MT.ActiveCfg = Release|Win32
		{BA6D4CCD-CDB5-41C2-BD23-AE4CF5CB26A8}.Release_Static_MT.Build.0 = Release|Win32
		{BA6D4CCD-CDB5-41C2-BD23-AE4CF5CB26A8}.Release_Static_ST.ActiveCfg = Release|Win32
		{BA6D4CCD-CDB5-41C2-BD23-AE4CF5CB26A8}.Release_Static_ST.Build.0 = Release|Win32
		{8C334179-3604-408B-A0EF-B24B7A62BA2A}.Debug.ActiveCfg = Debug|Win32
		{8C334179-3604-408B-A0EF-B24B7A62BA2A}.Debug.Build.0 = Debug|Win32
		{8C334179-3604-408B-A0EF-B24B7A62BA2A}.Debug_Static_MT.ActiveCfg = Debug_Static_MT|Win32
		{8C334179-3604-408B-A0EF-B24B7A62BA2A}.Debug_Static_MT.Build.0 = Debug_Static_MT|Win32
		{8C334179-3604-408B-A0EF-B24B7A62BA2A}.Debug_Static_ST.ActiveCfg = Debug_Static_ST|Win32
		{8C334179-3604-408B-A0EF-B24B7A62BA2A}.Debug_Static_ST.Build.0 = Debug_Static_ST|Win32
		{8C334179-3604-408B-A0EF-B24B7A62BA2A}.Profile.ActiveCfg = Profile|Win32
		{8C334179-3604-408B-A0EF-B24B7A62BA2A}.Profile.Build.0 = Profile|Win32
		{8C334179-3604-408B-A0EF-B24B7A62BA2A}.Release.ActiveCfg = Release|Win32
		{8C334179-3604-408B-A0EF-B24B7A62BA2A}.Release.Build.0 = Release|Win32
		{8C334179-3604-408B-A0EF-B24B7A62BA2A}.Release_Static_MT.ActiveCfg = Release_Static_MT|Win32
		{8C334179-3604-408B-A0EF-B24B7A62BA2A}.Release_Static_MT.Build.0 = Release_Static_MT|Win32
		{8C334179-3604-408B-A0EF-B24B7A62BA2A}.Release_Static_ST.ActiveCfg = Release_Static_ST|Win32
		{8C334179-3604-408B-A0EF-B24B7A62BA2A}.Release_Static_ST.Build.0 = Release_Static_ST|Win32
		{A7C676FA-0EEC-4896-8036-BDDE4430EA46}.Debug.ActiveCfg = Debug|Win32
		{A7C676FA-0EEC-4896-8036-BDDE4430EA46}.Debug.Build.0 = Debug|Win32
		{A7C676FA-0EEC-4896-8036-BDDE4430EA46}.Debug_Static_MT.ActiveCfg = Debug|Win32
		{A7C676FA-0EEC-4896-8036-BDDE4430EA46}.Debug_Static_MT.Build.0 = Debug|Win32
		{A7C676FA-0EEC-4896-8036-BDDE4430EA46}.Debug_Static_ST.ActiveCfg = Debug|Win32
		{A7C676FA-0EEC-4896-8036-BDDE4430EA46}.Debug_Static_ST.Build.0 = Debug|Win32
		{A7C676FA-0EEC-4896-8036-BDDE4430EA46}.Profile.ActiveCfg = Profile|Win32
		{A7C676FA-0EEC-4896-8036-BDDE4430EA46}.Profile.Build.0 = Profile|Win32
		{A7C676FA-0EEC-4896-8036-BDDE4430EA46}.Release.ActiveCfg = Release|Win32
		{A7C676FA-0EEC-4896-8036-BDDE4430EA46}.Release.Build.0 = Release|Win32
		{A7C676FA-0EEC-4896-8036-BDDE4430EA46}.Release_Static_MT.ActiveCfg = Release|Win32
		{A7C676FA-0EEC-4896-8036-BDDE4430EA46}.Release_Static_MT.Build.0 = Release|Win32
		{A7C676FA-0EEC-4896-8036-BDDE4430EA46}.Release_Static_ST.ActiveCfg = Release|Win32
		{A7C676FA-0EEC-4896-8036-BDDE4430EA46}.Release_Static_ST.Build.0 = Release|Win32
		{BC75BD20-FF43-42DA-B952-8504837F138D}.Debug.ActiveCfg = Debug|Win32
		{BC75BD20-FF43-42DA-B952-8504837F138D}.Debug.Build.0 = Debug|Win32
		{BC75BD20-FF43-42DA-B952-8504837F138D}.Debug_Static_MT.ActiveCfg = Debug|Win32
		{BC75BD20-FF43-42DA-B952-8504837F138D}.Debug_Static_MT.Build.0 = Debug|Win32
		{BC75BD20-FF43-42DA-B952-8504837F138D}.Debug_Static_ST.ActiveCfg = Debug|Win32
		{BC75BD20-FF43-42DA-B952-8504837F138D}.Debug_Static_ST.Build.0 = Debug|Win32
		{BC75BD20-FF43-42DA-B952-8504837F138D}.Profile.ActiveCfg = Profile|Win32
		{BC75BD20-FF43-42DA-B952-8504837F138D}.Profile.Build.0 = Profile|Win32
		{BC75BD20-FF43-42DA-B952-8504837F138D}.Release.ActiveCfg = Release|Win32
		{BC75BD20-FF43-42DA-B952-8504837F138D}.Release.Build.0 = Release|Win32
		{BC75BD20-FF43-42DA-B952-8504837F138D}.Release_Static_MT.ActiveCfg = Release|Win32
		{BC75BD20-FF43-42DA-B952-8504837F138D}.Release_Static_MT.Build.0 = Release|Win32
		{BC75BD20-FF43-42DA-B952-8504837F138D}.Release_Static_ST.ActiveCfg = Release|Win32
		{BC75BD20-FF43-42DA-B952-8504837F138D}.Release_Static_ST.Build.0 = Release|Win32
		{8E51C50D-8DC3-40B4-BF28-CC5EE7A9F7D6}.Debug.ActiveCfg = Debug|Win32
		{8E51C50D-8DC3-40B4-BF28-CC5EE7A9F7D6}.Debug.Build.0 = Debug|Win32
		{8E51C50D-8DC3-40B4-BF28-CC5EE7A9F7D6}.Debug_Static_MT.ActiveCfg = Debug|Win32
		{8E51C50D-8DC3-40B4-BF28-CC5EE7A9F7D6}.Debug_Static_MT.Build.0 = Debug|Win32
		{8E51C50D-8DC3-40B4-BF28-CC5EE7A9F7D6}.Debug_Static_ST.ActiveCfg = Debug|Win32
		{8E51C50D-8DC3-40B4-BF28-CC5EE7A9F7D6}.Debug_Static_ST.Build.0 = Debug|Win32
		{8E51C50D-8DC3-40B4-BF28-CC5EE7A9F7D6}.Profile.ActiveCfg = Profile|Win32
		{8E51C50D-8DC3-40B4-BF28-CC5EE7A9F7D6}.Profile.Build.0 = Profile|Win32
		{8E51C50D-8DC3-40B4-BF28-CC5EE7A9F7D6}.Release.ActiveCfg = Release|Win32
		{8E51C50D-8DC3-40B4-BF28-CC5EE7A9F7D6}.Release.Build.0 = Release|Win32
		{8E51C50D-8DC3-40B4-BF28-CC5EE7A9F7D6}.Release_Static_MT.ActiveCfg = Release|Win32
		{8E51C50D-8DC3-40B4-BF28-CC5EE7A9F7D6}.Release_Static_MT.Build.0 = Release|Win32
		{8E51C50D-8DC3-40B4-BF28-CC5EE7A9F7D6}.Release_Static_ST.ActiveCfg = Release|Win32
		{8E51C50D-8DC3-40B4-BF28-CC5EE7A9F7D6}.Release_Static_ST.Build.0 = Release|Win32
		{41A4732D-10DC-4388-9E05-1ABEBA294B7C}.Debug.ActiveCfg = Debug|Win32
		{41A4732D-10DC-4388-9E05-1ABEBA294B7C}.Debug.Build.0 = Debug|Win32
		{41A4732D-10DC-4388-9E05-1ABEBA294B7C}.Debug_Static_MT.ActiveCfg = Debug|Win32
		{41A4732D-10DC-4388-9E05-1ABEBA294B7C}.Debug_Static_MT.Build.0 = Debug|Win32
		{41A4732D-10DC-4388-9E05-1ABEBA294B7C}.Debug_Static_ST.ActiveCfg = Debug|Win32
		{41A4732D-10DC-4388-9E05-1ABEBA294B7C}.Debug_Static_ST.Build.0 = Debug|Win32
		{41A4732D-10DC-4388-9E05-1ABEBA294B7C}.Profile.ActiveCfg = Profile|Win32
		{41A4732D-10DC-4388-9E05-1ABEBA294B7C}.Profile.Build.0 = Profile|Win32
		{41A4732D-10DC-4388-9E05-1ABEBA294B7C}.Release.ActiveCfg = Release|Win32
		{41A4732D-10DC-4388-9E05-1ABEBA294B7C}.Release.Build.0 = Release|Win32
		{41A4732D-10DC-4388-9E05-1ABEBA294B7C}.Release_Static_MT.ActiveCfg = Release|Win32
		{41A4732D-10DC-4388-9E05-1ABEBA294B7C}.Release_Static_MT.Build.0 = Release|Win32
		{41A4732D-10DC-4388-9E05-1ABEBA294B7C}.Release_Static_ST.ActiveCfg = Release|Win32
		{41A4732D-10DC-4388-9E05-1ABEBA294B7C}.Release_Static_ST.Build.0 = Release|Win32
		{ACCD073E-34A3-416C-8D7A-73BBE2AEDA15}.Debug.ActiveCfg = Debug|Win32
		{ACCD073E-34A3-416C-8D7A-73BBE2AEDA15}.Debug.Build.0 = Debug|Win32
		{ACCD073E-34A3-416C-8D7A-73BBE2AEDA15}.Debug_Static_MT.ActiveCfg = Debug|Win32
		{ACCD073E-34A3-416C-8D7A-73BBE2AEDA15}.Debug_Static_MT.Build.0 = Debug|Win32
		{ACCD073E-34A3-416C-8D7A-73BBE2AEDA15}.Debug_Static_ST.ActiveCfg = Debug|Win32
		{ACCD073E-34A3-416C-8D7A-73BBE2AEDA15}.Debug_Static_ST.Build.0 = Debug|Win32
		{ACCD073E-34A3-416C-8D7A-73BBE2AEDA15}.Profile.ActiveCfg = Profile|Win32
		{ACCD073E-34A3-416C-8D7A-73BBE2AEDA15}.Profile.Build.0 = Profile|Win32
		{ACCD073E-34A3-416C-8D7A-73BBE2AEDA15}.Release.ActiveCfg = Release|Win32
		{ACCD073E-34A3-416C-8D7A-73BBE2AEDA15}.Release.Build.0 = Release|Win32
		{ACCD073E-34A3-416C-8D7A-73BBE2AEDA15}.Release_Static_MT.ActiveCfg = Release|Win32
		{ACCD073E-34A3-416C-8D7A-73BBE2AEDA15}.Release_Static_MT.Build.0 = Release|Win32
		{ACCD073E-34A3-416C-8D7A-73BBE2AEDA15}.Release_Static_ST.ActiveCfg = Release|Win32
		{ACCD073E-34A3-416C-8D7A-73BBE2AEDA15}.Release_Static_ST.Build.0 = Release|Win32
	EndGlobalSection
	GlobalSection(ExtensibilityGlobals) = postSolution
	EndGlobalSection
	GlobalSection(ExtensibilityAddIns) = postSolution
	EndGlobalSection
EndGlobal
