Microsoft Visual Studio Solution File, Format Version 8.00
Project("{8BC9CEB8-8B4A-11D0-8D11-00A0C91BC942}") = "AdditionalDeveloperLibs", "ALL\AdditionalDeveloperLibs\AdditionalDeveloperLibs.vcproj", "{B5DC0856-3B8A-4AFA-B8CA-EE94117C63C0}"
	ProjectSection(ProjectDependencies) = postProject
		{2B3D13B2-56BA-4F15-9D26-D6908E270467} = {2B3D13B2-56BA-4F15-9D26-D6908E270467}
		{063FA2B0-169C-47E5-8DCF-135E533A8DB1} = {063FA2B0-169C-47E5-8DCF-135E533A8DB1}
		{88594B0C-D771-44BE-B997-ADF648DEAEB9} = {88594B0C-D771-44BE-B997-ADF648DEAEB9}
		{A1556DDE-1EF6-466A-8EC4-3D5451F4FFB6} = {A1556DDE-1EF6-466A-8EC4-3D5451F4FFB6}
		{9CBE94FF-A5AF-4784-B9C3-0FCF4449358D} = {9CBE94FF-A5AF-4784-B9C3-0FCF4449358D}
		{C815391A-2A6F-4F5A-AD06-0B37E7963633} = {C815391A-2A6F-4F5A-AD06-0B37E7963633}
		{8A4E5D57-F484-4C7E-98DA-AE88FCD9EF50} = {8A4E5D57-F484-4C7E-98DA-AE88FCD9EF50}
		{076BD791-D384-4C80-89DF-B117693B89F8} = {076BD791-D384-4C80-89DF-B117693B89F8}
		{100110F7-BF2B-49E5-8835-4A643CBC4A8D} = {100110F7-BF2B-49E5-8835-4A643CBC4A8D}
	EndProjectSection
EndProject
Project("{8BC9CEB8-8B4A-11D0-8D11-00A0C91BC942}") = "All", "All\All.vcproj", "{947DA1B5-248D-4100-9053-CF8336821163}"
	ProjectSection(ProjectDependencies) = postProject
		{69D40F44-B73B-477C-AE15-FAF8B4277402} = {69D40F44-B73B-477C-AE15-FAF8B4277402}
		{15F8EFBA-297F-470B-8431-58BC3192FFA8} = {15F8EFBA-297F-470B-8431-58BC3192FFA8}
		{076BD791-D384-4C80-89DF-B117693B89F8} = {076BD791-D384-4C80-89DF-B117693B89F8}
		{100110F7-BF2B-49E5-8835-4A643CBC4A8D} = {100110F7-BF2B-49E5-8835-4A643CBC4A8D}
		{D755DA54-A26A-453B-B21D-889775C2BBC2} = {D755DA54-A26A-453B-B21D-889775C2BBC2}
		{9D9F08F9-BA90-43CB-A7A0-62B214A151CF} = {9D9F08F9-BA90-43CB-A7A0-62B214A151CF}
		{21E5F21C-A961-45BE-A325-1C3121516315} = {21E5F21C-A961-45BE-A325-1C3121516315}
		{88594B0C-D771-44BE-B997-ADF648DEAEB9} = {88594B0C-D771-44BE-B997-ADF648DEAEB9}
		{A1556DDE-1EF6-466A-8EC4-3D5451F4FFB6} = {A1556DDE-1EF6-466A-8EC4-3D5451F4FFB6}
		{E290BE9D-69E3-4FAA-941C-F65D36AF0DA8} = {E290BE9D-69E3-4FAA-941C-F65D36AF0DA8}
		{2B3D13B2-56BA-4F15-9D26-D6908E270467} = {2B3D13B2-56BA-4F15-9D26-D6908E270467}
		{B4FE3E7C-0975-4718-818E-430E6DE700DA} = {B4FE3E7C-0975-4718-818E-430E6DE700DA}
		{51F88C7E-AE1D-4E21-9F7B-4BE18E6B6532} = {51F88C7E-AE1D-4E21-9F7B-4BE18E6B6532}
		{2BB864B8-FAD8-450D-AFBC-84D6B1FCDC02} = {2BB864B8-FAD8-450D-AFBC-84D6B1FCDC02}
		{A280E4A0-2FDF-4132-924F-A17908CFA00E} = {A280E4A0-2FDF-4132-924F-A17908CFA00E}
		{6B22FC17-BE27-4D3E-915A-DCA517215827} = {6B22FC17-BE27-4D3E-915A-DCA517215827}
		{8A4E5D57-F484-4C7E-98DA-AE88FCD9EF50} = {8A4E5D57-F484-4C7E-98DA-AE88FCD9EF50}
		{E2A9A525-C210-4375-BE04-0267D8A604AC} = {E2A9A525-C210-4375-BE04-0267D8A604AC}
		{CF670908-8B2F-4A71-A4E8-BE6CA26A35C6} = {CF670908-8B2F-4A71-A4E8-BE6CA26A35C6}
		{D5CF7EBD-60D6-4A9B-A295-A8231CAE9938} = {D5CF7EBD-60D6-4A9B-A295-A8231CAE9938}
		{F427B281-6C7B-4CEA-8E20-E4321C934782} = {F427B281-6C7B-4CEA-8E20-E4321C934782}
		{D6457E3F-E069-4206-9367-AE855B98A4BF} = {D6457E3F-E069-4206-9367-AE855B98A4BF}
		{187831AD-8D8A-4C80-912B-02C05964A5A1} = {187831AD-8D8A-4C80-912B-02C05964A5A1}
		{9CBE94FF-A5AF-4784-B9C3-0FCF4449358D} = {9CBE94FF-A5AF-4784-B9C3-0FCF4449358D}
		{C815391A-2A6F-4F5A-AD06-0B37E7963633} = {C815391A-2A6F-4F5A-AD06-0B37E7963633}
		{063FA2B0-169C-47E5-8DCF-135E533A8DB1} = {063FA2B0-169C-47E5-8DCF-135E533A8DB1}
		{885EDA41-CA1F-429A-87A8-1F40576F9274} = {885EDA41-CA1F-429A-87A8-1F40576F9274}
	EndProjectSection
EndProject
Project("{8BC9CEB8-8B4A-11D0-8D11-00A0C91BC942}") = "Shaders", "Shaders\shaders.vcproj", "{187831AD-8D8A-4C80-912B-02C05964A5A1}"
	ProjectSection(ProjectDependencies) = postProject
		{9D9F08F9-BA90-43CB-A7A0-62B214A151CF} = {9D9F08F9-BA90-43CB-A7A0-62B214A151CF}
		{D6457E3F-E069-4206-9367-AE855B98A4BF} = {D6457E3F-E069-4206-9367-AE855B98A4BF}
	EndProjectSection
EndProject
Project("{8BC9CEB8-8B4A-11D0-8D11-00A0C91BC942}") = "aqsis", "aqsis\aqsis.vcproj", "{885EDA41-CA1F-429A-87A8-1F40576F9274}"
	ProjectSection(ProjectDependencies) = postProject
		{33C2589E-24A9-4833-9882-A80AE3823CB7} = {33C2589E-24A9-4833-9882-A80AE3823CB7}
		{97832BF4-F18D-4EA5-B8E5-8AD48F9AD53F} = {97832BF4-F18D-4EA5-B8E5-8AD48F9AD53F}
		{076BD791-D384-4C80-89DF-B117693B89F8} = {076BD791-D384-4C80-89DF-B117693B89F8}
		{F427B281-6C7B-4CEA-8E20-E4321C934782} = {F427B281-6C7B-4CEA-8E20-E4321C934782}
	EndProjectSection
EndProject
Project("{8BC9CEB8-8B4A-11D0-8D11-00A0C91BC942}") = "aqsl", "aqsl\aqsl.vcproj", "{9D9F08F9-BA90-43CB-A7A0-62B214A151CF}"
	ProjectSection(ProjectDependencies) = postProject
		{100110F7-BF2B-49E5-8835-4A643CBC4A8D} = {100110F7-BF2B-49E5-8835-4A643CBC4A8D}
		{076BD791-D384-4C80-89DF-B117693B89F8} = {076BD791-D384-4C80-89DF-B117693B89F8}
		{15F8EFBA-297F-470B-8431-58BC3192FFA8} = {15F8EFBA-297F-470B-8431-58BC3192FFA8}
		{063FA2B0-169C-47E5-8DCF-135E533A8DB1} = {063FA2B0-169C-47E5-8DCF-135E533A8DB1}
		{D5CF7EBD-60D6-4A9B-A295-A8231CAE9938} = {D5CF7EBD-60D6-4A9B-A295-A8231CAE9938}
		{D6457E3F-E069-4206-9367-AE855B98A4BF} = {D6457E3F-E069-4206-9367-AE855B98A4BF}
	EndProjectSection
EndProject
Project("{8BC9CEB8-8B4A-11D0-8D11-00A0C91BC942}") = "aqsltell", "aqsltell\aqsltell.vcproj", "{E290BE9D-69E3-4FAA-941C-F65D36AF0DA8}"
	ProjectSection(ProjectDependencies) = postProject
		{88594B0C-D771-44BE-B997-ADF648DEAEB9} = {88594B0C-D771-44BE-B997-ADF648DEAEB9}
		{A1556DDE-1EF6-466A-8EC4-3D5451F4FFB6} = {A1556DDE-1EF6-466A-8EC4-3D5451F4FFB6}
		{100110F7-BF2B-49E5-8835-4A643CBC4A8D} = {100110F7-BF2B-49E5-8835-4A643CBC4A8D}
		{076BD791-D384-4C80-89DF-B117693B89F8} = {076BD791-D384-4C80-89DF-B117693B89F8}
		{2B3D13B2-56BA-4F15-9D26-D6908E270467} = {2B3D13B2-56BA-4F15-9D26-D6908E270467}
	EndProjectSection
EndProject
Project("{8BC9CEB8-8B4A-11D0-8D11-00A0C91BC942}") = "bake2tif", "PLUGINS\bake2tif\bake2tif.vcproj", "{21E5F21C-A961-45BE-A325-1C3121516315}"
	ProjectSection(ProjectDependencies) = postProject
	EndProjectSection
EndProject
Project("{8BC9CEB8-8B4A-11D0-8D11-00A0C91BC942}") = "display", "display\display.vcproj", "{33C2589E-24A9-4833-9882-A80AE3823CB7}"
	ProjectSection(ProjectDependencies) = postProject
	EndProjectSection
EndProject
Project("{8BC9CEB8-8B4A-11D0-8D11-00A0C91BC942}") = "doxygen", "doxygen.vcproj", "{5541ACB4-E579-4D57-BD27-6CF8BC1B116B}"
	ProjectSection(ProjectDependencies) = postProject
	EndProjectSection
EndProject
Project("{8BC9CEB8-8B4A-11D0-8D11-00A0C91BC942}") = "dsotest", "dsotest\dsotest.vcproj", "{D755DA54-A26A-453B-B21D-889775C2BBC2}"
	ProjectSection(ProjectDependencies) = postProject
		{D6457E3F-E069-4206-9367-AE855B98A4BF} = {D6457E3F-E069-4206-9367-AE855B98A4BF}
		{063FA2B0-169C-47E5-8DCF-135E533A8DB1} = {063FA2B0-169C-47E5-8DCF-135E533A8DB1}
		{88594B0C-D771-44BE-B997-ADF648DEAEB9} = {88594B0C-D771-44BE-B997-ADF648DEAEB9}
		{A1556DDE-1EF6-466A-8EC4-3D5451F4FFB6} = {A1556DDE-1EF6-466A-8EC4-3D5451F4FFB6}
		{885EDA41-CA1F-429A-87A8-1F40576F9274} = {885EDA41-CA1F-429A-87A8-1F40576F9274}
	EndProjectSection
EndProject
Project("{8BC9CEB8-8B4A-11D0-8D11-00A0C91BC942}") = "gif2tif", "plugins\gif2tif\gif2tif.vcproj", "{6B22FC17-BE27-4D3E-915A-DCA517215827}"
	ProjectSection(ProjectDependencies) = postProject
	EndProjectSection
EndProject
Project("{8BC9CEB8-8B4A-11D0-8D11-00A0C91BC942}") = "inline", "RENDER\inline.vcproj", "{97832BF4-F18D-4EA5-B8E5-8AD48F9AD53F}"
	ProjectSection(ProjectDependencies) = postProject
	EndProjectSection
EndProject
Project("{8BC9CEB8-8B4A-11D0-8D11-00A0C91BC942}") = "jpg2tif", "plugins\jpg2tif\jpg2tif.vcproj", "{A280E4A0-2FDF-4132-924F-A17908CFA00E}"
	ProjectSection(ProjectDependencies) = postProject
	EndProjectSection
EndProject
Project("{8BC9CEB8-8B4A-11D0-8D11-00A0C91BC942}") = "libaqsis", "render\libaqsis.vcproj", "{F427B281-6C7B-4CEA-8E20-E4321C934782}"
	ProjectSection(ProjectDependencies) = postProject
		{2515236E-E24A-4654-824C-D1DF0A2905B9} = {2515236E-E24A-4654-824C-D1DF0A2905B9}
		{5BBA85BD-A4C9-4CD6-94CF-5A226BE8FB73} = {5BBA85BD-A4C9-4CD6-94CF-5A226BE8FB73}
		{97832BF4-F18D-4EA5-B8E5-8AD48F9AD53F} = {97832BF4-F18D-4EA5-B8E5-8AD48F9AD53F}
		{100110F7-BF2B-49E5-8835-4A643CBC4A8D} = {100110F7-BF2B-49E5-8835-4A643CBC4A8D}
		{C815391A-2A6F-4F5A-AD06-0B37E7963633} = {C815391A-2A6F-4F5A-AD06-0B37E7963633}
		{9CBE94FF-A5AF-4784-B9C3-0FCF4449358D} = {9CBE94FF-A5AF-4784-B9C3-0FCF4449358D}
		{88594B0C-D771-44BE-B997-ADF648DEAEB9} = {88594B0C-D771-44BE-B997-ADF648DEAEB9}
		{A1556DDE-1EF6-466A-8EC4-3D5451F4FFB6} = {A1556DDE-1EF6-466A-8EC4-3D5451F4FFB6}
	EndProjectSection
EndProject
Project("{8BC9CEB8-8B4A-11D0-8D11-00A0C91BC942}") = "libaqsistypes", "libaqsistypes\libaqsistypes.vcproj", "{100110F7-BF2B-49E5-8835-4A643CBC4A8D}"
	ProjectSection(ProjectDependencies) = postProject
		{97832BF4-F18D-4EA5-B8E5-8AD48F9AD53F} = {97832BF4-F18D-4EA5-B8E5-8AD48F9AD53F}
	EndProjectSection
EndProject
Project("{8BC9CEB8-8B4A-11D0-8D11-00A0C91BC942}") = "libargparse", "libargparse\libargparse.vcproj", "{076BD791-D384-4C80-89DF-B117693B89F8}"
	ProjectSection(ProjectDependencies) = postProject
	EndProjectSection
EndProject
Project("{8BC9CEB8-8B4A-11D0-8D11-00A0C91BC942}") = "libcodegenvm", "libcodegenvm\libcodegenvm.vcproj", "{D5CF7EBD-60D6-4A9B-A295-A8231CAE9938}"
	ProjectSection(ProjectDependencies) = postProject
	EndProjectSection
EndProject
Project("{8BC9CEB8-8B4A-11D0-8D11-00A0C91BC942}") = "libddmanager", "libddmanager\libddmanager.vcproj", "{2515236E-E24A-4654-824C-D1DF0A2905B9}"
	ProjectSection(ProjectDependencies) = postProject
	EndProjectSection
EndProject
Project("{8BC9CEB8-8B4A-11D0-8D11-00A0C91BC942}") = "libraytrace", "libraytrace\libraytrace.vcproj", "{5BBA85BD-A4C9-4CD6-94CF-5A226BE8FB73}"
	ProjectSection(ProjectDependencies) = postProject
	EndProjectSection
EndProject
Project("{8BC9CEB8-8B4A-11D0-8D11-00A0C91BC942}") = "libri2rib", "libri2rib\libri2rib.vcproj", "{8A4E5D57-F484-4C7E-98DA-AE88FCD9EF50}"
	ProjectSection(ProjectDependencies) = postProject
		{97832BF4-F18D-4EA5-B8E5-8AD48F9AD53F} = {97832BF4-F18D-4EA5-B8E5-8AD48F9AD53F}
	EndProjectSection
EndProject
Project("{8BC9CEB8-8B4A-11D0-8D11-00A0C91BC942}") = "librib2", "librib2\librib2.vcproj", "{C815391A-2A6F-4F5A-AD06-0B37E7963633}"
	ProjectSection(ProjectDependencies) = postProject
		{97832BF4-F18D-4EA5-B8E5-8AD48F9AD53F} = {97832BF4-F18D-4EA5-B8E5-8AD48F9AD53F}
	EndProjectSection
EndProject
Project("{8BC9CEB8-8B4A-11D0-8D11-00A0C91BC942}") = "librib2ri", "librib2ri\librib2ri.vcproj", "{9CBE94FF-A5AF-4784-B9C3-0FCF4449358D}"
	ProjectSection(ProjectDependencies) = postProject
		{97832BF4-F18D-4EA5-B8E5-8AD48F9AD53F} = {97832BF4-F18D-4EA5-B8E5-8AD48F9AD53F}
	EndProjectSection
EndProject
Project("{8BC9CEB8-8B4A-11D0-8D11-00A0C91BC942}") = "librib2stream", "librib2stream\librib2stream.vcproj", "{CF670908-8B2F-4A71-A4E8-BE6CA26A35C6}"
	ProjectSection(ProjectDependencies) = postProject
	EndProjectSection
EndProject
Project("{8BC9CEB8-8B4A-11D0-8D11-00A0C91BC942}") = "libshaderexecenv", "libshaderexecenv\libshaderexecenv.vcproj", "{A1556DDE-1EF6-466A-8EC4-3D5451F4FFB6}"
	ProjectSection(ProjectDependencies) = postProject
		{97832BF4-F18D-4EA5-B8E5-8AD48F9AD53F} = {97832BF4-F18D-4EA5-B8E5-8AD48F9AD53F}
	EndProjectSection
EndProject
Project("{8BC9CEB8-8B4A-11D0-8D11-00A0C91BC942}") = "libshadervm", "libshadervm\libshadervm.vcproj", "{88594B0C-D771-44BE-B997-ADF648DEAEB9}"
	ProjectSection(ProjectDependencies) = postProject
		{100110F7-BF2B-49E5-8835-4A643CBC4A8D} = {100110F7-BF2B-49E5-8835-4A643CBC4A8D}
	EndProjectSection
EndProject
Project("{8BC9CEB8-8B4A-11D0-8D11-00A0C91BC942}") = "libslparse", "libslparse\libslparse.vcproj", "{063FA2B0-169C-47E5-8DCF-135E533A8DB1}"
	ProjectSection(ProjectDependencies) = postProject
	EndProjectSection
EndProject
Project("{8BC9CEB8-8B4A-11D0-8D11-00A0C91BC942}") = "libslpp", "slpp\libslpp.vcproj", "{15F8EFBA-297F-470B-8431-58BC3192FFA8}"
	ProjectSection(ProjectDependencies) = postProject
	EndProjectSection
EndProject
Project("{8BC9CEB8-8B4A-11D0-8D11-00A0C91BC942}") = "libslxargs", "libslxargs\libslxargs.vcproj", "{2B3D13B2-56BA-4F15-9D26-D6908E270467}"
	ProjectSection(ProjectDependencies) = postProject
		{97832BF4-F18D-4EA5-B8E5-8AD48F9AD53F} = {97832BF4-F18D-4EA5-B8E5-8AD48F9AD53F}
	EndProjectSection
EndProject
Project("{8BC9CEB8-8B4A-11D0-8D11-00A0C91BC942}") = "pcx2tif", "plugins\pcx2tif\pcx2tif.vcproj", "{51F88C7E-AE1D-4E21-9F7B-4BE18E6B6532}"
	ProjectSection(ProjectDependencies) = postProject
	EndProjectSection
EndProject
Project("{8BC9CEB8-8B4A-11D0-8D11-00A0C91BC942}") = "ppm2tif", "plugins\ppm2tif\ppm2tif.vcproj", "{2BB864B8-FAD8-450D-AFBC-84D6B1FCDC02}"
	ProjectSection(ProjectDependencies) = postProject
	EndProjectSection
EndProject
Project("{8BC9CEB8-8B4A-11D0-8D11-00A0C91BC942}") = "runprogramtest", "runprogramtest\runprogramtest.vcproj", "{69D40F44-B73B-477C-AE15-FAF8B4277402}"
	ProjectSection(ProjectDependencies) = postProject
		{8A4E5D57-F484-4C7E-98DA-AE88FCD9EF50} = {8A4E5D57-F484-4C7E-98DA-AE88FCD9EF50}
	EndProjectSection
EndProject
Project("{8BC9CEB8-8B4A-11D0-8D11-00A0C91BC942}") = "slpp", "slpp\slpp.vcproj", "{D6457E3F-E069-4206-9367-AE855B98A4BF}"
	ProjectSection(ProjectDependencies) = postProject
	EndProjectSection
EndProject
Project("{8BC9CEB8-8B4A-11D0-8D11-00A0C91BC942}") = "teqser", "teqser\teqser.vcproj", "{E2A9A525-C210-4375-BE04-0267D8A604AC}"
	ProjectSection(ProjectDependencies) = postProject
		{97832BF4-F18D-4EA5-B8E5-8AD48F9AD53F} = {97832BF4-F18D-4EA5-B8E5-8AD48F9AD53F}
		{076BD791-D384-4C80-89DF-B117693B89F8} = {076BD791-D384-4C80-89DF-B117693B89F8}
		{F427B281-6C7B-4CEA-8E20-E4321C934782} = {F427B281-6C7B-4CEA-8E20-E4321C934782}
	EndProjectSection
EndProject
Project("{8BC9CEB8-8B4A-11D0-8D11-00A0C91BC942}") = "tga2tif", "plugins\tga2tif\tga2tif.vcproj", "{B4FE3E7C-0975-4718-818E-430E6DE700DA}"
	ProjectSection(ProjectDependencies) = postProject
	EndProjectSection
EndProject
Global
	GlobalSection(SolutionConfiguration) = preSolution
		Debug = Debug
		Debug_Static_MT = Debug_Static_MT
		Debug_Static_ST = Debug_Static_ST
		Profile = Profile
		Release = Release
		Release_Static_MT = Release_Static_MT
		Release_Static_ST = Release_Static_ST
	EndGlobalSection
	GlobalSection(ProjectConfiguration) = postSolution
		{B5DC0856-3B8A-4AFA-B8CA-EE94117C63C0}.Debug.ActiveCfg = Debug_Static_MT|Win32
		{B5DC0856-3B8A-4AFA-B8CA-EE94117C63C0}.Debug.Build.0 = Debug_Static_MT|Win32
		{B5DC0856-3B8A-4AFA-B8CA-EE94117C63C0}.Debug_Static_MT.ActiveCfg = Debug_Static_MT|Win32
		{B5DC0856-3B8A-4AFA-B8CA-EE94117C63C0}.Debug_Static_MT.Build.0 = Debug_Static_MT|Win32
		{B5DC0856-3B8A-4AFA-B8CA-EE94117C63C0}.Debug_Static_ST.ActiveCfg = Debug_Static_ST|Win32
		{B5DC0856-3B8A-4AFA-B8CA-EE94117C63C0}.Debug_Static_ST.Build.0 = Debug_Static_ST|Win32
		{B5DC0856-3B8A-4AFA-B8CA-EE94117C63C0}.Profile.ActiveCfg = Release_Static_ST|Win32
		{B5DC0856-3B8A-4AFA-B8CA-EE94117C63C0}.Profile.Build.0 = Release_Static_ST|Win32
		{B5DC0856-3B8A-4AFA-B8CA-EE94117C63C0}.Release.ActiveCfg = Release_Static_ST|Win32
		{B5DC0856-3B8A-4AFA-B8CA-EE94117C63C0}.Release.Build.0 = Release_Static_ST|Win32
		{B5DC0856-3B8A-4AFA-B8CA-EE94117C63C0}.Release_Static_MT.ActiveCfg = Release_Static_MT|Win32
		{B5DC0856-3B8A-4AFA-B8CA-EE94117C63C0}.Release_Static_MT.Build.0 = Release_Static_MT|Win32
		{B5DC0856-3B8A-4AFA-B8CA-EE94117C63C0}.Release_Static_ST.ActiveCfg = Release_Static_ST|Win32
		{B5DC0856-3B8A-4AFA-B8CA-EE94117C63C0}.Release_Static_ST.Build.0 = Release_Static_ST|Win32
		{947DA1B5-248D-4100-9053-CF8336821163}.Debug.ActiveCfg = Debug|Win32
		{947DA1B5-248D-4100-9053-CF8336821163}.Debug.Build.0 = Debug|Win32
		{947DA1B5-248D-4100-9053-CF8336821163}.Debug_Static_MT.ActiveCfg = Debug|Win32
		{947DA1B5-248D-4100-9053-CF8336821163}.Debug_Static_MT.Build.0 = Debug|Win32
		{947DA1B5-248D-4100-9053-CF8336821163}.Debug_Static_ST.ActiveCfg = Debug|Win32
		{947DA1B5-248D-4100-9053-CF8336821163}.Debug_Static_ST.Build.0 = Debug|Win32
		{947DA1B5-248D-4100-9053-CF8336821163}.Profile.ActiveCfg = Profile|Win32
		{947DA1B5-248D-4100-9053-CF8336821163}.Profile.Build.0 = Profile|Win32
		{947DA1B5-248D-4100-9053-CF8336821163}.Release.ActiveCfg = Release|Win32
		{947DA1B5-248D-4100-9053-CF8336821163}.Release.Build.0 = Release|Win32
		{947DA1B5-248D-4100-9053-CF8336821163}.Release_Static_MT.ActiveCfg = Release|Win32
		{947DA1B5-248D-4100-9053-CF8336821163}.Release_Static_MT.Build.0 = Release|Win32
		{947DA1B5-248D-4100-9053-CF8336821163}.Release_Static_ST.ActiveCfg = Release|Win32
		{947DA1B5-248D-4100-9053-CF8336821163}.Release_Static_ST.Build.0 = Release|Win32
		{187831AD-8D8A-4C80-912B-02C05964A5A1}.Debug.ActiveCfg = Debug|Win32
		{187831AD-8D8A-4C80-912B-02C05964A5A1}.Debug.Build.0 = Debug|Win32
		{187831AD-8D8A-4C80-912B-02C05964A5A1}.Debug_Static_MT.ActiveCfg = Debug|Win32
		{187831AD-8D8A-4C80-912B-02C05964A5A1}.Debug_Static_MT.Build.0 = Debug|Win32
		{187831AD-8D8A-4C80-912B-02C05964A5A1}.Debug_Static_ST.ActiveCfg = Debug|Win32
		{187831AD-8D8A-4C80-912B-02C05964A5A1}.Debug_Static_ST.Build.0 = Debug|Win32
		{187831AD-8D8A-4C80-912B-02C05964A5A1}.Profile.ActiveCfg = Profile|Win32
		{187831AD-8D8A-4C80-912B-02C05964A5A1}.Profile.Build.0 = Profile|Win32
		{187831AD-8D8A-4C80-912B-02C05964A5A1}.Release.ActiveCfg = Release|Win32
		{187831AD-8D8A-4C80-912B-02C05964A5A1}.Release.Build.0 = Release|Win32
		{187831AD-8D8A-4C80-912B-02C05964A5A1}.Release_Static_MT.ActiveCfg = Release|Win32
		{187831AD-8D8A-4C80-912B-02C05964A5A1}.Release_Static_MT.Build.0 = Release|Win32
		{187831AD-8D8A-4C80-912B-02C05964A5A1}.Release_Static_ST.ActiveCfg = Release|Win32
		{187831AD-8D8A-4C80-912B-02C05964A5A1}.Release_Static_ST.Build.0 = Release|Win32
		{885EDA41-CA1F-429A-87A8-1F40576F9274}.Debug.ActiveCfg = Debug|Win32
		{885EDA41-CA1F-429A-87A8-1F40576F9274}.Debug.Build.0 = Debug|Win32
		{885EDA41-CA1F-429A-87A8-1F40576F9274}.Debug_Static_MT.ActiveCfg = Debug|Win32
		{885EDA41-CA1F-429A-87A8-1F40576F9274}.Debug_Static_MT.Build.0 = Debug|Win32
		{885EDA41-CA1F-429A-87A8-1F40576F9274}.Debug_Static_ST.ActiveCfg = Debug|Win32
		{885EDA41-CA1F-429A-87A8-1F40576F9274}.Debug_Static_ST.Build.0 = Debug|Win32
		{885EDA41-CA1F-429A-87A8-1F40576F9274}.Profile.ActiveCfg = Profile|Win32
		{885EDA41-CA1F-429A-87A8-1F40576F9274}.Profile.Build.0 = Profile|Win32
		{885EDA41-CA1F-429A-87A8-1F40576F9274}.Release.ActiveCfg = Release|Win32
		{885EDA41-CA1F-429A-87A8-1F40576F9274}.Release.Build.0 = Release|Win32
		{885EDA41-CA1F-429A-87A8-1F40576F9274}.Release_Static_MT.ActiveCfg = Release|Win32
		{885EDA41-CA1F-429A-87A8-1F40576F9274}.Release_Static_MT.Build.0 = Release|Win32
		{885EDA41-CA1F-429A-87A8-1F40576F9274}.Release_Static_ST.ActiveCfg = Release|Win32
		{885EDA41-CA1F-429A-87A8-1F40576F9274}.Release_Static_ST.Build.0 = Release|Win32
		{9D9F08F9-BA90-43CB-A7A0-62B214A151CF}.Debug.ActiveCfg = Debug|Win32
		{9D9F08F9-BA90-43CB-A7A0-62B214A151CF}.Debug.Build.0 = Debug|Win32
		{9D9F08F9-BA90-43CB-A7A0-62B214A151CF}.Debug_Static_MT.ActiveCfg = Debug|Win32
		{9D9F08F9-BA90-43CB-A7A0-62B214A151CF}.Debug_Static_MT.Build.0 = Debug|Win32
		{9D9F08F9-BA90-43CB-A7A0-62B214A151CF}.Debug_Static_ST.ActiveCfg = Debug|Win32
		{9D9F08F9-BA90-43CB-A7A0-62B214A151CF}.Debug_Static_ST.Build.0 = Debug|Win32
		{9D9F08F9-BA90-43CB-A7A0-62B214A151CF}.Profile.ActiveCfg = Profile|Win32
		{9D9F08F9-BA90-43CB-A7A0-62B214A151CF}.Profile.Build.0 = Profile|Win32
		{9D9F08F9-BA90-43CB-A7A0-62B214A151CF}.Release.ActiveCfg = Release|Win32
		{9D9F08F9-BA90-43CB-A7A0-62B214A151CF}.Release.Build.0 = Release|Win32
		{9D9F08F9-BA90-43CB-A7A0-62B214A151CF}.Release_Static_MT.ActiveCfg = Release|Win32
		{9D9F08F9-BA90-43CB-A7A0-62B214A151CF}.Release_Static_MT.Build.0 = Release|Win32
		{9D9F08F9-BA90-43CB-A7A0-62B214A151CF}.Release_Static_ST.ActiveCfg = Release|Win32
		{9D9F08F9-BA90-43CB-A7A0-62B214A151CF}.Release_Static_ST.Build.0 = Release|Win32
		{E290BE9D-69E3-4FAA-941C-F65D36AF0DA8}.Debug.ActiveCfg = Debug|Win32
		{E290BE9D-69E3-4FAA-941C-F65D36AF0DA8}.Debug.Build.0 = Debug|Win32
		{E290BE9D-69E3-4FAA-941C-F65D36AF0DA8}.Debug_Static_MT.ActiveCfg = Debug|Win32
		{E290BE9D-69E3-4FAA-941C-F65D36AF0DA8}.Debug_Static_MT.Build.0 = Debug|Win32
		{E290BE9D-69E3-4FAA-941C-F65D36AF0DA8}.Debug_Static_ST.ActiveCfg = Debug|Win32
		{E290BE9D-69E3-4FAA-941C-F65D36AF0DA8}.Debug_Static_ST.Build.0 = Debug|Win32
		{E290BE9D-69E3-4FAA-941C-F65D36AF0DA8}.Profile.ActiveCfg = Profile|Win32
		{E290BE9D-69E3-4FAA-941C-F65D36AF0DA8}.Profile.Build.0 = Profile|Win32
		{E290BE9D-69E3-4FAA-941C-F65D36AF0DA8}.Release.ActiveCfg = Release|Win32
		{E290BE9D-69E3-4FAA-941C-F65D36AF0DA8}.Release.Build.0 = Release|Win32
		{E290BE9D-69E3-4FAA-941C-F65D36AF0DA8}.Release_Static_MT.ActiveCfg = Release|Win32
		{E290BE9D-69E3-4FAA-941C-F65D36AF0DA8}.Release_Static_MT.Build.0 = Release|Win32
		{E290BE9D-69E3-4FAA-941C-F65D36AF0DA8}.Release_Static_ST.ActiveCfg = Release|Win32
		{E290BE9D-69E3-4FAA-941C-F65D36AF0DA8}.Release_Static_ST.Build.0 = Release|Win32
		{21E5F21C-A961-45BE-A325-1C3121516315}.Debug.ActiveCfg = Debug|Win32
		{21E5F21C-A961-45BE-A325-1C3121516315}.Debug.Build.0 = Debug|Win32
		{21E5F21C-A961-45BE-A325-1C3121516315}.Debug_Static_MT.ActiveCfg = Debug|Win32
		{21E5F21C-A961-45BE-A325-1C3121516315}.Debug_Static_MT.Build.0 = Debug|Win32
		{21E5F21C-A961-45BE-A325-1C3121516315}.Debug_Static_ST.ActiveCfg = Debug|Win32
		{21E5F21C-A961-45BE-A325-1C3121516315}.Debug_Static_ST.Build.0 = Debug|Win32
		{21E5F21C-A961-45BE-A325-1C3121516315}.Profile.ActiveCfg = Profile|Win32
		{21E5F21C-A961-45BE-A325-1C3121516315}.Profile.Build.0 = Profile|Win32
		{21E5F21C-A961-45BE-A325-1C3121516315}.Release.ActiveCfg = Release|Win32
		{21E5F21C-A961-45BE-A325-1C3121516315}.Release.Build.0 = Release|Win32
		{21E5F21C-A961-45BE-A325-1C3121516315}.Release_Static_MT.ActiveCfg = Release|Win32
		{21E5F21C-A961-45BE-A325-1C3121516315}.Release_Static_MT.Build.0 = Release|Win32
		{21E5F21C-A961-45BE-A325-1C3121516315}.Release_Static_ST.ActiveCfg = Release|Win32
		{21E5F21C-A961-45BE-A325-1C3121516315}.Release_Static_ST.Build.0 = Release|Win32
		{33C2589E-24A9-4833-9882-A80AE3823CB7}.Debug.ActiveCfg = Debug|Win32
		{33C2589E-24A9-4833-9882-A80AE3823CB7}.Debug.Build.0 = Debug|Win32
		{33C2589E-24A9-4833-9882-A80AE3823CB7}.Debug_Static_MT.ActiveCfg = Debug|Win32
		{33C2589E-24A9-4833-9882-A80AE3823CB7}.Debug_Static_MT.Build.0 = Debug|Win32
		{33C2589E-24A9-4833-9882-A80AE3823CB7}.Debug_Static_ST.ActiveCfg = Debug|Win32
		{33C2589E-24A9-4833-9882-A80AE3823CB7}.Debug_Static_ST.Build.0 = Debug|Win32
		{33C2589E-24A9-4833-9882-A80AE3823CB7}.Profile.ActiveCfg = Profile|Win32
		{33C2589E-24A9-4833-9882-A80AE3823CB7}.Profile.Build.0 = Profile|Win32
		{33C2589E-24A9-4833-9882-A80AE3823CB7}.Release.ActiveCfg = Release|Win32
		{33C2589E-24A9-4833-9882-A80AE3823CB7}.Release.Build.0 = Release|Win32
		{33C2589E-24A9-4833-9882-A80AE3823CB7}.Release_Static_MT.ActiveCfg = Release|Win32
		{33C2589E-24A9-4833-9882-A80AE3823CB7}.Release_Static_MT.Build.0 = Release|Win32
		{33C2589E-24A9-4833-9882-A80AE3823CB7}.Release_Static_ST.ActiveCfg = Release|Win32
		{33C2589E-24A9-4833-9882-A80AE3823CB7}.Release_Static_ST.Build.0 = Release|Win32
		{5541ACB4-E579-4D57-BD27-6CF8BC1B116B}.Debug.ActiveCfg = Debug|Win32
		{5541ACB4-E579-4D57-BD27-6CF8BC1B116B}.Debug.Build.0 = Debug|Win32
		{5541ACB4-E579-4D57-BD27-6CF8BC1B116B}.Debug_Static_MT.ActiveCfg = Debug|Win32
		{5541ACB4-E579-4D57-BD27-6CF8BC1B116B}.Debug_Static_MT.Build.0 = Debug|Win32
		{5541ACB4-E579-4D57-BD27-6CF8BC1B116B}.Debug_Static_ST.ActiveCfg = Debug|Win32
		{5541ACB4-E579-4D57-BD27-6CF8BC1B116B}.Debug_Static_ST.Build.0 = Debug|Win32
		{5541ACB4-E579-4D57-BD27-6CF8BC1B116B}.Profile.ActiveCfg = Profile|Win32
		{5541ACB4-E579-4D57-BD27-6CF8BC1B116B}.Profile.Build.0 = Profile|Win32
		{5541ACB4-E579-4D57-BD27-6CF8BC1B116B}.Release.ActiveCfg = Release|Win32
		{5541ACB4-E579-4D57-BD27-6CF8BC1B116B}.Release.Build.0 = Release|Win32
		{5541ACB4-E579-4D57-BD27-6CF8BC1B116B}.Release_Static_MT.ActiveCfg = Release|Win32
		{5541ACB4-E579-4D57-BD27-6CF8BC1B116B}.Release_Static_MT.Build.0 = Release|Win32
		{5541ACB4-E579-4D57-BD27-6CF8BC1B116B}.Release_Static_ST.ActiveCfg = Release|Win32
		{5541ACB4-E579-4D57-BD27-6CF8BC1B116B}.Release_Static_ST.Build.0 = Release|Win32
		{D755DA54-A26A-453B-B21D-889775C2BBC2}.Debug.ActiveCfg = Debug|Win32
		{D755DA54-A26A-453B-B21D-889775C2BBC2}.Debug.Build.0 = Debug|Win32
		{D755DA54-A26A-453B-B21D-889775C2BBC2}.Debug_Static_MT.ActiveCfg = Debug|Win32
		{D755DA54-A26A-453B-B21D-889775C2BBC2}.Debug_Static_MT.Build.0 = Debug|Win32
		{D755DA54-A26A-453B-B21D-889775C2BBC2}.Debug_Static_ST.ActiveCfg = Debug|Win32
		{D755DA54-A26A-453B-B21D-889775C2BBC2}.Debug_Static_ST.Build.0 = Debug|Win32
		{D755DA54-A26A-453B-B21D-889775C2BBC2}.Profile.ActiveCfg = Profile|Win32
		{D755DA54-A26A-453B-B21D-889775C2BBC2}.Profile.Build.0 = Profile|Win32
		{D755DA54-A26A-453B-B21D-889775C2BBC2}.Release.ActiveCfg = Release|Win32
		{D755DA54-A26A-453B-B21D-889775C2BBC2}.Release.Build.0 = Release|Win32
		{D755DA54-A26A-453B-B21D-889775C2BBC2}.Release_Static_MT.ActiveCfg = Release|Win32
		{D755DA54-A26A-453B-B21D-889775C2BBC2}.Release_Static_MT.Build.0 = Release|Win32
		{D755DA54-A26A-453B-B21D-889775C2BBC2}.Release_Static_ST.ActiveCfg = Release|Win32
		{D755DA54-A26A-453B-B21D-889775C2BBC2}.Release_Static_ST.Build.0 = Release|Win32
		{6B22FC17-BE27-4D3E-915A-DCA517215827}.Debug.ActiveCfg = Debug|Win32
		{6B22FC17-BE27-4D3E-915A-DCA517215827}.Debug.Build.0 = Debug|Win32
		{6B22FC17-BE27-4D3E-915A-DCA517215827}.Debug_Static_MT.ActiveCfg = Debug|Win32
		{6B22FC17-BE27-4D3E-915A-DCA517215827}.Debug_Static_MT.Build.0 = Debug|Win32
		{6B22FC17-BE27-4D3E-915A-DCA517215827}.Debug_Static_ST.ActiveCfg = Debug|Win32
		{6B22FC17-BE27-4D3E-915A-DCA517215827}.Debug_Static_ST.Build.0 = Debug|Win32
		{6B22FC17-BE27-4D3E-915A-DCA517215827}.Profile.ActiveCfg = Profile|Win32
		{6B22FC17-BE27-4D3E-915A-DCA517215827}.Profile.Build.0 = Profile|Win32
		{6B22FC17-BE27-4D3E-915A-DCA517215827}.Release.ActiveCfg = Release|Win32
		{6B22FC17-BE27-4D3E-915A-DCA517215827}.Release.Build.0 = Release|Win32
		{6B22FC17-BE27-4D3E-915A-DCA517215827}.Release_Static_MT.ActiveCfg = Release|Win32
		{6B22FC17-BE27-4D3E-915A-DCA517215827}.Release_Static_MT.Build.0 = Release|Win32
		{6B22FC17-BE27-4D3E-915A-DCA517215827}.Release_Static_ST.ActiveCfg = Release|Win32
		{6B22FC17-BE27-4D3E-915A-DCA517215827}.Release_Static_ST.Build.0 = Release|Win32
		{97832BF4-F18D-4EA5-B8E5-8AD48F9AD53F}.Debug.ActiveCfg = Debug|Win32
		{97832BF4-F18D-4EA5-B8E5-8AD48F9AD53F}.Debug.Build.0 = Debug|Win32
		{97832BF4-F18D-4EA5-B8E5-8AD48F9AD53F}.Debug_Static_MT.ActiveCfg = Debug|Win32
		{97832BF4-F18D-4EA5-B8E5-8AD48F9AD53F}.Debug_Static_MT.Build.0 = Debug|Win32
		{97832BF4-F18D-4EA5-B8E5-8AD48F9AD53F}.Debug_Static_ST.ActiveCfg = Debug|Win32
		{97832BF4-F18D-4EA5-B8E5-8AD48F9AD53F}.Debug_Static_ST.Build.0 = Debug|Win32
		{97832BF4-F18D-4EA5-B8E5-8AD48F9AD53F}.Profile.ActiveCfg = Debug|Win32
		{97832BF4-F18D-4EA5-B8E5-8AD48F9AD53F}.Profile.Build.0 = Debug|Win32
		{97832BF4-F18D-4EA5-B8E5-8AD48F9AD53F}.Release.ActiveCfg = Release|Win32
		{97832BF4-F18D-4EA5-B8E5-8AD48F9AD53F}.Release.Build.0 = Release|Win32
		{97832BF4-F18D-4EA5-B8E5-8AD48F9AD53F}.Release_Static_MT.ActiveCfg = Release|Win32
		{97832BF4-F18D-4EA5-B8E5-8AD48F9AD53F}.Release_Static_MT.Build.0 = Release|Win32
		{97832BF4-F18D-4EA5-B8E5-8AD48F9AD53F}.Release_Static_ST.ActiveCfg = Release|Win32
		{97832BF4-F18D-4EA5-B8E5-8AD48F9AD53F}.Release_Static_ST.Build.0 = Release|Win32
		{A280E4A0-2FDF-4132-924F-A17908CFA00E}.Debug.ActiveCfg = Debug|Win32
		{A280E4A0-2FDF-4132-924F-A17908CFA00E}.Debug.Build.0 = Debug|Win32
		{A280E4A0-2FDF-4132-924F-A17908CFA00E}.Debug_Static_MT.ActiveCfg = Debug|Win32
		{A280E4A0-2FDF-4132-924F-A17908CFA00E}.Debug_Static_MT.Build.0 = Debug|Win32
		{A280E4A0-2FDF-4132-924F-A17908CFA00E}.Debug_Static_ST.ActiveCfg = Debug|Win32
		{A280E4A0-2FDF-4132-924F-A17908CFA00E}.Debug_Static_ST.Build.0 = Debug|Win32
		{A280E4A0-2FDF-4132-924F-A17908CFA00E}.Profile.ActiveCfg = Profile|Win32
		{A280E4A0-2FDF-4132-924F-A17908CFA00E}.Profile.Build.0 = Profile|Win32
		{A280E4A0-2FDF-4132-924F-A17908CFA00E}.Release.ActiveCfg = Release|Win32
		{A280E4A0-2FDF-4132-924F-A17908CFA00E}.Release.Build.0 = Release|Win32
		{A280E4A0-2FDF-4132-924F-A17908CFA00E}.Release_Static_MT.ActiveCfg = Release|Win32
		{A280E4A0-2FDF-4132-924F-A17908CFA00E}.Release_Static_MT.Build.0 = Release|Win32
		{A280E4A0-2FDF-4132-924F-A17908CFA00E}.Release_Static_ST.ActiveCfg = Release|Win32
		{A280E4A0-2FDF-4132-924F-A17908CFA00E}.Release_Static_ST.Build.0 = Release|Win32
		{F427B281-6C7B-4CEA-8E20-E4321C934782}.Debug.ActiveCfg = Debug|Win32
		{F427B281-6C7B-4CEA-8E20-E4321C934782}.Debug.Build.0 = Debug|Win32
		{F427B281-6C7B-4CEA-8E20-E4321C934782}.Debug_Static_MT.ActiveCfg = Debug|Win32
		{F427B281-6C7B-4CEA-8E20-E4321C934782}.Debug_Static_MT.Build.0 = Debug|Win32
		{F427B281-6C7B-4CEA-8E20-E4321C934782}.Debug_Static_ST.ActiveCfg = Debug|Win32
		{F427B281-6C7B-4CEA-8E20-E4321C934782}.Debug_Static_ST.Build.0 = Debug|Win32
		{F427B281-6C7B-4CEA-8E20-E4321C934782}.Profile.ActiveCfg = Profile|Win32
		{F427B281-6C7B-4CEA-8E20-E4321C934782}.Profile.Build.0 = Profile|Win32
		{F427B281-6C7B-4CEA-8E20-E4321C934782}.Release.ActiveCfg = Release|Win32
		{F427B281-6C7B-4CEA-8E20-E4321C934782}.Release.Build.0 = Release|Win32
		{F427B281-6C7B-4CEA-8E20-E4321C934782}.Release_Static_MT.ActiveCfg = Release|Win32
		{F427B281-6C7B-4CEA-8E20-E4321C934782}.Release_Static_MT.Build.0 = Release|Win32
		{F427B281-6C7B-4CEA-8E20-E4321C934782}.Release_Static_ST.ActiveCfg = Release|Win32
		{F427B281-6C7B-4CEA-8E20-E4321C934782}.Release_Static_ST.Build.0 = Release|Win32
		{100110F7-BF2B-49E5-8835-4A643CBC4A8D}.Debug.ActiveCfg = Debug|Win32
		{100110F7-BF2B-49E5-8835-4A643CBC4A8D}.Debug.Build.0 = Debug|Win32
		{100110F7-BF2B-49E5-8835-4A643CBC4A8D}.Debug_Static_MT.ActiveCfg = Debug_Static_MT|Win32
		{100110F7-BF2B-49E5-8835-4A643CBC4A8D}.Debug_Static_MT.Build.0 = Debug_Static_MT|Win32
		{100110F7-BF2B-49E5-8835-4A643CBC4A8D}.Debug_Static_ST.ActiveCfg = Debug_Static_ST|Win32
		{100110F7-BF2B-49E5-8835-4A643CBC4A8D}.Debug_Static_ST.Build.0 = Debug_Static_ST|Win32
		{100110F7-BF2B-49E5-8835-4A643CBC4A8D}.Profile.ActiveCfg = Profile|Win32
		{100110F7-BF2B-49E5-8835-4A643CBC4A8D}.Profile.Build.0 = Profile|Win32
		{100110F7-BF2B-49E5-8835-4A643CBC4A8D}.Release.ActiveCfg = Release|Win32
		{100110F7-BF2B-49E5-8835-4A643CBC4A8D}.Release.Build.0 = Release|Win32
		{100110F7-BF2B-49E5-8835-4A643CBC4A8D}.Release_Static_MT.ActiveCfg = Release_Static_MT|Win32
		{100110F7-BF2B-49E5-8835-4A643CBC4A8D}.Release_Static_MT.Build.0 = Release_Static_MT|Win32
		{100110F7-BF2B-49E5-8835-4A643CBC4A8D}.Release_Static_ST.ActiveCfg = Release_Static_ST|Win32
		{100110F7-BF2B-49E5-8835-4A643CBC4A8D}.Release_Static_ST.Build.0 = Release_Static_ST|Win32
		{076BD791-D384-4C80-89DF-B117693B89F8}.Debug.ActiveCfg = Debug|Win32
		{076BD791-D384-4C80-89DF-B117693B89F8}.Debug.Build.0 = Debug|Win32
		{076BD791-D384-4C80-89DF-B117693B89F8}.Debug_Static_MT.ActiveCfg = Debug_Static_MT|Win32
		{076BD791-D384-4C80-89DF-B117693B89F8}.Debug_Static_MT.Build.0 = Debug_Static_MT|Win32
		{076BD791-D384-4C80-89DF-B117693B89F8}.Debug_Static_ST.ActiveCfg = Debug_Static_ST|Win32
		{076BD791-D384-4C80-89DF-B117693B89F8}.Debug_Static_ST.Build.0 = Debug_Static_ST|Win32
		{076BD791-D384-4C80-89DF-B117693B89F8}.Profile.ActiveCfg = Profile|Win32
		{076BD791-D384-4C80-89DF-B117693B89F8}.Profile.Build.0 = Profile|Win32
		{076BD791-D384-4C80-89DF-B117693B89F8}.Release.ActiveCfg = Release|Win32
		{076BD791-D384-4C80-89DF-B117693B89F8}.Release.Build.0 = Release|Win32
		{076BD791-D384-4C80-89DF-B117693B89F8}.Release_Static_MT.ActiveCfg = Release_Static_MT|Win32
		{076BD791-D384-4C80-89DF-B117693B89F8}.Release_Static_MT.Build.0 = Release_Static_MT|Win32
		{076BD791-D384-4C80-89DF-B117693B89F8}.Release_Static_ST.ActiveCfg = Release_Static_ST|Win32
		{076BD791-D384-4C80-89DF-B117693B89F8}.Release_Static_ST.Build.0 = Release_Static_ST|Win32
		{D5CF7EBD-60D6-4A9B-A295-A8231CAE9938}.Debug.ActiveCfg = Debug|Win32
		{D5CF7EBD-60D6-4A9B-A295-A8231CAE9938}.Debug.Build.0 = Debug|Win32
		{D5CF7EBD-60D6-4A9B-A295-A8231CAE9938}.Debug_Static_MT.ActiveCfg = Debug|Win32
		{D5CF7EBD-60D6-4A9B-A295-A8231CAE9938}.Debug_Static_MT.Build.0 = Debug|Win32
		{D5CF7EBD-60D6-4A9B-A295-A8231CAE9938}.Debug_Static_ST.ActiveCfg = Debug|Win32
		{D5CF7EBD-60D6-4A9B-A295-A8231CAE9938}.Debug_Static_ST.Build.0 = Debug|Win32
		{D5CF7EBD-60D6-4A9B-A295-A8231CAE9938}.Profile.ActiveCfg = Profile|Win32
		{D5CF7EBD-60D6-4A9B-A295-A8231CAE9938}.Profile.Build.0 = Profile|Win32
		{D5CF7EBD-60D6-4A9B-A295-A8231CAE9938}.Release.ActiveCfg = Release|Win32
		{D5CF7EBD-60D6-4A9B-A295-A8231CAE9938}.Release.Build.0 = Release|Win32
		{D5CF7EBD-60D6-4A9B-A295-A8231CAE9938}.Release_Static_MT.ActiveCfg = Release|Win32
		{D5CF7EBD-60D6-4A9B-A295-A8231CAE9938}.Release_Static_MT.Build.0 = Release|Win32
		{D5CF7EBD-60D6-4A9B-A295-A8231CAE9938}.Release_Static_ST.ActiveCfg = Release|Win32
		{D5CF7EBD-60D6-4A9B-A295-A8231CAE9938}.Release_Static_ST.Build.0 = Release|Win32
		{2515236E-E24A-4654-824C-D1DF0A2905B9}.Debug.ActiveCfg = Debug|Win32
		{2515236E-E24A-4654-824C-D1DF0A2905B9}.Debug.Build.0 = Debug|Win32
		{2515236E-E24A-4654-824C-D1DF0A2905B9}.Debug_Static_MT.ActiveCfg = Debug|Win32
		{2515236E-E24A-4654-824C-D1DF0A2905B9}.Debug_Static_MT.Build.0 = Debug|Win32
		{2515236E-E24A-4654-824C-D1DF0A2905B9}.Debug_Static_ST.ActiveCfg = Debug|Win32
		{2515236E-E24A-4654-824C-D1DF0A2905B9}.Debug_Static_ST.Build.0 = Debug|Win32
		{2515236E-E24A-4654-824C-D1DF0A2905B9}.Profile.ActiveCfg = Profile|Win32
		{2515236E-E24A-4654-824C-D1DF0A2905B9}.Profile.Build.0 = Profile|Win32
		{2515236E-E24A-4654-824C-D1DF0A2905B9}.Release.ActiveCfg = Release|Win32
		{2515236E-E24A-4654-824C-D1DF0A2905B9}.Release.Build.0 = Release|Win32
		{2515236E-E24A-4654-824C-D1DF0A2905B9}.Release_Static_MT.ActiveCfg = Release|Win32
		{2515236E-E24A-4654-824C-D1DF0A2905B9}.Release_Static_MT.Build.0 = Release|Win32
		{2515236E-E24A-4654-824C-D1DF0A2905B9}.Release_Static_ST.ActiveCfg = Release|Win32
		{2515236E-E24A-4654-824C-D1DF0A2905B9}.Release_Static_ST.Build.0 = Release|Win32
		{5BBA85BD-A4C9-4CD6-94CF-5A226BE8FB73}.Debug.ActiveCfg = Debug|Win32
		{5BBA85BD-A4C9-4CD6-94CF-5A226BE8FB73}.Debug.Build.0 = Debug|Win32
		{5BBA85BD-A4C9-4CD6-94CF-5A226BE8FB73}.Debug_Static_MT.ActiveCfg = Debug|Win32
		{5BBA85BD-A4C9-4CD6-94CF-5A226BE8FB73}.Debug_Static_MT.Build.0 = Debug|Win32
		{5BBA85BD-A4C9-4CD6-94CF-5A226BE8FB73}.Debug_Static_ST.ActiveCfg = Debug|Win32
		{5BBA85BD-A4C9-4CD6-94CF-5A226BE8FB73}.Debug_Static_ST.Build.0 = Debug|Win32
		{5BBA85BD-A4C9-4CD6-94CF-5A226BE8FB73}.Profile.ActiveCfg = Profile|Win32
		{5BBA85BD-A4C9-4CD6-94CF-5A226BE8FB73}.Profile.Build.0 = Profile|Win32
		{5BBA85BD-A4C9-4CD6-94CF-5A226BE8FB73}.Release.ActiveCfg = Release|Win32
		{5BBA85BD-A4C9-4CD6-94CF-5A226BE8FB73}.Release.Build.0 = Release|Win32
		{5BBA85BD-A4C9-4CD6-94CF-5A226BE8FB73}.Release_Static_MT.ActiveCfg = Release|Win32
		{5BBA85BD-A4C9-4CD6-94CF-5A226BE8FB73}.Release_Static_MT.Build.0 = Release|Win32
		{5BBA85BD-A4C9-4CD6-94CF-5A226BE8FB73}.Release_Static_ST.ActiveCfg = Release|Win32
		{5BBA85BD-A4C9-4CD6-94CF-5A226BE8FB73}.Release_Static_ST.Build.0 = Release|Win32
		{8A4E5D57-F484-4C7E-98DA-AE88FCD9EF50}.Debug.ActiveCfg = Debug|Win32
		{8A4E5D57-F484-4C7E-98DA-AE88FCD9EF50}.Debug.Build.0 = Debug|Win32
		{8A4E5D57-F484-4C7E-98DA-AE88FCD9EF50}.Debug_Static_MT.ActiveCfg = Debug_Static_MT|Win32
		{8A4E5D57-F484-4C7E-98DA-AE88FCD9EF50}.Debug_Static_MT.Build.0 = Debug_Static_MT|Win32
		{8A4E5D57-F484-4C7E-98DA-AE88FCD9EF50}.Debug_Static_ST.ActiveCfg = Debug_Static_ST|Win32
		{8A4E5D57-F484-4C7E-98DA-AE88FCD9EF50}.Debug_Static_ST.Build.0 = Debug_Static_ST|Win32
		{8A4E5D57-F484-4C7E-98DA-AE88FCD9EF50}.Profile.ActiveCfg = Profile|Win32
		{8A4E5D57-F484-4C7E-98DA-AE88FCD9EF50}.Profile.Build.0 = Profile|Win32
		{8A4E5D57-F484-4C7E-98DA-AE88FCD9EF50}.Release.ActiveCfg = Release|Win32
		{8A4E5D57-F484-4C7E-98DA-AE88FCD9EF50}.Release.Build.0 = Release|Win32
		{8A4E5D57-F484-4C7E-98DA-AE88FCD9EF50}.Release_Static_MT.ActiveCfg = Release_Static_MT|Win32
		{8A4E5D57-F484-4C7E-98DA-AE88FCD9EF50}.Release_Static_MT.Build.0 = Release_Static_MT|Win32
		{8A4E5D57-F484-4C7E-98DA-AE88FCD9EF50}.Release_Static_ST.ActiveCfg = Release_Static_ST|Win32
		{8A4E5D57-F484-4C7E-98DA-AE88FCD9EF50}.Release_Static_ST.Build.0 = Release_Static_ST|Win32
		{C815391A-2A6F-4F5A-AD06-0B37E7963633}.Debug.ActiveCfg = Debug|Win32
		{C815391A-2A6F-4F5A-AD06-0B37E7963633}.Debug.Build.0 = Debug|Win32
		{C815391A-2A6F-4F5A-AD06-0B37E7963633}.Debug_Static_MT.ActiveCfg = Debug_Static_MT|Win32
		{C815391A-2A6F-4F5A-AD06-0B37E7963633}.Debug_Static_MT.Build.0 = Debug_Static_MT|Win32
		{C815391A-2A6F-4F5A-AD06-0B37E7963633}.Debug_Static_ST.ActiveCfg = Debug_Static_ST|Win32
		{C815391A-2A6F-4F5A-AD06-0B37E7963633}.Debug_Static_ST.Build.0 = Debug_Static_ST|Win32
		{C815391A-2A6F-4F5A-AD06-0B37E7963633}.Profile.ActiveCfg = Profile|Win32
		{C815391A-2A6F-4F5A-AD06-0B37E7963633}.Profile.Build.0 = Profile|Win32
		{C815391A-2A6F-4F5A-AD06-0B37E7963633}.Release.ActiveCfg = Release|Win32
		{C815391A-2A6F-4F5A-AD06-0B37E7963633}.Release.Build.0 = Release|Win32
		{C815391A-2A6F-4F5A-AD06-0B37E7963633}.Release_Static_MT.ActiveCfg = Release_Static_MT|Win32
		{C815391A-2A6F-4F5A-AD06-0B37E7963633}.Release_Static_MT.Build.0 = Release_Static_MT|Win32
		{C815391A-2A6F-4F5A-AD06-0B37E7963633}.Release_Static_ST.ActiveCfg = Release_Static_ST|Win32
		{C815391A-2A6F-4F5A-AD06-0B37E7963633}.Release_Static_ST.Build.0 = Release_Static_ST|Win32
		{9CBE94FF-A5AF-4784-B9C3-0FCF4449358D}.Debug.ActiveCfg = Debug|Win32
		{9CBE94FF-A5AF-4784-B9C3-0FCF4449358D}.Debug.Build.0 = Debug|Win32
		{9CBE94FF-A5AF-4784-B9C3-0FCF4449358D}.Debug_Static_MT.ActiveCfg = Debug_Static_MT|Win32
		{9CBE94FF-A5AF-4784-B9C3-0FCF4449358D}.Debug_Static_MT.Build.0 = Debug_Static_MT|Win32
		{9CBE94FF-A5AF-4784-B9C3-0FCF4449358D}.Debug_Static_ST.ActiveCfg = Debug_Static_ST|Win32
		{9CBE94FF-A5AF-4784-B9C3-0FCF4449358D}.Debug_Static_ST.Build.0 = Debug_Static_ST|Win32
		{9CBE94FF-A5AF-4784-B9C3-0FCF4449358D}.Profile.ActiveCfg = Profile|Win32
		{9CBE94FF-A5AF-4784-B9C3-0FCF4449358D}.Profile.Build.0 = Profile|Win32
		{9CBE94FF-A5AF-4784-B9C3-0FCF4449358D}.Release.ActiveCfg = Release|Win32
		{9CBE94FF-A5AF-4784-B9C3-0FCF4449358D}.Release.Build.0 = Release|Win32
		{9CBE94FF-A5AF-4784-B9C3-0FCF4449358D}.Release_Static_MT.ActiveCfg = Release_Static_MT|Win32
		{9CBE94FF-A5AF-4784-B9C3-0FCF4449358D}.Release_Static_MT.Build.0 = Release_Static_MT|Win32
		{9CBE94FF-A5AF-4784-B9C3-0FCF4449358D}.Release_Static_ST.ActiveCfg = Release_Static_ST|Win32
		{9CBE94FF-A5AF-4784-B9C3-0FCF4449358D}.Release_Static_ST.Build.0 = Release_Static_ST|Win32
		{CF670908-8B2F-4A71-A4E8-BE6CA26A35C6}.Debug.ActiveCfg = Debug|Win32
		{CF670908-8B2F-4A71-A4E8-BE6CA26A35C6}.Debug.Build.0 = Debug|Win32
		{CF670908-8B2F-4A71-A4E8-BE6CA26A35C6}.Debug_Static_MT.ActiveCfg = Debug|Win32
		{CF670908-8B2F-4A71-A4E8-BE6CA26A35C6}.Debug_Static_MT.Build.0 = Debug|Win32
		{CF670908-8B2F-4A71-A4E8-BE6CA26A35C6}.Debug_Static_ST.ActiveCfg = Debug|Win32
		{CF670908-8B2F-4A71-A4E8-BE6CA26A35C6}.Debug_Static_ST.Build.0 = Debug|Win32
		{CF670908-8B2F-4A71-A4E8-BE6CA26A35C6}.Profile.ActiveCfg = Profile|Win32
		{CF670908-8B2F-4A71-A4E8-BE6CA26A35C6}.Profile.Build.0 = Profile|Win32
		{CF670908-8B2F-4A71-A4E8-BE6CA26A35C6}.Release.ActiveCfg = Release|Win32
		{CF670908-8B2F-4A71-A4E8-BE6CA26A35C6}.Release.Build.0 = Release|Win32
		{CF670908-8B2F-4A71-A4E8-BE6CA26A35C6}.Release_Static_MT.ActiveCfg = Release|Win32
		{CF670908-8B2F-4A71-A4E8-BE6CA26A35C6}.Release_Static_MT.Build.0 = Release|Win32
		{CF670908-8B2F-4A71-A4E8-BE6CA26A35C6}.Release_Static_ST.ActiveCfg = Release|Win32
		{CF670908-8B2F-4A71-A4E8-BE6CA26A35C6}.Release_Static_ST.Build.0 = Release|Win32
		{A1556DDE-1EF6-466A-8EC4-3D5451F4FFB6}.Debug.ActiveCfg = Debug|Win32
		{A1556DDE-1EF6-466A-8EC4-3D5451F4FFB6}.Debug.Build.0 = Debug|Win32
		{A1556DDE-1EF6-466A-8EC4-3D5451F4FFB6}.Debug_Static_MT.ActiveCfg = Debug_Static_MT|Win32
		{A1556DDE-1EF6-466A-8EC4-3D5451F4FFB6}.Debug_Static_MT.Build.0 = Debug_Static_MT|Win32
		{A1556DDE-1EF6-466A-8EC4-3D5451F4FFB6}.Debug_Static_ST.ActiveCfg = Debug_Static_ST|Win32
		{A1556DDE-1EF6-466A-8EC4-3D5451F4FFB6}.Debug_Static_ST.Build.0 = Debug_Static_ST|Win32
		{A1556DDE-1EF6-466A-8EC4-3D5451F4FFB6}.Profile.ActiveCfg = Profile|Win32
		{A1556DDE-1EF6-466A-8EC4-3D5451F4FFB6}.Profile.Build.0 = Profile|Win32
		{A1556DDE-1EF6-466A-8EC4-3D5451F4FFB6}.Release.ActiveCfg = Release|Win32
		{A1556DDE-1EF6-466A-8EC4-3D5451F4FFB6}.Release.Build.0 = Release|Win32
		{A1556DDE-1EF6-466A-8EC4-3D5451F4FFB6}.Release_Static_MT.ActiveCfg = Release_Static_MT|Win32
		{A1556DDE-1EF6-466A-8EC4-3D5451F4FFB6}.Release_Static_MT.Build.0 = Release_Static_MT|Win32
		{A1556DDE-1EF6-466A-8EC4-3D5451F4FFB6}.Release_Static_ST.ActiveCfg = Release_Static_ST|Win32
		{A1556DDE-1EF6-466A-8EC4-3D5451F4FFB6}.Release_Static_ST.Build.0 = Release_Static_ST|Win32
		{88594B0C-D771-44BE-B997-ADF648DEAEB9}.Debug.ActiveCfg = Debug|Win32
		{88594B0C-D771-44BE-B997-ADF648DEAEB9}.Debug.Build.0 = Debug|Win32
		{88594B0C-D771-44BE-B997-ADF648DEAEB9}.Debug_Static_MT.ActiveCfg = Debug_Static_MT|Win32
		{88594B0C-D771-44BE-B997-ADF648DEAEB9}.Debug_Static_MT.Build.0 = Debug_Static_MT|Win32
		{88594B0C-D771-44BE-B997-ADF648DEAEB9}.Debug_Static_ST.ActiveCfg = Debug_Static_ST|Win32
		{88594B0C-D771-44BE-B997-ADF648DEAEB9}.Debug_Static_ST.Build.0 = Debug_Static_ST|Win32
		{88594B0C-D771-44BE-B997-ADF648DEAEB9}.Profile.ActiveCfg = Profile|Win32
		{88594B0C-D771-44BE-B997-ADF648DEAEB9}.Profile.Build.0 = Profile|Win32
		{88594B0C-D771-44BE-B997-ADF648DEAEB9}.Release.ActiveCfg = Release|Win32
		{88594B0C-D771-44BE-B997-ADF648DEAEB9}.Release.Build.0 = Release|Win32
		{88594B0C-D771-44BE-B997-ADF648DEAEB9}.Release_Static_MT.ActiveCfg = Release_Static_MT|Win32
		{88594B0C-D771-44BE-B997-ADF648DEAEB9}.Release_Static_MT.Build.0 = Release_Static_MT|Win32
		{88594B0C-D771-44BE-B997-ADF648DEAEB9}.Release_Static_ST.ActiveCfg = Release_Static_ST|Win32
		{88594B0C-D771-44BE-B997-ADF648DEAEB9}.Release_Static_ST.Build.0 = Release_Static_ST|Win32
		{063FA2B0-169C-47E5-8DCF-135E533A8DB1}.Debug.ActiveCfg = Debug|Win32
		{063FA2B0-169C-47E5-8DCF-135E533A8DB1}.Debug.Build.0 = Debug|Win32
		{063FA2B0-169C-47E5-8DCF-135E533A8DB1}.Debug_Static_MT.ActiveCfg = Debug_Static_MT|Win32
		{063FA2B0-169C-47E5-8DCF-135E533A8DB1}.Debug_Static_MT.Build.0 = Debug_Static_MT|Win32
		{063FA2B0-169C-47E5-8DCF-135E533A8DB1}.Debug_Static_ST.ActiveCfg = Debug_Static_ST|Win32
		{063FA2B0-169C-47E5-8DCF-135E533A8DB1}.Debug_Static_ST.Build.0 = Debug_Static_ST|Win32
		{063FA2B0-169C-47E5-8DCF-135E533A8DB1}.Profile.ActiveCfg = Profile|Win32
		{063FA2B0-169C-47E5-8DCF-135E533A8DB1}.Profile.Build.0 = Profile|Win32
		{063FA2B0-169C-47E5-8DCF-135E533A8DB1}.Release.ActiveCfg = Release|Win32
		{063FA2B0-169C-47E5-8DCF-135E533A8DB1}.Release.Build.0 = Release|Win32
		{063FA2B0-169C-47E5-8DCF-135E533A8DB1}.Release_Static_MT.ActiveCfg = Release_Static_MT|Win32
		{063FA2B0-169C-47E5-8DCF-135E533A8DB1}.Release_Static_MT.Build.0 = Release_Static_MT|Win32
		{063FA2B0-169C-47E5-8DCF-135E533A8DB1}.Release_Static_ST.ActiveCfg = Release_Static_ST|Win32
		{063FA2B0-169C-47E5-8DCF-135E533A8DB1}.Release_Static_ST.Build.0 = Release_Static_ST|Win32
		{15F8EFBA-297F-470B-8431-58BC3192FFA8}.Debug.ActiveCfg = Debug|Win32
		{15F8EFBA-297F-470B-8431-58BC3192FFA8}.Debug.Build.0 = Debug|Win32
		{15F8EFBA-297F-470B-8431-58BC3192FFA8}.Debug_Static_MT.ActiveCfg = Debug|Win32
		{15F8EFBA-297F-470B-8431-58BC3192FFA8}.Debug_Static_MT.Build.0 = Debug|Win32
		{15F8EFBA-297F-470B-8431-58BC3192FFA8}.Debug_Static_ST.ActiveCfg = Debug|Win32
		{15F8EFBA-297F-470B-8431-58BC3192FFA8}.Debug_Static_ST.Build.0 = Debug|Win32
		{15F8EFBA-297F-470B-8431-58BC3192FFA8}.Profile.ActiveCfg = Profile|Win32
		{15F8EFBA-297F-470B-8431-58BC3192FFA8}.Profile.Build.0 = Profile|Win32
		{15F8EFBA-297F-470B-8431-58BC3192FFA8}.Release.ActiveCfg = Release|Win32
		{15F8EFBA-297F-470B-8431-58BC3192FFA8}.Release.Build.0 = Release|Win32
		{15F8EFBA-297F-470B-8431-58BC3192FFA8}.Release_Static_MT.ActiveCfg = Release|Win32
		{15F8EFBA-297F-470B-8431-58BC3192FFA8}.Release_Static_MT.Build.0 = Release|Win32
		{15F8EFBA-297F-470B-8431-58BC3192FFA8}.Release_Static_ST.ActiveCfg = Release|Win32
		{15F8EFBA-297F-470B-8431-58BC3192FFA8}.Release_Static_ST.Build.0 = Release|Win32
		{2B3D13B2-56BA-4F15-9D26-D6908E270467}.Debug.ActiveCfg = Debug|Win32
		{2B3D13B2-56BA-4F15-9D26-D6908E270467}.Debug.Build.0 = Debug|Win32
		{2B3D13B2-56BA-4F15-9D26-D6908E270467}.Debug_Static_MT.ActiveCfg = Debug_Static_MT|Win32
		{2B3D13B2-56BA-4F15-9D26-D6908E270467}.Debug_Static_MT.Build.0 = Debug_Static_MT|Win32
		{2B3D13B2-56BA-4F15-9D26-D6908E270467}.Debug_Static_ST.ActiveCfg = Debug_Static_ST|Win32
		{2B3D13B2-56BA-4F15-9D26-D6908E270467}.Debug_Static_ST.Build.0 = Debug_Static_ST|Win32
		{2B3D13B2-56BA-4F15-9D26-D6908E270467}.Profile.ActiveCfg = Profile|Win32
		{2B3D13B2-56BA-4F15-9D26-D6908E270467}.Profile.Build.0 = Profile|Win32
		{2B3D13B2-56BA-4F15-9D26-D6908E270467}.Release.ActiveCfg = Release|Win32
		{2B3D13B2-56BA-4F15-9D26-D6908E270467}.Release.Build.0 = Release|Win32
		{2B3D13B2-56BA-4F15-9D26-D6908E270467}.Release_Static_MT.ActiveCfg = Release_Static_MT|Win32
		{2B3D13B2-56BA-4F15-9D26-D6908E270467}.Release_Static_MT.Build.0 = Release_Static_MT|Win32
		{2B3D13B2-56BA-4F15-9D26-D6908E270467}.Release_Static_ST.ActiveCfg = Release_Static_ST|Win32
		{2B3D13B2-56BA-4F15-9D26-D6908E270467}.Release_Static_ST.Build.0 = Release_Static_ST|Win32
		{51F88C7E-AE1D-4E21-9F7B-4BE18E6B6532}.Debug.ActiveCfg = Debug|Win32
		{51F88C7E-AE1D-4E21-9F7B-4BE18E6B6532}.Debug.Build.0 = Debug|Win32
		{51F88C7E-AE1D-4E21-9F7B-4BE18E6B6532}.Debug_Static_MT.ActiveCfg = Debug|Win32
		{51F88C7E-AE1D-4E21-9F7B-4BE18E6B6532}.Debug_Static_MT.Build.0 = Debug|Win32
		{51F88C7E-AE1D-4E21-9F7B-4BE18E6B6532}.Debug_Static_ST.ActiveCfg = Debug|Win32
		{51F88C7E-AE1D-4E21-9F7B-4BE18E6B6532}.Debug_Static_ST.Build.0 = Debug|Win32
		{51F88C7E-AE1D-4E21-9F7B-4BE18E6B6532}.Profile.ActiveCfg = Profile|Win32
		{51F88C7E-AE1D-4E21-9F7B-4BE18E6B6532}.Profile.Build.0 = Profile|Win32
		{51F88C7E-AE1D-4E21-9F7B-4BE18E6B6532}.Release.ActiveCfg = Release|Win32
		{51F88C7E-AE1D-4E21-9F7B-4BE18E6B6532}.Release.Build.0 = Release|Win32
		{51F88C7E-AE1D-4E21-9F7B-4BE18E6B6532}.Release_Static_MT.ActiveCfg = Release|Win32
		{51F88C7E-AE1D-4E21-9F7B-4BE18E6B6532}.Release_Static_MT.Build.0 = Release|Win32
		{51F88C7E-AE1D-4E21-9F7B-4BE18E6B6532}.Release_Static_ST.ActiveCfg = Release|Win32
		{51F88C7E-AE1D-4E21-9F7B-4BE18E6B6532}.Release_Static_ST.Build.0 = Release|Win32
		{2BB864B8-FAD8-450D-AFBC-84D6B1FCDC02}.Debug.ActiveCfg = Debug|Win32
		{2BB864B8-FAD8-450D-AFBC-84D6B1FCDC02}.Debug.Build.0 = Debug|Win32
		{2BB864B8-FAD8-450D-AFBC-84D6B1FCDC02}.Debug_Static_MT.ActiveCfg = Debug|Win32
		{2BB864B8-FAD8-450D-AFBC-84D6B1FCDC02}.Debug_Static_MT.Build.0 = Debug|Win32
		{2BB864B8-FAD8-450D-AFBC-84D6B1FCDC02}.Debug_Static_ST.ActiveCfg = Debug|Win32
		{2BB864B8-FAD8-450D-AFBC-84D6B1FCDC02}.Debug_Static_ST.Build.0 = Debug|Win32
		{2BB864B8-FAD8-450D-AFBC-84D6B1FCDC02}.Profile.ActiveCfg = Profile|Win32
		{2BB864B8-FAD8-450D-AFBC-84D6B1FCDC02}.Profile.Build.0 = Profile|Win32
		{2BB864B8-FAD8-450D-AFBC-84D6B1FCDC02}.Release.ActiveCfg = Release|Win32
		{2BB864B8-FAD8-450D-AFBC-84D6B1FCDC02}.Release.Build.0 = Release|Win32
		{2BB864B8-FAD8-450D-AFBC-84D6B1FCDC02}.Release_Static_MT.ActiveCfg = Release|Win32
		{2BB864B8-FAD8-450D-AFBC-84D6B1FCDC02}.Release_Static_MT.Build.0 = Release|Win32
		{2BB864B8-FAD8-450D-AFBC-84D6B1FCDC02}.Release_Static_ST.ActiveCfg = Release|Win32
		{2BB864B8-FAD8-450D-AFBC-84D6B1FCDC02}.Release_Static_ST.Build.0 = Release|Win32
		{69D40F44-B73B-477C-AE15-FAF8B4277402}.Debug.ActiveCfg = Debug|Win32
		{69D40F44-B73B-477C-AE15-FAF8B4277402}.Debug.Build.0 = Debug|Win32
		{69D40F44-B73B-477C-AE15-FAF8B4277402}.Debug_Static_MT.ActiveCfg = Debug|Win32
		{69D40F44-B73B-477C-AE15-FAF8B4277402}.Debug_Static_MT.Build.0 = Debug|Win32
		{69D40F44-B73B-477C-AE15-FAF8B4277402}.Debug_Static_ST.ActiveCfg = Debug|Win32
		{69D40F44-B73B-477C-AE15-FAF8B4277402}.Debug_Static_ST.Build.0 = Debug|Win32
		{69D40F44-B73B-477C-AE15-FAF8B4277402}.Profile.ActiveCfg = Debug|Win32
		{69D40F44-B73B-477C-AE15-FAF8B4277402}.Profile.Build.0 = Debug|Win32
		{69D40F44-B73B-477C-AE15-FAF8B4277402}.Release.ActiveCfg = Release|Win32
		{69D40F44-B73B-477C-AE15-FAF8B4277402}.Release.Build.0 = Release|Win32
		{69D40F44-B73B-477C-AE15-FAF8B4277402}.Release_Static_MT.ActiveCfg = Release|Win32
		{69D40F44-B73B-477C-AE15-FAF8B4277402}.Release_Static_MT.Build.0 = Release|Win32
		{69D40F44-B73B-477C-AE15-FAF8B4277402}.Release_Static_ST.ActiveCfg = Release|Win32
		{69D40F44-B73B-477C-AE15-FAF8B4277402}.Release_Static_ST.Build.0 = Release|Win32
		{D6457E3F-E069-4206-9367-AE855B98A4BF}.Debug.ActiveCfg = Debug|Win32
		{D6457E3F-E069-4206-9367-AE855B98A4BF}.Debug.Build.0 = Debug|Win32
		{D6457E3F-E069-4206-9367-AE855B98A4BF}.Debug_Static_MT.ActiveCfg = Debug|Win32
		{D6457E3F-E069-4206-9367-AE855B98A4BF}.Debug_Static_MT.Build.0 = Debug|Win32
		{D6457E3F-E069-4206-9367-AE855B98A4BF}.Debug_Static_ST.ActiveCfg = Debug|Win32
		{D6457E3F-E069-4206-9367-AE855B98A4BF}.Debug_Static_ST.Build.0 = Debug|Win32
		{D6457E3F-E069-4206-9367-AE855B98A4BF}.Profile.ActiveCfg = Profile|Win32
		{D6457E3F-E069-4206-9367-AE855B98A4BF}.Profile.Build.0 = Profile|Win32
		{D6457E3F-E069-4206-9367-AE855B98A4BF}.Release.ActiveCfg = Release|Win32
		{D6457E3F-E069-4206-9367-AE855B98A4BF}.Release.Build.0 = Release|Win32
		{D6457E3F-E069-4206-9367-AE855B98A4BF}.Release_Static_MT.ActiveCfg = Release|Win32
		{D6457E3F-E069-4206-9367-AE855B98A4BF}.Release_Static_MT.Build.0 = Release|Win32
		{D6457E3F-E069-4206-9367-AE855B98A4BF}.Release_Static_ST.ActiveCfg = Release|Win32
		{D6457E3F-E069-4206-9367-AE855B98A4BF}.Release_Static_ST.Build.0 = Release|Win32
		{E2A9A525-C210-4375-BE04-0267D8A604AC}.Debug.ActiveCfg = Debug|Win32
		{E2A9A525-C210-4375-BE04-0267D8A604AC}.Debug.Build.0 = Debug|Win32
		{E2A9A525-C210-4375-BE04-0267D8A604AC}.Debug_Static_MT.ActiveCfg = Debug|Win32
		{E2A9A525-C210-4375-BE04-0267D8A604AC}.Debug_Static_MT.Build.0 = Debug|Win32
		{E2A9A525-C210-4375-BE04-0267D8A604AC}.Debug_Static_ST.ActiveCfg = Debug|Win32
		{E2A9A525-C210-4375-BE04-0267D8A604AC}.Debug_Static_ST.Build.0 = Debug|Win32
		{E2A9A525-C210-4375-BE04-0267D8A604AC}.Profile.ActiveCfg = Profile|Win32
		{E2A9A525-C210-4375-BE04-0267D8A604AC}.Profile.Build.0 = Profile|Win32
		{E2A9A525-C210-4375-BE04-0267D8A604AC}.Release.ActiveCfg = Release|Win32
		{E2A9A525-C210-4375-BE04-0267D8A604AC}.Release.Build.0 = Release|Win32
		{E2A9A525-C210-4375-BE04-0267D8A604AC}.Release_Static_MT.ActiveCfg = Release|Win32
		{E2A9A525-C210-4375-BE04-0267D8A604AC}.Release_Static_MT.Build.0 = Release|Win32
		{E2A9A525-C210-4375-BE04-0267D8A604AC}.Release_Static_ST.ActiveCfg = Release|Win32
		{E2A9A525-C210-4375-BE04-0267D8A604AC}.Release_Static_ST.Build.0 = Release|Win32
		{B4FE3E7C-0975-4718-818E-430E6DE700DA}.Debug.ActiveCfg = Debug|Win32
		{B4FE3E7C-0975-4718-818E-430E6DE700DA}.Debug.Build.0 = Debug|Win32
		{B4FE3E7C-0975-4718-818E-430E6DE700DA}.Debug_Static_MT.ActiveCfg = Debug|Win32
		{B4FE3E7C-0975-4718-818E-430E6DE700DA}.Debug_Static_MT.Build.0 = Debug|Win32
		{B4FE3E7C-0975-4718-818E-430E6DE700DA}.Debug_Static_ST.ActiveCfg = Debug|Win32
		{B4FE3E7C-0975-4718-818E-430E6DE700DA}.Debug_Static_ST.Build.0 = Debug|Win32
		{B4FE3E7C-0975-4718-818E-430E6DE700DA}.Profile.ActiveCfg = Profile|Win32
		{B4FE3E7C-0975-4718-818E-430E6DE700DA}.Profile.Build.0 = Profile|Win32
		{B4FE3E7C-0975-4718-818E-430E6DE700DA}.Release.ActiveCfg = Release|Win32
		{B4FE3E7C-0975-4718-818E-430E6DE700DA}.Release.Build.0 = Release|Win32
		{B4FE3E7C-0975-4718-818E-430E6DE700DA}.Release_Static_MT.ActiveCfg = Release|Win32
		{B4FE3E7C-0975-4718-818E-430E6DE700DA}.Release_Static_MT.Build.0 = Release|Win32
		{B4FE3E7C-0975-4718-818E-430E6DE700DA}.Release_Static_ST.ActiveCfg = Release|Win32
		{B4FE3E7C-0975-4718-818E-430E6DE700DA}.Release_Static_ST.Build.0 = Release|Win32
	EndGlobalSection
	GlobalSection(ExtensibilityGlobals) = postSolution
	EndGlobalSection
	GlobalSection(ExtensibilityAddIns) = postSolution
	EndGlobalSection
EndGlobal
